
Microsoft Visual Studio Solution File, Format Version 12.00
# Visual Studio 2013
VisualStudioVersion = 12.0.30110.0
MinimumVisualStudioVersion = 10.0.40219.1
Project("{2150E333-8FDC-42A3-9474-1A3956D46DE8}") = "AdvanceAutomation", "AdvanceAutomation", "{26EB9CDE-CC3A-430D-806F-D4B8B3511ABF}"
EndProject
Project("{2150E333-8FDC-42A3-9474-1A3956D46DE8}") = "ClientProcessing", "ClientProcessing", "{1B7CDACE-9D6B-486B-A41F-CA6C184E117A}"
EndProject
Project("{2150E333-8FDC-42A3-9474-1A3956D46DE8}") = "DataProcessingAdvance", "DataProcessingAdvance", "{87D8CD97-7E55-4038-8883-16D0AE656953}"
EndProject
Project("{2150E333-8FDC-42A3-9474-1A3956D46DE8}") = "BaseAutomation", "BaseAutomation", "{C26F745A-DD12-441F-B4D5-07F156499FC7}"
EndProject
Project("{F2A71F9B-5D33-465A-A702-920D77279786}") = "WX.Data.BusinessLogicAdvance.JXC.XTGL.NZWJS", "WX.Data.BusinessLogicAdvance.JXC.XTGL.NZWJS\WX.Data.BusinessLogicAdvance.JXC.XTGL.NZWJS.fsproj", "{CE780D7C-BE00-4C07-AA6C-E447B25FD1A5}"
EndProject
Project("{F2A71F9B-5D33-465A-A702-920D77279786}") = "WX.Data.DataAccessAdvance.JXC.XTGL.NZWJS", "WX.Data.DataAccessAdvance.JXC.XTGL.NZWJS\WX.Data.DataAccessAdvance.JXC.XTGL.NZWJS.fsproj", "{C8CCBF8E-9C72-46EC-9464-433E831C45D1}"
EndProject
Project("{F2A71F9B-5D33-465A-A702-920D77279786}") = "WX.Data.FViewModel.JXC.XTGL.NZWJS", "WX.Data.FViewModel.JXC.XTGL.NZWJS\WX.Data.FViewModel.JXC.XTGL.NZWJS.fsproj", "{F38DCFFC-88A8-476B-B69A-98BE82C53B70}"
EndProject
Project("{F2A71F9B-5D33-465A-A702-920D77279786}") = "WX.Data.FViewModelAdvance.JXC.XTGL.NZWJS", "WX.Data.FViewModelAdvance.JXC.XTGL.NZWJS\WX.Data.FViewModelAdvance.JXC.XTGL.NZWJS.fsproj", "{C5427EB0-6070-4F8D-B4A2-A5DAF921D88C}"
EndProject
Project("{F2A71F9B-5D33-465A-A702-920D77279786}") = "WX.Data.IDataAccessAdvance.JXC.XTGL.NZWJS", "WX.Data.IDataAccessAdvance.JXC.XTGL.NZWJS\WX.Data.IDataAccessAdvance.JXC.XTGL.NZWJS.fsproj", "{7B457FAB-3BED-4C40-A774-64AC77C5C1B2}"
EndProject
Project("{F2A71F9B-5D33-465A-A702-920D77279786}") = "WX.Data.ServiceContractsAdvance.JXC.XTGL.NZWJS", "WX.Data.ServiceContractsAdvance.JXC.XTGL.NZWJS\WX.Data.ServiceContractsAdvance.JXC.XTGL.NZWJS.fsproj", "{1F9DF6D1-E6AE-47ED-9668-C9F0A0A91EE3}"
EndProject
Project("{FAE04EC0-301F-11D3-BF4B-00C04F79EFBC}") = "WX.Data.View.JXC.XTGL.NZWJS", "WX.Data.View.JXC.XTGL.NZWJS\WX.Data.View.JXC.XTGL.NZWJS.csproj", "{99171CE7-8E77-4119-AB4D-4810A6B05A48}"
EndProject
Project("{FAE04EC0-301F-11D3-BF4B-00C04F79EFBC}") = "WX.Data.View.ViewModelTemplate.JXC.XTGL.NZWJS", "WX.Data.View.ViewModelTemplate.JXC.XTGL.NZWJS\WX.Data.View.ViewModelTemplate.JXC.XTGL.NZWJS.csproj", "{31A6672A-7401-4FD2-9412-5C07A135A9F1}"
EndProject
Project("{F2A71F9B-5D33-465A-A702-920D77279786}") = "WX.Data.WcfServiceAdvance.JXC.XTGL.NZWJS", "WX.Data.WcfServiceAdvance.JXC.XTGL.NZWJS\WX.Data.WcfServiceAdvance.JXC.XTGL.NZWJS.fsproj", "{EC81CF2E-DFBE-4A45-B359-9F5F7BA67EEE}"
	ProjectSection(ProjectDependencies) = postProject
		{CE780D7C-BE00-4C07-AA6C-E447B25FD1A5} = {CE780D7C-BE00-4C07-AA6C-E447B25FD1A5}
		{1F9DF6D1-E6AE-47ED-9668-C9F0A0A91EE3} = {1F9DF6D1-E6AE-47ED-9668-C9F0A0A91EE3}
	EndProjectSection
EndProject
Project("{FAE04EC0-301F-11D3-BF4B-00C04F79EFBC}") = "WX.Data.View.ViewModelTemplateAdvance.JXC.XTGL.NZWJS", "WX.Data.View.ViewModelTemplateAdvance.JXC.XTGL.NZWJS\WX.Data.View.ViewModelTemplateAdvance.JXC.XTGL.NZWJS.csproj", "{9AF805FA-E78E-4B1B-A658-0A9AFEDC207F}"
EndProject
Project("{F2A71F9B-5D33-465A-A702-920D77279786}") = "WX.Data.ClientChannelAdvance.FromAzure.JXC.XTGL.NZWJS", "WX.Data.ClientChannelAdvance.FromAzure.JXC.XTGL.NZWJS\WX.Data.ClientChannelAdvance.FromAzure.JXC.XTGL.NZWJS.fsproj", "{E6CF23E3-4EFB-45B3-960C-E109842C3684}"
	ProjectSection(ProjectDependencies) = postProject
		{1F9DF6D1-E6AE-47ED-9668-C9F0A0A91EE3} = {1F9DF6D1-E6AE-47ED-9668-C9F0A0A91EE3}
	EndProjectSection
EndProject
Project("{F2A71F9B-5D33-465A-A702-920D77279786}") = "WX.Data.ClientChannelAdvance.FromNative.JXC.XTGL.NZWJS", "WX.Data.ClientChannelAdvance.FromNative.JXC.XTGL.NZWJS\WX.Data.ClientChannelAdvance.FromNative.JXC.XTGL.NZWJS.fsproj", "{6E3B0F20-2E16-47C5-BF40-51D31479026B}"
	ProjectSection(ProjectDependencies) = postProject
		{CE780D7C-BE00-4C07-AA6C-E447B25FD1A5} = {CE780D7C-BE00-4C07-AA6C-E447B25FD1A5}
		{1F9DF6D1-E6AE-47ED-9668-C9F0A0A91EE3} = {1F9DF6D1-E6AE-47ED-9668-C9F0A0A91EE3}
	EndProjectSection
EndProject
Project("{F2A71F9B-5D33-465A-A702-920D77279786}") = "WX.Data.ClientChannelAdvance.FromServer.JXC.XTGL.NZWJS", "WX.Data.ClientChannelAdvance.FromServer.JXC.XTGL.NZWJS\WX.Data.ClientChannelAdvance.FromServer.JXC.XTGL.NZWJS.fsproj", "{2DBAAB0B-D8A6-4EA6-916C-795FCC782881}"
	ProjectSection(ProjectDependencies) = postProject
		{1F9DF6D1-E6AE-47ED-9668-C9F0A0A91EE3} = {1F9DF6D1-E6AE-47ED-9668-C9F0A0A91EE3}
	EndProjectSection
EndProject
Project("{FAE04EC0-301F-11D3-BF4B-00C04F79EFBC}") = "WX.Data.WinMain", "..\..\SBIIMS_Integration\WX.Data.WinMain\WX.Data.WinMain.csproj", "{C858BEA7-6485-4316-A0B0-182303D6A58E}"
EndProject
Project("{F2A71F9B-5D33-465A-A702-920D77279786}") = "WX.Data.ClientChannelAdvance.JXC.XTGL.NZWJS", "WX.Data.ClientChannelAdvance.JXC.XTGL.NZWJS\WX.Data.ClientChannelAdvance.JXC.XTGL.NZWJS.fsproj", "{662F22EB-8745-4A35-BB29-52BAD44CEB31}"
	ProjectSection(ProjectDependencies) = postProject
		{CE780D7C-BE00-4C07-AA6C-E447B25FD1A5} = {CE780D7C-BE00-4C07-AA6C-E447B25FD1A5}
		{1F9DF6D1-E6AE-47ED-9668-C9F0A0A91EE3} = {1F9DF6D1-E6AE-47ED-9668-C9F0A0A91EE3}
	EndProjectSection
EndProject
Project("{FAE04EC0-301F-11D3-BF4B-00C04F79EFBC}") = "WX.Data.WcfServiceAdvance.WebIISHost.JXC.XTGL.NZWJS", "WX.Data.WcfServiceAdvance.WebIISHost.JXC.XTGL.NZWJS\WX.Data.WcfServiceAdvance.WebIISHost.JXC.XTGL.NZWJS.csproj", "{9A2C79C3-44A0-4AE1-9BEE-42BE4D713F4A}"
	ProjectSection(ProjectDependencies) = postProject
		{EC81CF2E-DFBE-4A45-B359-9F5F7BA67EEE} = {EC81CF2E-DFBE-4A45-B359-9F5F7BA67EEE}
	EndProjectSection
EndProject
Project("{F2A71F9B-5D33-465A-A702-920D77279786}") = "WX.Data.BusinessEntitiesAdvance.JXC.XTGL.NZWJS", "WX.Data.BusinessEntitiesAdvance.JXC.XTGL.NZWJS\WX.Data.BusinessEntitiesAdvance.JXC.XTGL.NZWJS.fsproj", "{E682D877-396C-40AA-BFCF-AEFA9B12BA3D}"
EndProject
Project("{F2A71F9B-5D33-465A-A702-920D77279786}") = "WX.Data.BusinessEntities.JXC.XTGL.NZWJS", "WX.Data.BusinessEntities.JXC.XTGL.NZWJS\WX.Data.BusinessEntities.JXC.XTGL.NZWJS.fsproj", "{5682FB68-FB20-4CDD-A0F7-5D7FDE1DFA08}"
EndProject
Project("{F2A71F9B-5D33-465A-A702-920D77279786}") = "WX.Data.DataAccess.JXC.XTGL.NZWJS", "WX.Data.DataAccess.JXC.XTGL.NZWJS\WX.Data.DataAccess.JXC.XTGL.NZWJS.fsproj", "{7556B7F7-05CB-43B8-8A27-390B96554295}"
EndProject
Project("{FAE04EC0-301F-11D3-BF4B-00C04F79EFBC}") = "WX.Data.DataModel.JXC.XTGL.NZWJS", "WX.Data.DataModel.JXC.XTGL.NZWJS\WX.Data.DataModel.JXC.XTGL.NZWJS.csproj", "{B83CE605-DB0E-40FD-B53D-75DD1DDE8FF4}"
EndProject
Project("{F2A71F9B-5D33-465A-A702-920D77279786}") = "WX.Data.DatabaseDictionary.JXC.XTGL.NZWJS", "WX.Data.DatabaseDictionary.JXC.XTGL.NZWJS\WX.Data.DatabaseDictionary.JXC.XTGL.NZWJS.fsproj", "{B02246CC-908D-4FC2-8099-7D89AF4A2055}"
EndProject
Project("{F2A71F9B-5D33-465A-A702-920D77279786}") = "WX.Data.IDataAccess.JXC.XTGL.NZWJS", "WX.Data.IDataAccess.JXC.XTGL.NZWJS\WX.Data.IDataAccess.JXC.XTGL.NZWJS.fsproj", "{3D505369-6119-45A8-B6B1-1A45CA055B60}"
EndProject
Global
	GlobalSection(SolutionConfigurationPlatforms) = preSolution
		Debug|Any CPU = Debug|Any CPU
		Release|Any CPU = Release|Any CPU
	EndGlobalSection
	GlobalSection(ProjectConfigurationPlatforms) = postSolution
		{CE780D7C-BE00-4C07-AA6C-E447B25FD1A5}.Debug|Any CPU.ActiveCfg = Debug|Any CPU
		{CE780D7C-BE00-4C07-AA6C-E447B25FD1A5}.Debug|Any CPU.Build.0 = Debug|Any CPU
		{CE780D7C-BE00-4C07-AA6C-E447B25FD1A5}.Release|Any CPU.ActiveCfg = Release|Any CPU
		{CE780D7C-BE00-4C07-AA6C-E447B25FD1A5}.Release|Any CPU.Build.0 = Release|Any CPU
		{C8CCBF8E-9C72-46EC-9464-433E831C45D1}.Debug|Any CPU.ActiveCfg = Debug|Any CPU
		{C8CCBF8E-9C72-46EC-9464-433E831C45D1}.Release|Any CPU.ActiveCfg = Release|Any CPU
		{C8CCBF8E-9C72-46EC-9464-433E831C45D1}.Release|Any CPU.Build.0 = Release|Any CPU
		{F38DCFFC-88A8-476B-B69A-98BE82C53B70}.Debug|Any CPU.ActiveCfg = Debug|Any CPU
		{F38DCFFC-88A8-476B-B69A-98BE82C53B70}.Release|Any CPU.ActiveCfg = Release|Any CPU
		{F38DCFFC-88A8-476B-B69A-98BE82C53B70}.Release|Any CPU.Build.0 = Release|Any CPU
		{C5427EB0-6070-4F8D-B4A2-A5DAF921D88C}.Debug|Any CPU.ActiveCfg = Debug|Any CPU
		{C5427EB0-6070-4F8D-B4A2-A5DAF921D88C}.Release|Any CPU.ActiveCfg = Release|Any CPU
		{C5427EB0-6070-4F8D-B4A2-A5DAF921D88C}.Release|Any CPU.Build.0 = Release|Any CPU
		{7B457FAB-3BED-4C40-A774-64AC77C5C1B2}.Debug|Any CPU.ActiveCfg = Debug|Any CPU
		{7B457FAB-3BED-4C40-A774-64AC77C5C1B2}.Release|Any CPU.ActiveCfg = Release|Any CPU
		{7B457FAB-3BED-4C40-A774-64AC77C5C1B2}.Release|Any CPU.Build.0 = Release|Any CPU
		{1F9DF6D1-E6AE-47ED-9668-C9F0A0A91EE3}.Debug|Any CPU.ActiveCfg = Debug|Any CPU
		{1F9DF6D1-E6AE-47ED-9668-C9F0A0A91EE3}.Debug|Any CPU.Build.0 = Debug|Any CPU
		{1F9DF6D1-E6AE-47ED-9668-C9F0A0A91EE3}.Release|Any CPU.ActiveCfg = Release|Any CPU
		{1F9DF6D1-E6AE-47ED-9668-C9F0A0A91EE3}.Release|Any CPU.Build.0 = Release|Any CPU
		{99171CE7-8E77-4119-AB4D-4810A6B05A48}.Debug|Any CPU.ActiveCfg = Debug|Any CPU
		{99171CE7-8E77-4119-AB4D-4810A6B05A48}.Release|Any CPU.ActiveCfg = Release|Any CPU
		{99171CE7-8E77-4119-AB4D-4810A6B05A48}.Release|Any CPU.Build.0 = Release|Any CPU
		{31A6672A-7401-4FD2-9412-5C07A135A9F1}.Debug|Any CPU.ActiveCfg = Debug|Any CPU
		{31A6672A-7401-4FD2-9412-5C07A135A9F1}.Release|Any CPU.ActiveCfg = Release|Any CPU
		{31A6672A-7401-4FD2-9412-5C07A135A9F1}.Release|Any CPU.Build.0 = Release|Any CPU
		{EC81CF2E-DFBE-4A45-B359-9F5F7BA67EEE}.Debug|Any CPU.ActiveCfg = Debug|Any CPU
		{EC81CF2E-DFBE-4A45-B359-9F5F7BA67EEE}.Debug|Any CPU.Build.0 = Debug|Any CPU
		{EC81CF2E-DFBE-4A45-B359-9F5F7BA67EEE}.Release|Any CPU.ActiveCfg = Release|Any CPU
		{EC81CF2E-DFBE-4A45-B359-9F5F7BA67EEE}.Release|Any CPU.Build.0 = Release|Any CPU
		{9AF805FA-E78E-4B1B-A658-0A9AFEDC207F}.Debug|Any CPU.ActiveCfg = Debug|Any CPU
		{9AF805FA-E78E-4B1B-A658-0A9AFEDC207F}.Release|Any CPU.ActiveCfg = Release|Any CPU
		{9AF805FA-E78E-4B1B-A658-0A9AFEDC207F}.Release|Any CPU.Build.0 = Release|Any CPU
		{E6CF23E3-4EFB-45B3-960C-E109842C3684}.Debug|Any CPU.ActiveCfg = Debug|Any CPU
		{E6CF23E3-4EFB-45B3-960C-E109842C3684}.Debug|Any CPU.Build.0 = Debug|Any CPU
		{E6CF23E3-4EFB-45B3-960C-E109842C3684}.Release|Any CPU.ActiveCfg = Release|Any CPU
		{E6CF23E3-4EFB-45B3-960C-E109842C3684}.Release|Any CPU.Build.0 = Release|Any CPU
		{6E3B0F20-2E16-47C5-BF40-51D31479026B}.Debug|Any CPU.ActiveCfg = Debug|Any CPU
		{6E3B0F20-2E16-47C5-BF40-51D31479026B}.Debug|Any CPU.Build.0 = Debug|Any CPU
		{6E3B0F20-2E16-47C5-BF40-51D31479026B}.Release|Any CPU.ActiveCfg = Release|Any CPU
		{6E3B0F20-2E16-47C5-BF40-51D31479026B}.Release|Any CPU.Build.0 = Release|Any CPU
		{2DBAAB0B-D8A6-4EA6-916C-795FCC782881}.Debug|Any CPU.ActiveCfg = Debug|Any CPU
		{2DBAAB0B-D8A6-4EA6-916C-795FCC782881}.Debug|Any CPU.Build.0 = Debug|Any CPU
		{2DBAAB0B-D8A6-4EA6-916C-795FCC782881}.Release|Any CPU.ActiveCfg = Release|Any CPU
		{2DBAAB0B-D8A6-4EA6-916C-795FCC782881}.Release|Any CPU.Build.0 = Release|Any CPU
		{C858BEA7-6485-4316-A0B0-182303D6A58E}.Debug|Any CPU.ActiveCfg = Debug|Any CPU
		{C858BEA7-6485-4316-A0B0-182303D6A58E}.Release|Any CPU.ActiveCfg = Release|Any CPU
		{C858BEA7-6485-4316-A0B0-182303D6A58E}.Release|Any CPU.Build.0 = Release|Any CPU
		{662F22EB-8745-4A35-BB29-52BAD44CEB31}.Debug|Any CPU.ActiveCfg = Debug|Any CPU
		{662F22EB-8745-4A35-BB29-52BAD44CEB31}.Debug|Any CPU.Build.0 = Debug|Any CPU
		{662F22EB-8745-4A35-BB29-52BAD44CEB31}.Release|Any CPU.ActiveCfg = Release|Any CPU
		{662F22EB-8745-4A35-BB29-52BAD44CEB31}.Release|Any CPU.Build.0 = Release|Any CPU
		{9A2C79C3-44A0-4AE1-9BEE-42BE4D713F4A}.Debug|Any CPU.ActiveCfg = Debug|Any CPU
		{9A2C79C3-44A0-4AE1-9BEE-42BE4D713F4A}.Debug|Any CPU.Build.0 = Debug|Any CPU
		{9A2C79C3-44A0-4AE1-9BEE-42BE4D713F4A}.Release|Any CPU.ActiveCfg = Release|Any CPU
		{9A2C79C3-44A0-4AE1-9BEE-42BE4D713F4A}.Release|Any CPU.Build.0 = Release|Any CPU
		{E682D877-396C-40AA-BFCF-AEFA9B12BA3D}.Debug|Any CPU.ActiveCfg = Debug|Any CPU
		{E682D877-396C-40AA-BFCF-AEFA9B12BA3D}.Release|Any CPU.ActiveCfg = Release|Any CPU
		{E682D877-396C-40AA-BFCF-AEFA9B12BA3D}.Release|Any CPU.Build.0 = Release|Any CPU
		{5682FB68-FB20-4CDD-A0F7-5D7FDE1DFA08}.Debug|Any CPU.ActiveCfg = Debug|Any CPU
		{5682FB68-FB20-4CDD-A0F7-5D7FDE1DFA08}.Debug|Any CPU.Build.0 = Debug|Any CPU
		{5682FB68-FB20-4CDD-A0F7-5D7FDE1DFA08}.Release|Any CPU.ActiveCfg = Release|Any CPU
		{5682FB68-FB20-4CDD-A0F7-5D7FDE1DFA08}.Release|Any CPU.Build.0 = Release|Any CPU
		{7556B7F7-05CB-43B8-8A27-390B96554295}.Debug|Any CPU.ActiveCfg = Debug|Any CPU
		{7556B7F7-05CB-43B8-8A27-390B96554295}.Debug|Any CPU.Build.0 = Debug|Any CPU
		{7556B7F7-05CB-43B8-8A27-390B96554295}.Release|Any CPU.ActiveCfg = Release|Any CPU
		{7556B7F7-05CB-43B8-8A27-390B96554295}.Release|Any CPU.Build.0 = Release|Any CPU
		{B83CE605-DB0E-40FD-B53D-75DD1DDE8FF4}.Debug|Any CPU.ActiveCfg = Debug|Any CPU
		{B83CE605-DB0E-40FD-B53D-75DD1DDE8FF4}.Debug|Any CPU.Build.0 = Debug|Any CPU
		{B83CE605-DB0E-40FD-B53D-75DD1DDE8FF4}.Release|Any CPU.ActiveCfg = Release|Any CPU
		{B83CE605-DB0E-40FD-B53D-75DD1DDE8FF4}.Release|Any CPU.Build.0 = Release|Any CPU
		{B02246CC-908D-4FC2-8099-7D89AF4A2055}.Debug|Any CPU.ActiveCfg = Debug|Any CPU
		{B02246CC-908D-4FC2-8099-7D89AF4A2055}.Debug|Any CPU.Build.0 = Debug|Any CPU
		{B02246CC-908D-4FC2-8099-7D89AF4A2055}.Release|Any CPU.ActiveCfg = Release|Any CPU
		{B02246CC-908D-4FC2-8099-7D89AF4A2055}.Release|Any CPU.Build.0 = Release|Any CPU
		{3D505369-6119-45A8-B6B1-1A45CA055B60}.Debug|Any CPU.ActiveCfg = Debug|Any CPU
		{3D505369-6119-45A8-B6B1-1A45CA055B60}.Debug|Any CPU.Build.0 = Debug|Any CPU
		{3D505369-6119-45A8-B6B1-1A45CA055B60}.Release|Any CPU.ActiveCfg = Release|Any CPU
		{3D505369-6119-45A8-B6B1-1A45CA055B60}.Release|Any CPU.Build.0 = Release|Any CPU
	EndGlobalSection
	GlobalSection(SolutionProperties) = preSolution
		HideSolutionNode = FALSE
	EndGlobalSection
	GlobalSection(NestedProjects) = preSolution
		{CE780D7C-BE00-4C07-AA6C-E447B25FD1A5} = {26EB9CDE-CC3A-430D-806F-D4B8B3511ABF}
		{1F9DF6D1-E6AE-47ED-9668-C9F0A0A91EE3} = {26EB9CDE-CC3A-430D-806F-D4B8B3511ABF}
		{EC81CF2E-DFBE-4A45-B359-9F5F7BA67EEE} = {26EB9CDE-CC3A-430D-806F-D4B8B3511ABF}
		{E6CF23E3-4EFB-45B3-960C-E109842C3684} = {26EB9CDE-CC3A-430D-806F-D4B8B3511ABF}
		{6E3B0F20-2E16-47C5-BF40-51D31479026B} = {26EB9CDE-CC3A-430D-806F-D4B8B3511ABF}
		{2DBAAB0B-D8A6-4EA6-916C-795FCC782881} = {26EB9CDE-CC3A-430D-806F-D4B8B3511ABF}
		{662F22EB-8745-4A35-BB29-52BAD44CEB31} = {26EB9CDE-CC3A-430D-806F-D4B8B3511ABF}
		{9A2C79C3-44A0-4AE1-9BEE-42BE4D713F4A} = {26EB9CDE-CC3A-430D-806F-D4B8B3511ABF}
		{F38DCFFC-88A8-476B-B69A-98BE82C53B70} = {1B7CDACE-9D6B-486B-A41F-CA6C184E117A}
		{C5427EB0-6070-4F8D-B4A2-A5DAF921D88C} = {1B7CDACE-9D6B-486B-A41F-CA6C184E117A}
		{99171CE7-8E77-4119-AB4D-4810A6B05A48} = {1B7CDACE-9D6B-486B-A41F-CA6C184E117A}
		{31A6672A-7401-4FD2-9412-5C07A135A9F1} = {1B7CDACE-9D6B-486B-A41F-CA6C184E117A}
		{9AF805FA-E78E-4B1B-A658-0A9AFEDC207F} = {1B7CDACE-9D6B-486B-A41F-CA6C184E117A}
		{C8CCBF8E-9C72-46EC-9464-433E831C45D1} = {87D8CD97-7E55-4038-8883-16D0AE656953}
		{7B457FAB-3BED-4C40-A774-64AC77C5C1B2} = {87D8CD97-7E55-4038-8883-16D0AE656953}
		{E682D877-396C-40AA-BFCF-AEFA9B12BA3D} = {87D8CD97-7E55-4038-8883-16D0AE656953}
		{5682FB68-FB20-4CDD-A0F7-5D7FDE1DFA08} = {C26F745A-DD12-441F-B4D5-07F156499FC7}
		{7556B7F7-05CB-43B8-8A27-390B96554295} = {C26F745A-DD12-441F-B4D5-07F156499FC7}
		{B83CE605-DB0E-40FD-B53D-75DD1DDE8FF4} = {C26F745A-DD12-441F-B4D5-07F156499FC7}
		{B02246CC-908D-4FC2-8099-7D89AF4A2055} = {C26F745A-DD12-441F-B4D5-07F156499FC7}
		{3D505369-6119-45A8-B6B1-1A45CA055B60} = {C26F745A-DD12-441F-B4D5-07F156499FC7}
	EndGlobalSection
EndGlobal
