
Microsoft Visual Studio Solution File, Format Version 12.00
# Visual Studio 2013
VisualStudioVersion = 12.0.30110.0
MinimumVisualStudioVersion = 10.0.40219.1
Project("{2150E333-8FDC-42A3-9474-1A3956D46DE8}") = "AdvanceAutomation", "AdvanceAutomation", "{26EB9CDE-CC3A-430D-806F-D4B8B3511ABF}"
EndProject
Project("{2150E333-8FDC-42A3-9474-1A3956D46DE8}") = "ClientProcessing", "ClientProcessing", "{1B7CDACE-9D6B-486B-A41F-CA6C184E117A}"
EndProject
Project("{2150E333-8FDC-42A3-9474-1A3956D46DE8}") = "DataProcessingAdvance", "DataProcessingAdvance", "{87D8CD97-7E55-4038-8883-16D0AE656953}"
EndProject
Project("{2150E333-8FDC-42A3-9474-1A3956D46DE8}") = "BaseAutomation", "BaseAutomation", "{C26F745A-DD12-441F-B4D5-07F156499FC7}"
EndProject
Project("{F2A71F9B-5D33-465A-A702-920D77279786}") = "WX.Data.BusinessLogicAdvance.JXC.FXYC.JGFX", "WX.Data.BusinessLogicAdvance.JXC.FXYC.JGFX\WX.Data.BusinessLogicAdvance.JXC.FXYC.JGFX.fsproj", "{C632D913-04A4-4A58-9227-EF91AAB0F189}"
EndProject
Project("{F2A71F9B-5D33-465A-A702-920D77279786}") = "WX.Data.DataAccessAdvance.JXC.FXYC.JGFX", "WX.Data.DataAccessAdvance.JXC.FXYC.JGFX\WX.Data.DataAccessAdvance.JXC.FXYC.JGFX.fsproj", "{C6A7544B-7572-4FF6-A36F-F84DDC39303D}"
EndProject
Project("{F2A71F9B-5D33-465A-A702-920D77279786}") = "WX.Data.FViewModel.JXC.FXYC.JGFX", "WX.Data.FViewModel.JXC.FXYC.JGFX\WX.Data.FViewModel.JXC.FXYC.JGFX.fsproj", "{D683B497-2E72-4C03-8234-4FD96F8323AB}"
EndProject
Project("{F2A71F9B-5D33-465A-A702-920D77279786}") = "WX.Data.FViewModelAdvance.JXC.FXYC.JGFX", "WX.Data.FViewModelAdvance.JXC.FXYC.JGFX\WX.Data.FViewModelAdvance.JXC.FXYC.JGFX.fsproj", "{34D530AA-6828-41F6-A83A-A081264C7C84}"
EndProject
Project("{F2A71F9B-5D33-465A-A702-920D77279786}") = "WX.Data.IDataAccessAdvance.JXC.FXYC.JGFX", "WX.Data.IDataAccessAdvance.JXC.FXYC.JGFX\WX.Data.IDataAccessAdvance.JXC.FXYC.JGFX.fsproj", "{BC89CC03-CAAE-4F28-9D77-2C3FF3566979}"
EndProject
Project("{F2A71F9B-5D33-465A-A702-920D77279786}") = "WX.Data.ServiceContractsAdvance.JXC.FXYC.JGFX", "WX.Data.ServiceContractsAdvance.JXC.FXYC.JGFX\WX.Data.ServiceContractsAdvance.JXC.FXYC.JGFX.fsproj", "{CA9A54B5-EF64-414E-BFB5-4033BBBF891D}"
EndProject
Project("{FAE04EC0-301F-11D3-BF4B-00C04F79EFBC}") = "WX.Data.View.JXC.FXYC.JGFX", "WX.Data.View.JXC.FXYC.JGFX\WX.Data.View.JXC.FXYC.JGFX.csproj", "{C51E2A74-FE19-4385-BB26-7A4FF0A66853}"
EndProject
Project("{FAE04EC0-301F-11D3-BF4B-00C04F79EFBC}") = "WX.Data.View.ViewModelTemplate.JXC.FXYC.JGFX", "WX.Data.View.ViewModelTemplate.JXC.FXYC.JGFX\WX.Data.View.ViewModelTemplate.JXC.FXYC.JGFX.csproj", "{D657AD15-C3D4-46FE-98CE-74DF5C29E99D}"
EndProject
Project("{F2A71F9B-5D33-465A-A702-920D77279786}") = "WX.Data.WcfServiceAdvance.JXC.FXYC.JGFX", "WX.Data.WcfServiceAdvance.JXC.FXYC.JGFX\WX.Data.WcfServiceAdvance.JXC.FXYC.JGFX.fsproj", "{33502FBE-7709-4B5F-99EA-3CB6C58F5664}"
	ProjectSection(ProjectDependencies) = postProject
		{C632D913-04A4-4A58-9227-EF91AAB0F189} = {C632D913-04A4-4A58-9227-EF91AAB0F189}
		{CA9A54B5-EF64-414E-BFB5-4033BBBF891D} = {CA9A54B5-EF64-414E-BFB5-4033BBBF891D}
	EndProjectSection
EndProject
Project("{FAE04EC0-301F-11D3-BF4B-00C04F79EFBC}") = "WX.Data.View.ViewModelTemplateAdvance.JXC.FXYC.JGFX", "WX.Data.View.ViewModelTemplateAdvance.JXC.FXYC.JGFX\WX.Data.View.ViewModelTemplateAdvance.JXC.FXYC.JGFX.csproj", "{DE56F562-FEFB-4D6C-A09E-BA83E253CEC3}"
EndProject
Project("{F2A71F9B-5D33-465A-A702-920D77279786}") = "WX.Data.ClientChannelAdvance.FromAzure.JXC.FXYC.JGFX", "WX.Data.ClientChannelAdvance.FromAzure.JXC.FXYC.JGFX\WX.Data.ClientChannelAdvance.FromAzure.JXC.FXYC.JGFX.fsproj", "{46BBA9ED-7B30-4EF6-8EBC-A3E78E86C707}"
	ProjectSection(ProjectDependencies) = postProject
		{CA9A54B5-EF64-414E-BFB5-4033BBBF891D} = {CA9A54B5-EF64-414E-BFB5-4033BBBF891D}
	EndProjectSection
EndProject
Project("{F2A71F9B-5D33-465A-A702-920D77279786}") = "WX.Data.ClientChannelAdvance.FromNative.JXC.FXYC.JGFX", "WX.Data.ClientChannelAdvance.FromNative.JXC.FXYC.JGFX\WX.Data.ClientChannelAdvance.FromNative.JXC.FXYC.JGFX.fsproj", "{5D90D3B8-F134-42BA-BC49-D0702E43FBFB}"
	ProjectSection(ProjectDependencies) = postProject
		{C632D913-04A4-4A58-9227-EF91AAB0F189} = {C632D913-04A4-4A58-9227-EF91AAB0F189}
		{CA9A54B5-EF64-414E-BFB5-4033BBBF891D} = {CA9A54B5-EF64-414E-BFB5-4033BBBF891D}
	EndProjectSection
EndProject
Project("{F2A71F9B-5D33-465A-A702-920D77279786}") = "WX.Data.ClientChannelAdvance.FromServer.JXC.FXYC.JGFX", "WX.Data.ClientChannelAdvance.FromServer.JXC.FXYC.JGFX\WX.Data.ClientChannelAdvance.FromServer.JXC.FXYC.JGFX.fsproj", "{B8499396-6A7B-4A33-9EF4-ABA9462CD12D}"
	ProjectSection(ProjectDependencies) = postProject
		{CA9A54B5-EF64-414E-BFB5-4033BBBF891D} = {CA9A54B5-EF64-414E-BFB5-4033BBBF891D}
	EndProjectSection
EndProject
Project("{FAE04EC0-301F-11D3-BF4B-00C04F79EFBC}") = "WX.Data.WinMain", "..\..\SBIIMS_Integration\WX.Data.WinMain\WX.Data.WinMain.csproj", "{C858BEA7-6485-4316-A0B0-182303D6A58E}"
EndProject
Project("{F2A71F9B-5D33-465A-A702-920D77279786}") = "WX.Data.ClientChannelAdvance.JXC.FXYC.JGFX", "WX.Data.ClientChannelAdvance.JXC.FXYC.JGFX\WX.Data.ClientChannelAdvance.JXC.FXYC.JGFX.fsproj", "{C4E0815F-99DC-4DF4-8D42-00479BAE0866}"
	ProjectSection(ProjectDependencies) = postProject
		{C632D913-04A4-4A58-9227-EF91AAB0F189} = {C632D913-04A4-4A58-9227-EF91AAB0F189}
		{CA9A54B5-EF64-414E-BFB5-4033BBBF891D} = {CA9A54B5-EF64-414E-BFB5-4033BBBF891D}
	EndProjectSection
EndProject
Project("{FAE04EC0-301F-11D3-BF4B-00C04F79EFBC}") = "WX.Data.WcfServiceAdvance.WebIISHost.JXC.FXYC.JGFX", "WX.Data.WcfServiceAdvance.WebIISHost.JXC.FXYC.JGFX\WX.Data.WcfServiceAdvance.WebIISHost.JXC.FXYC.JGFX.csproj", "{96762E3D-B5FC-40DB-9486-1DD46A339F04}"
	ProjectSection(ProjectDependencies) = postProject
		{33502FBE-7709-4B5F-99EA-3CB6C58F5664} = {33502FBE-7709-4B5F-99EA-3CB6C58F5664}
	EndProjectSection
EndProject
Project("{F2A71F9B-5D33-465A-A702-920D77279786}") = "WX.Data.BusinessEntitiesAdvance.JXC.FXYC.JGFX", "WX.Data.BusinessEntitiesAdvance.JXC.FXYC.JGFX\WX.Data.BusinessEntitiesAdvance.JXC.FXYC.JGFX.fsproj", "{7F01C4B2-49C3-4509-A007-DD54D00F477D}"
EndProject
Project("{F2A71F9B-5D33-465A-A702-920D77279786}") = "WX.Data.BusinessEntities.JXC.FXYC.JGFX", "WX.Data.BusinessEntities.JXC.FXYC.JGFX\WX.Data.BusinessEntities.JXC.FXYC.JGFX.fsproj", "{5682FB68-FB20-4CDD-A0F7-5D7FDE1DFA08}"
EndProject
Project("{F2A71F9B-5D33-465A-A702-920D77279786}") = "WX.Data.DataAccess.JXC.FXYC.JGFX", "WX.Data.DataAccess.JXC.FXYC.JGFX\WX.Data.DataAccess.JXC.FXYC.JGFX.fsproj", "{7556B7F7-05CB-43B8-8A27-390B96554295}"
EndProject
Project("{FAE04EC0-301F-11D3-BF4B-00C04F79EFBC}") = "WX.Data.DataModel.JXC.FXYC.JGFX", "WX.Data.DataModel.JXC.FXYC.JGFX\WX.Data.DataModel.JXC.FXYC.JGFX.csproj", "{B83CE605-DB0E-40FD-B53D-75DD1DDE8FF4}"
EndProject
Project("{F2A71F9B-5D33-465A-A702-920D77279786}") = "WX.Data.DatabaseDictionary.JXC.FXYC.JGFX", "WX.Data.DatabaseDictionary.JXC.FXYC.JGFX\WX.Data.DatabaseDictionary.JXC.FXYC.JGFX.fsproj", "{B02246CC-908D-4FC2-8099-7D89AF4A2055}"
EndProject
Project("{F2A71F9B-5D33-465A-A702-920D77279786}") = "WX.Data.IDataAccess.JXC.FXYC.JGFX", "WX.Data.IDataAccess.JXC.FXYC.JGFX\WX.Data.IDataAccess.JXC.FXYC.JGFX.fsproj", "{3D505369-6119-45A8-B6B1-1A45CA055B60}"
EndProject
Global
	GlobalSection(SolutionConfigurationPlatforms) = preSolution
		Debug|Any CPU = Debug|Any CPU
		Release|Any CPU = Release|Any CPU
	EndGlobalSection
	GlobalSection(ProjectConfigurationPlatforms) = postSolution
		{C632D913-04A4-4A58-9227-EF91AAB0F189}.Debug|Any CPU.ActiveCfg = Debug|Any CPU
		{C632D913-04A4-4A58-9227-EF91AAB0F189}.Debug|Any CPU.Build.0 = Debug|Any CPU
		{C632D913-04A4-4A58-9227-EF91AAB0F189}.Release|Any CPU.ActiveCfg = Release|Any CPU
		{C632D913-04A4-4A58-9227-EF91AAB0F189}.Release|Any CPU.Build.0 = Release|Any CPU
		{C6A7544B-7572-4FF6-A36F-F84DDC39303D}.Debug|Any CPU.ActiveCfg = Debug|Any CPU
		{C6A7544B-7572-4FF6-A36F-F84DDC39303D}.Release|Any CPU.ActiveCfg = Release|Any CPU
		{C6A7544B-7572-4FF6-A36F-F84DDC39303D}.Release|Any CPU.Build.0 = Release|Any CPU
		{D683B497-2E72-4C03-8234-4FD96F8323AB}.Debug|Any CPU.ActiveCfg = Debug|Any CPU
		{D683B497-2E72-4C03-8234-4FD96F8323AB}.Release|Any CPU.ActiveCfg = Release|Any CPU
		{D683B497-2E72-4C03-8234-4FD96F8323AB}.Release|Any CPU.Build.0 = Release|Any CPU
		{34D530AA-6828-41F6-A83A-A081264C7C84}.Debug|Any CPU.ActiveCfg = Debug|Any CPU
		{34D530AA-6828-41F6-A83A-A081264C7C84}.Release|Any CPU.ActiveCfg = Release|Any CPU
		{34D530AA-6828-41F6-A83A-A081264C7C84}.Release|Any CPU.Build.0 = Release|Any CPU
		{BC89CC03-CAAE-4F28-9D77-2C3FF3566979}.Debug|Any CPU.ActiveCfg = Debug|Any CPU
		{BC89CC03-CAAE-4F28-9D77-2C3FF3566979}.Release|Any CPU.ActiveCfg = Release|Any CPU
		{BC89CC03-CAAE-4F28-9D77-2C3FF3566979}.Release|Any CPU.Build.0 = Release|Any CPU
		{CA9A54B5-EF64-414E-BFB5-4033BBBF891D}.Debug|Any CPU.ActiveCfg = Debug|Any CPU
		{CA9A54B5-EF64-414E-BFB5-4033BBBF891D}.Debug|Any CPU.Build.0 = Debug|Any CPU
		{CA9A54B5-EF64-414E-BFB5-4033BBBF891D}.Release|Any CPU.ActiveCfg = Release|Any CPU
		{CA9A54B5-EF64-414E-BFB5-4033BBBF891D}.Release|Any CPU.Build.0 = Release|Any CPU
		{C51E2A74-FE19-4385-BB26-7A4FF0A66853}.Debug|Any CPU.ActiveCfg = Debug|Any CPU
		{C51E2A74-FE19-4385-BB26-7A4FF0A66853}.Release|Any CPU.ActiveCfg = Release|Any CPU
		{C51E2A74-FE19-4385-BB26-7A4FF0A66853}.Release|Any CPU.Build.0 = Release|Any CPU
		{D657AD15-C3D4-46FE-98CE-74DF5C29E99D}.Debug|Any CPU.ActiveCfg = Debug|Any CPU
		{D657AD15-C3D4-46FE-98CE-74DF5C29E99D}.Release|Any CPU.ActiveCfg = Release|Any CPU
		{D657AD15-C3D4-46FE-98CE-74DF5C29E99D}.Release|Any CPU.Build.0 = Release|Any CPU
		{33502FBE-7709-4B5F-99EA-3CB6C58F5664}.Debug|Any CPU.ActiveCfg = Debug|Any CPU
		{33502FBE-7709-4B5F-99EA-3CB6C58F5664}.Debug|Any CPU.Build.0 = Debug|Any CPU
		{33502FBE-7709-4B5F-99EA-3CB6C58F5664}.Release|Any CPU.ActiveCfg = Release|Any CPU
		{33502FBE-7709-4B5F-99EA-3CB6C58F5664}.Release|Any CPU.Build.0 = Release|Any CPU
		{DE56F562-FEFB-4D6C-A09E-BA83E253CEC3}.Debug|Any CPU.ActiveCfg = Debug|Any CPU
		{DE56F562-FEFB-4D6C-A09E-BA83E253CEC3}.Release|Any CPU.ActiveCfg = Release|Any CPU
		{DE56F562-FEFB-4D6C-A09E-BA83E253CEC3}.Release|Any CPU.Build.0 = Release|Any CPU
		{46BBA9ED-7B30-4EF6-8EBC-A3E78E86C707}.Debug|Any CPU.ActiveCfg = Debug|Any CPU
		{46BBA9ED-7B30-4EF6-8EBC-A3E78E86C707}.Debug|Any CPU.Build.0 = Debug|Any CPU
		{46BBA9ED-7B30-4EF6-8EBC-A3E78E86C707}.Release|Any CPU.ActiveCfg = Release|Any CPU
		{46BBA9ED-7B30-4EF6-8EBC-A3E78E86C707}.Release|Any CPU.Build.0 = Release|Any CPU
		{5D90D3B8-F134-42BA-BC49-D0702E43FBFB}.Debug|Any CPU.ActiveCfg = Debug|Any CPU
		{5D90D3B8-F134-42BA-BC49-D0702E43FBFB}.Debug|Any CPU.Build.0 = Debug|Any CPU
		{5D90D3B8-F134-42BA-BC49-D0702E43FBFB}.Release|Any CPU.ActiveCfg = Release|Any CPU
		{5D90D3B8-F134-42BA-BC49-D0702E43FBFB}.Release|Any CPU.Build.0 = Release|Any CPU
		{B8499396-6A7B-4A33-9EF4-ABA9462CD12D}.Debug|Any CPU.ActiveCfg = Debug|Any CPU
		{B8499396-6A7B-4A33-9EF4-ABA9462CD12D}.Debug|Any CPU.Build.0 = Debug|Any CPU
		{B8499396-6A7B-4A33-9EF4-ABA9462CD12D}.Release|Any CPU.ActiveCfg = Release|Any CPU
		{B8499396-6A7B-4A33-9EF4-ABA9462CD12D}.Release|Any CPU.Build.0 = Release|Any CPU
		{C858BEA7-6485-4316-A0B0-182303D6A58E}.Debug|Any CPU.ActiveCfg = Debug|Any CPU
		{C858BEA7-6485-4316-A0B0-182303D6A58E}.Release|Any CPU.ActiveCfg = Release|Any CPU
		{C858BEA7-6485-4316-A0B0-182303D6A58E}.Release|Any CPU.Build.0 = Release|Any CPU
		{C4E0815F-99DC-4DF4-8D42-00479BAE0866}.Debug|Any CPU.ActiveCfg = Debug|Any CPU
		{C4E0815F-99DC-4DF4-8D42-00479BAE0866}.Debug|Any CPU.Build.0 = Debug|Any CPU
		{C4E0815F-99DC-4DF4-8D42-00479BAE0866}.Release|Any CPU.ActiveCfg = Release|Any CPU
		{C4E0815F-99DC-4DF4-8D42-00479BAE0866}.Release|Any CPU.Build.0 = Release|Any CPU
		{96762E3D-B5FC-40DB-9486-1DD46A339F04}.Debug|Any CPU.ActiveCfg = Debug|Any CPU
		{96762E3D-B5FC-40DB-9486-1DD46A339F04}.Debug|Any CPU.Build.0 = Debug|Any CPU
		{96762E3D-B5FC-40DB-9486-1DD46A339F04}.Release|Any CPU.ActiveCfg = Release|Any CPU
		{96762E3D-B5FC-40DB-9486-1DD46A339F04}.Release|Any CPU.Build.0 = Release|Any CPU
		{7F01C4B2-49C3-4509-A007-DD54D00F477D}.Debug|Any CPU.ActiveCfg = Debug|Any CPU
		{7F01C4B2-49C3-4509-A007-DD54D00F477D}.Release|Any CPU.ActiveCfg = Release|Any CPU
		{7F01C4B2-49C3-4509-A007-DD54D00F477D}.Release|Any CPU.Build.0 = Release|Any CPU
		{5682FB68-FB20-4CDD-A0F7-5D7FDE1DFA08}.Debug|Any CPU.ActiveCfg = Debug|Any CPU
		{5682FB68-FB20-4CDD-A0F7-5D7FDE1DFA08}.Debug|Any CPU.Build.0 = Debug|Any CPU
		{5682FB68-FB20-4CDD-A0F7-5D7FDE1DFA08}.Release|Any CPU.ActiveCfg = Release|Any CPU
		{5682FB68-FB20-4CDD-A0F7-5D7FDE1DFA08}.Release|Any CPU.Build.0 = Release|Any CPU
		{7556B7F7-05CB-43B8-8A27-390B96554295}.Debug|Any CPU.ActiveCfg = Debug|Any CPU
		{7556B7F7-05CB-43B8-8A27-390B96554295}.Debug|Any CPU.Build.0 = Debug|Any CPU
		{7556B7F7-05CB-43B8-8A27-390B96554295}.Release|Any CPU.ActiveCfg = Release|Any CPU
		{7556B7F7-05CB-43B8-8A27-390B96554295}.Release|Any CPU.Build.0 = Release|Any CPU
		{B83CE605-DB0E-40FD-B53D-75DD1DDE8FF4}.Debug|Any CPU.ActiveCfg = Debug|Any CPU
		{B83CE605-DB0E-40FD-B53D-75DD1DDE8FF4}.Debug|Any CPU.Build.0 = Debug|Any CPU
		{B83CE605-DB0E-40FD-B53D-75DD1DDE8FF4}.Release|Any CPU.ActiveCfg = Release|Any CPU
		{B83CE605-DB0E-40FD-B53D-75DD1DDE8FF4}.Release|Any CPU.Build.0 = Release|Any CPU
		{B02246CC-908D-4FC2-8099-7D89AF4A2055}.Debug|Any CPU.ActiveCfg = Debug|Any CPU
		{B02246CC-908D-4FC2-8099-7D89AF4A2055}.Debug|Any CPU.Build.0 = Debug|Any CPU
		{B02246CC-908D-4FC2-8099-7D89AF4A2055}.Release|Any CPU.ActiveCfg = Release|Any CPU
		{B02246CC-908D-4FC2-8099-7D89AF4A2055}.Release|Any CPU.Build.0 = Release|Any CPU
		{3D505369-6119-45A8-B6B1-1A45CA055B60}.Debug|Any CPU.ActiveCfg = Debug|Any CPU
		{3D505369-6119-45A8-B6B1-1A45CA055B60}.Debug|Any CPU.Build.0 = Debug|Any CPU
		{3D505369-6119-45A8-B6B1-1A45CA055B60}.Release|Any CPU.ActiveCfg = Release|Any CPU
		{3D505369-6119-45A8-B6B1-1A45CA055B60}.Release|Any CPU.Build.0 = Release|Any CPU
	EndGlobalSection
	GlobalSection(SolutionProperties) = preSolution
		HideSolutionNode = FALSE
	EndGlobalSection
	GlobalSection(NestedProjects) = preSolution
		{C632D913-04A4-4A58-9227-EF91AAB0F189} = {26EB9CDE-CC3A-430D-806F-D4B8B3511ABF}
		{CA9A54B5-EF64-414E-BFB5-4033BBBF891D} = {26EB9CDE-CC3A-430D-806F-D4B8B3511ABF}
		{33502FBE-7709-4B5F-99EA-3CB6C58F5664} = {26EB9CDE-CC3A-430D-806F-D4B8B3511ABF}
		{46BBA9ED-7B30-4EF6-8EBC-A3E78E86C707} = {26EB9CDE-CC3A-430D-806F-D4B8B3511ABF}
		{5D90D3B8-F134-42BA-BC49-D0702E43FBFB} = {26EB9CDE-CC3A-430D-806F-D4B8B3511ABF}
		{B8499396-6A7B-4A33-9EF4-ABA9462CD12D} = {26EB9CDE-CC3A-430D-806F-D4B8B3511ABF}
		{C4E0815F-99DC-4DF4-8D42-00479BAE0866} = {26EB9CDE-CC3A-430D-806F-D4B8B3511ABF}
		{96762E3D-B5FC-40DB-9486-1DD46A339F04} = {26EB9CDE-CC3A-430D-806F-D4B8B3511ABF}
		{D683B497-2E72-4C03-8234-4FD96F8323AB} = {1B7CDACE-9D6B-486B-A41F-CA6C184E117A}
		{34D530AA-6828-41F6-A83A-A081264C7C84} = {1B7CDACE-9D6B-486B-A41F-CA6C184E117A}
		{C51E2A74-FE19-4385-BB26-7A4FF0A66853} = {1B7CDACE-9D6B-486B-A41F-CA6C184E117A}
		{D657AD15-C3D4-46FE-98CE-74DF5C29E99D} = {1B7CDACE-9D6B-486B-A41F-CA6C184E117A}
		{DE56F562-FEFB-4D6C-A09E-BA83E253CEC3} = {1B7CDACE-9D6B-486B-A41F-CA6C184E117A}
		{C6A7544B-7572-4FF6-A36F-F84DDC39303D} = {87D8CD97-7E55-4038-8883-16D0AE656953}
		{BC89CC03-CAAE-4F28-9D77-2C3FF3566979} = {87D8CD97-7E55-4038-8883-16D0AE656953}
		{7F01C4B2-49C3-4509-A007-DD54D00F477D} = {87D8CD97-7E55-4038-8883-16D0AE656953}
		{5682FB68-FB20-4CDD-A0F7-5D7FDE1DFA08} = {C26F745A-DD12-441F-B4D5-07F156499FC7}
		{7556B7F7-05CB-43B8-8A27-390B96554295} = {C26F745A-DD12-441F-B4D5-07F156499FC7}
		{B83CE605-DB0E-40FD-B53D-75DD1DDE8FF4} = {C26F745A-DD12-441F-B4D5-07F156499FC7}
		{B02246CC-908D-4FC2-8099-7D89AF4A2055} = {C26F745A-DD12-441F-B4D5-07F156499FC7}
		{3D505369-6119-45A8-B6B1-1A45CA055B60} = {C26F745A-DD12-441F-B4D5-07F156499FC7}
	EndGlobalSection
EndGlobal
