
Microsoft Visual Studio Solution File, Format Version 12.00
# Visual Studio 2013
VisualStudioVersion = 12.0.30110.0
MinimumVisualStudioVersion = 10.0.40219.1
Project("{2150E333-8FDC-42A3-9474-1A3956D46DE8}") = "AdvanceAutomation", "AdvanceAutomation", "{26EB9CDE-CC3A-430D-806F-D4B8B3511ABF}"
EndProject
Project("{2150E333-8FDC-42A3-9474-1A3956D46DE8}") = "ClientProcessing", "ClientProcessing", "{1B7CDACE-9D6B-486B-A41F-CA6C184E117A}"
EndProject
Project("{2150E333-8FDC-42A3-9474-1A3956D46DE8}") = "DataProcessingAdvance", "DataProcessingAdvance", "{87D8CD97-7E55-4038-8883-16D0AE656953}"
EndProject
Project("{2150E333-8FDC-42A3-9474-1A3956D46DE8}") = "BaseAutomation", "BaseAutomation", "{C26F745A-DD12-441F-B4D5-07F156499FC7}"
EndProject
Project("{F2A71F9B-5D33-465A-A702-920D77279786}") = "WX.Data.BusinessLogicAdvance.JXC.XTGL.XTCSH", "WX.Data.BusinessLogicAdvance.JXC.XTGL.XTCSH\WX.Data.BusinessLogicAdvance.JXC.XTGL.XTCSH.fsproj", "{FD5593B3-6D6C-43E8-B3E2-7BAB88C77F22}"
EndProject
Project("{F2A71F9B-5D33-465A-A702-920D77279786}") = "WX.Data.DataAccessAdvance.JXC.XTGL.XTCSH", "WX.Data.DataAccessAdvance.JXC.XTGL.XTCSH\WX.Data.DataAccessAdvance.JXC.XTGL.XTCSH.fsproj", "{FAC907AB-672B-4641-AE9D-5524F9D83B6D}"
EndProject
Project("{F2A71F9B-5D33-465A-A702-920D77279786}") = "WX.Data.FViewModel.JXC.XTGL.XTCSH", "WX.Data.FViewModel.JXC.XTGL.XTCSH\WX.Data.FViewModel.JXC.XTGL.XTCSH.fsproj", "{F36C67F7-0FC7-4793-9577-BF57A1E527AC}"
EndProject
Project("{F2A71F9B-5D33-465A-A702-920D77279786}") = "WX.Data.FViewModelAdvance.JXC.XTGL.XTCSH", "WX.Data.FViewModelAdvance.JXC.XTGL.XTCSH\WX.Data.FViewModelAdvance.JXC.XTGL.XTCSH.fsproj", "{BAAA4520-B687-4717-B67E-B516AA470B05}"
EndProject
Project("{F2A71F9B-5D33-465A-A702-920D77279786}") = "WX.Data.IDataAccessAdvance.JXC.XTGL.XTCSH", "WX.Data.IDataAccessAdvance.JXC.XTGL.XTCSH\WX.Data.IDataAccessAdvance.JXC.XTGL.XTCSH.fsproj", "{2231B2BB-75F5-4751-8E36-43A4F8FAB73E}"
EndProject
Project("{F2A71F9B-5D33-465A-A702-920D77279786}") = "WX.Data.ServiceContractsAdvance.JXC.XTGL.XTCSH", "WX.Data.ServiceContractsAdvance.JXC.XTGL.XTCSH\WX.Data.ServiceContractsAdvance.JXC.XTGL.XTCSH.fsproj", "{56E0645B-E37C-4F4F-BE7A-EB936FC5249B}"
EndProject
Project("{FAE04EC0-301F-11D3-BF4B-00C04F79EFBC}") = "WX.Data.View.JXC.XTGL.XTCSH", "WX.Data.View.JXC.XTGL.XTCSH\WX.Data.View.JXC.XTGL.XTCSH.csproj", "{A8EF40C5-94FE-4E44-A9E8-A682638D9965}"
EndProject
Project("{FAE04EC0-301F-11D3-BF4B-00C04F79EFBC}") = "WX.Data.View.ViewModelTemplate.JXC.XTGL.XTCSH", "WX.Data.View.ViewModelTemplate.JXC.XTGL.XTCSH\WX.Data.View.ViewModelTemplate.JXC.XTGL.XTCSH.csproj", "{A3E91908-4356-495A-8FC3-27AE5AE07816}"
EndProject
Project("{F2A71F9B-5D33-465A-A702-920D77279786}") = "WX.Data.WcfServiceAdvance.JXC.XTGL.XTCSH", "WX.Data.WcfServiceAdvance.JXC.XTGL.XTCSH\WX.Data.WcfServiceAdvance.JXC.XTGL.XTCSH.fsproj", "{2464532F-EAC5-4B4B-B795-287F3F04B0BE}"
	ProjectSection(ProjectDependencies) = postProject
		{FD5593B3-6D6C-43E8-B3E2-7BAB88C77F22} = {FD5593B3-6D6C-43E8-B3E2-7BAB88C77F22}
		{56E0645B-E37C-4F4F-BE7A-EB936FC5249B} = {56E0645B-E37C-4F4F-BE7A-EB936FC5249B}
	EndProjectSection
EndProject
Project("{FAE04EC0-301F-11D3-BF4B-00C04F79EFBC}") = "WX.Data.View.ViewModelTemplateAdvance.JXC.XTGL.XTCSH", "WX.Data.View.ViewModelTemplateAdvance.JXC.XTGL.XTCSH\WX.Data.View.ViewModelTemplateAdvance.JXC.XTGL.XTCSH.csproj", "{B9F5FAA4-E0D4-4BF4-AF46-48635C302155}"
EndProject
Project("{F2A71F9B-5D33-465A-A702-920D77279786}") = "WX.Data.ClientChannelAdvance.FromAzure.JXC.XTGL.XTCSH", "WX.Data.ClientChannelAdvance.FromAzure.JXC.XTGL.XTCSH\WX.Data.ClientChannelAdvance.FromAzure.JXC.XTGL.XTCSH.fsproj", "{5A79E4A8-657B-4CAF-B482-0D7EA0FE7496}"
	ProjectSection(ProjectDependencies) = postProject
		{56E0645B-E37C-4F4F-BE7A-EB936FC5249B} = {56E0645B-E37C-4F4F-BE7A-EB936FC5249B}
	EndProjectSection
EndProject
Project("{F2A71F9B-5D33-465A-A702-920D77279786}") = "WX.Data.ClientChannelAdvance.FromNative.JXC.XTGL.XTCSH", "WX.Data.ClientChannelAdvance.FromNative.JXC.XTGL.XTCSH\WX.Data.ClientChannelAdvance.FromNative.JXC.XTGL.XTCSH.fsproj", "{CBC33903-5C48-4099-8729-C34A43E53DA9}"
	ProjectSection(ProjectDependencies) = postProject
		{FD5593B3-6D6C-43E8-B3E2-7BAB88C77F22} = {FD5593B3-6D6C-43E8-B3E2-7BAB88C77F22}
		{56E0645B-E37C-4F4F-BE7A-EB936FC5249B} = {56E0645B-E37C-4F4F-BE7A-EB936FC5249B}
	EndProjectSection
EndProject
Project("{F2A71F9B-5D33-465A-A702-920D77279786}") = "WX.Data.ClientChannelAdvance.FromServer.JXC.XTGL.XTCSH", "WX.Data.ClientChannelAdvance.FromServer.JXC.XTGL.XTCSH\WX.Data.ClientChannelAdvance.FromServer.JXC.XTGL.XTCSH.fsproj", "{5937C736-1C0D-4CA7-977C-23122F41BA0F}"
	ProjectSection(ProjectDependencies) = postProject
		{56E0645B-E37C-4F4F-BE7A-EB936FC5249B} = {56E0645B-E37C-4F4F-BE7A-EB936FC5249B}
	EndProjectSection
EndProject
Project("{FAE04EC0-301F-11D3-BF4B-00C04F79EFBC}") = "WX.Data.WinMain", "..\..\SBIIMS_Integration\WX.Data.WinMain\WX.Data.WinMain.csproj", "{C858BEA7-6485-4316-A0B0-182303D6A58E}"
EndProject
Project("{F2A71F9B-5D33-465A-A702-920D77279786}") = "WX.Data.ClientChannelAdvance.JXC.XTGL.XTCSH", "WX.Data.ClientChannelAdvance.JXC.XTGL.XTCSH\WX.Data.ClientChannelAdvance.JXC.XTGL.XTCSH.fsproj", "{8374BDA1-5E9A-47A5-AD5A-312D59A585AB}"
	ProjectSection(ProjectDependencies) = postProject
		{FD5593B3-6D6C-43E8-B3E2-7BAB88C77F22} = {FD5593B3-6D6C-43E8-B3E2-7BAB88C77F22}
		{56E0645B-E37C-4F4F-BE7A-EB936FC5249B} = {56E0645B-E37C-4F4F-BE7A-EB936FC5249B}
	EndProjectSection
EndProject
Project("{FAE04EC0-301F-11D3-BF4B-00C04F79EFBC}") = "WX.Data.WcfServiceAdvance.WebIISHost.JXC.XTGL.XTCSH", "WX.Data.WcfServiceAdvance.WebIISHost.JXC.XTGL.XTCSH\WX.Data.WcfServiceAdvance.WebIISHost.JXC.XTGL.XTCSH.csproj", "{D048245C-B6BC-444C-920C-539EBFC5A8E1}"
	ProjectSection(ProjectDependencies) = postProject
		{2464532F-EAC5-4B4B-B795-287F3F04B0BE} = {2464532F-EAC5-4B4B-B795-287F3F04B0BE}
	EndProjectSection
EndProject
Project("{F2A71F9B-5D33-465A-A702-920D77279786}") = "WX.Data.BusinessEntitiesAdvance.JXC.XTGL.XTCSH", "WX.Data.BusinessEntitiesAdvance.JXC.XTGL.XTCSH\WX.Data.BusinessEntitiesAdvance.JXC.XTGL.XTCSH.fsproj", "{ADEBAC9D-79D4-4E07-A0E0-C69AE094D1D2}"
EndProject
Project("{F2A71F9B-5D33-465A-A702-920D77279786}") = "WX.Data.BusinessEntities.JXC.XTGL.XTCSH", "WX.Data.BusinessEntities.JXC.XTGL.XTCSH\WX.Data.BusinessEntities.JXC.XTGL.XTCSH.fsproj", "{5682FB68-FB20-4CDD-A0F7-5D7FDE1DFA08}"
EndProject
Project("{F2A71F9B-5D33-465A-A702-920D77279786}") = "WX.Data.DataAccess.JXC.XTGL.XTCSH", "WX.Data.DataAccess.JXC.XTGL.XTCSH\WX.Data.DataAccess.JXC.XTGL.XTCSH.fsproj", "{7556B7F7-05CB-43B8-8A27-390B96554295}"
EndProject
Project("{FAE04EC0-301F-11D3-BF4B-00C04F79EFBC}") = "WX.Data.DataModel.JXC.XTGL.XTCSH", "WX.Data.DataModel.JXC.XTGL.XTCSH\WX.Data.DataModel.JXC.XTGL.XTCSH.csproj", "{B83CE605-DB0E-40FD-B53D-75DD1DDE8FF4}"
EndProject
Project("{F2A71F9B-5D33-465A-A702-920D77279786}") = "WX.Data.DatabaseDictionary.JXC.XTGL.XTCSH", "WX.Data.DatabaseDictionary.JXC.XTGL.XTCSH\WX.Data.DatabaseDictionary.JXC.XTGL.XTCSH.fsproj", "{B02246CC-908D-4FC2-8099-7D89AF4A2055}"
EndProject
Project("{F2A71F9B-5D33-465A-A702-920D77279786}") = "WX.Data.IDataAccess.JXC.XTGL.XTCSH", "WX.Data.IDataAccess.JXC.XTGL.XTCSH\WX.Data.IDataAccess.JXC.XTGL.XTCSH.fsproj", "{3D505369-6119-45A8-B6B1-1A45CA055B60}"
EndProject
Global
	GlobalSection(SolutionConfigurationPlatforms) = preSolution
		Debug|Any CPU = Debug|Any CPU
		Release|Any CPU = Release|Any CPU
	EndGlobalSection
	GlobalSection(ProjectConfigurationPlatforms) = postSolution
		{FD5593B3-6D6C-43E8-B3E2-7BAB88C77F22}.Debug|Any CPU.ActiveCfg = Debug|Any CPU
		{FD5593B3-6D6C-43E8-B3E2-7BAB88C77F22}.Debug|Any CPU.Build.0 = Debug|Any CPU
		{FD5593B3-6D6C-43E8-B3E2-7BAB88C77F22}.Release|Any CPU.ActiveCfg = Release|Any CPU
		{FD5593B3-6D6C-43E8-B3E2-7BAB88C77F22}.Release|Any CPU.Build.0 = Release|Any CPU
		{FAC907AB-672B-4641-AE9D-5524F9D83B6D}.Debug|Any CPU.ActiveCfg = Debug|Any CPU
		{FAC907AB-672B-4641-AE9D-5524F9D83B6D}.Release|Any CPU.ActiveCfg = Release|Any CPU
		{FAC907AB-672B-4641-AE9D-5524F9D83B6D}.Release|Any CPU.Build.0 = Release|Any CPU
		{F36C67F7-0FC7-4793-9577-BF57A1E527AC}.Debug|Any CPU.ActiveCfg = Debug|Any CPU
		{F36C67F7-0FC7-4793-9577-BF57A1E527AC}.Release|Any CPU.ActiveCfg = Release|Any CPU
		{F36C67F7-0FC7-4793-9577-BF57A1E527AC}.Release|Any CPU.Build.0 = Release|Any CPU
		{BAAA4520-B687-4717-B67E-B516AA470B05}.Debug|Any CPU.ActiveCfg = Debug|Any CPU
		{BAAA4520-B687-4717-B67E-B516AA470B05}.Release|Any CPU.ActiveCfg = Release|Any CPU
		{BAAA4520-B687-4717-B67E-B516AA470B05}.Release|Any CPU.Build.0 = Release|Any CPU
		{2231B2BB-75F5-4751-8E36-43A4F8FAB73E}.Debug|Any CPU.ActiveCfg = Debug|Any CPU
		{2231B2BB-75F5-4751-8E36-43A4F8FAB73E}.Release|Any CPU.ActiveCfg = Release|Any CPU
		{2231B2BB-75F5-4751-8E36-43A4F8FAB73E}.Release|Any CPU.Build.0 = Release|Any CPU
		{56E0645B-E37C-4F4F-BE7A-EB936FC5249B}.Debug|Any CPU.ActiveCfg = Debug|Any CPU
		{56E0645B-E37C-4F4F-BE7A-EB936FC5249B}.Debug|Any CPU.Build.0 = Debug|Any CPU
		{56E0645B-E37C-4F4F-BE7A-EB936FC5249B}.Release|Any CPU.ActiveCfg = Release|Any CPU
		{56E0645B-E37C-4F4F-BE7A-EB936FC5249B}.Release|Any CPU.Build.0 = Release|Any CPU
		{A8EF40C5-94FE-4E44-A9E8-A682638D9965}.Debug|Any CPU.ActiveCfg = Debug|Any CPU
		{A8EF40C5-94FE-4E44-A9E8-A682638D9965}.Release|Any CPU.ActiveCfg = Release|Any CPU
		{A8EF40C5-94FE-4E44-A9E8-A682638D9965}.Release|Any CPU.Build.0 = Release|Any CPU
		{A3E91908-4356-495A-8FC3-27AE5AE07816}.Debug|Any CPU.ActiveCfg = Debug|Any CPU
		{A3E91908-4356-495A-8FC3-27AE5AE07816}.Release|Any CPU.ActiveCfg = Release|Any CPU
		{A3E91908-4356-495A-8FC3-27AE5AE07816}.Release|Any CPU.Build.0 = Release|Any CPU
		{2464532F-EAC5-4B4B-B795-287F3F04B0BE}.Debug|Any CPU.ActiveCfg = Debug|Any CPU
		{2464532F-EAC5-4B4B-B795-287F3F04B0BE}.Debug|Any CPU.Build.0 = Debug|Any CPU
		{2464532F-EAC5-4B4B-B795-287F3F04B0BE}.Release|Any CPU.ActiveCfg = Release|Any CPU
		{2464532F-EAC5-4B4B-B795-287F3F04B0BE}.Release|Any CPU.Build.0 = Release|Any CPU
		{B9F5FAA4-E0D4-4BF4-AF46-48635C302155}.Debug|Any CPU.ActiveCfg = Debug|Any CPU
		{B9F5FAA4-E0D4-4BF4-AF46-48635C302155}.Release|Any CPU.ActiveCfg = Release|Any CPU
		{B9F5FAA4-E0D4-4BF4-AF46-48635C302155}.Release|Any CPU.Build.0 = Release|Any CPU
		{5A79E4A8-657B-4CAF-B482-0D7EA0FE7496}.Debug|Any CPU.ActiveCfg = Debug|Any CPU
		{5A79E4A8-657B-4CAF-B482-0D7EA0FE7496}.Debug|Any CPU.Build.0 = Debug|Any CPU
		{5A79E4A8-657B-4CAF-B482-0D7EA0FE7496}.Release|Any CPU.ActiveCfg = Release|Any CPU
		{5A79E4A8-657B-4CAF-B482-0D7EA0FE7496}.Release|Any CPU.Build.0 = Release|Any CPU
		{CBC33903-5C48-4099-8729-C34A43E53DA9}.Debug|Any CPU.ActiveCfg = Debug|Any CPU
		{CBC33903-5C48-4099-8729-C34A43E53DA9}.Debug|Any CPU.Build.0 = Debug|Any CPU
		{CBC33903-5C48-4099-8729-C34A43E53DA9}.Release|Any CPU.ActiveCfg = Release|Any CPU
		{CBC33903-5C48-4099-8729-C34A43E53DA9}.Release|Any CPU.Build.0 = Release|Any CPU
		{5937C736-1C0D-4CA7-977C-23122F41BA0F}.Debug|Any CPU.ActiveCfg = Debug|Any CPU
		{5937C736-1C0D-4CA7-977C-23122F41BA0F}.Debug|Any CPU.Build.0 = Debug|Any CPU
		{5937C736-1C0D-4CA7-977C-23122F41BA0F}.Release|Any CPU.ActiveCfg = Release|Any CPU
		{5937C736-1C0D-4CA7-977C-23122F41BA0F}.Release|Any CPU.Build.0 = Release|Any CPU
		{C858BEA7-6485-4316-A0B0-182303D6A58E}.Debug|Any CPU.ActiveCfg = Debug|Any CPU
		{C858BEA7-6485-4316-A0B0-182303D6A58E}.Release|Any CPU.ActiveCfg = Release|Any CPU
		{C858BEA7-6485-4316-A0B0-182303D6A58E}.Release|Any CPU.Build.0 = Release|Any CPU
		{8374BDA1-5E9A-47A5-AD5A-312D59A585AB}.Debug|Any CPU.ActiveCfg = Debug|Any CPU
		{8374BDA1-5E9A-47A5-AD5A-312D59A585AB}.Debug|Any CPU.Build.0 = Debug|Any CPU
		{8374BDA1-5E9A-47A5-AD5A-312D59A585AB}.Release|Any CPU.ActiveCfg = Release|Any CPU
		{8374BDA1-5E9A-47A5-AD5A-312D59A585AB}.Release|Any CPU.Build.0 = Release|Any CPU
		{D048245C-B6BC-444C-920C-539EBFC5A8E1}.Debug|Any CPU.ActiveCfg = Debug|Any CPU
		{D048245C-B6BC-444C-920C-539EBFC5A8E1}.Debug|Any CPU.Build.0 = Debug|Any CPU
		{D048245C-B6BC-444C-920C-539EBFC5A8E1}.Release|Any CPU.ActiveCfg = Release|Any CPU
		{D048245C-B6BC-444C-920C-539EBFC5A8E1}.Release|Any CPU.Build.0 = Release|Any CPU
		{ADEBAC9D-79D4-4E07-A0E0-C69AE094D1D2}.Debug|Any CPU.ActiveCfg = Debug|Any CPU
		{ADEBAC9D-79D4-4E07-A0E0-C69AE094D1D2}.Release|Any CPU.ActiveCfg = Release|Any CPU
		{ADEBAC9D-79D4-4E07-A0E0-C69AE094D1D2}.Release|Any CPU.Build.0 = Release|Any CPU
		{5682FB68-FB20-4CDD-A0F7-5D7FDE1DFA08}.Debug|Any CPU.ActiveCfg = Debug|Any CPU
		{5682FB68-FB20-4CDD-A0F7-5D7FDE1DFA08}.Debug|Any CPU.Build.0 = Debug|Any CPU
		{5682FB68-FB20-4CDD-A0F7-5D7FDE1DFA08}.Release|Any CPU.ActiveCfg = Release|Any CPU
		{5682FB68-FB20-4CDD-A0F7-5D7FDE1DFA08}.Release|Any CPU.Build.0 = Release|Any CPU
		{7556B7F7-05CB-43B8-8A27-390B96554295}.Debug|Any CPU.ActiveCfg = Debug|Any CPU
		{7556B7F7-05CB-43B8-8A27-390B96554295}.Debug|Any CPU.Build.0 = Debug|Any CPU
		{7556B7F7-05CB-43B8-8A27-390B96554295}.Release|Any CPU.ActiveCfg = Release|Any CPU
		{7556B7F7-05CB-43B8-8A27-390B96554295}.Release|Any CPU.Build.0 = Release|Any CPU
		{B83CE605-DB0E-40FD-B53D-75DD1DDE8FF4}.Debug|Any CPU.ActiveCfg = Debug|Any CPU
		{B83CE605-DB0E-40FD-B53D-75DD1DDE8FF4}.Debug|Any CPU.Build.0 = Debug|Any CPU
		{B83CE605-DB0E-40FD-B53D-75DD1DDE8FF4}.Release|Any CPU.ActiveCfg = Release|Any CPU
		{B83CE605-DB0E-40FD-B53D-75DD1DDE8FF4}.Release|Any CPU.Build.0 = Release|Any CPU
		{B02246CC-908D-4FC2-8099-7D89AF4A2055}.Debug|Any CPU.ActiveCfg = Debug|Any CPU
		{B02246CC-908D-4FC2-8099-7D89AF4A2055}.Debug|Any CPU.Build.0 = Debug|Any CPU
		{B02246CC-908D-4FC2-8099-7D89AF4A2055}.Release|Any CPU.ActiveCfg = Release|Any CPU
		{B02246CC-908D-4FC2-8099-7D89AF4A2055}.Release|Any CPU.Build.0 = Release|Any CPU
		{3D505369-6119-45A8-B6B1-1A45CA055B60}.Debug|Any CPU.ActiveCfg = Debug|Any CPU
		{3D505369-6119-45A8-B6B1-1A45CA055B60}.Debug|Any CPU.Build.0 = Debug|Any CPU
		{3D505369-6119-45A8-B6B1-1A45CA055B60}.Release|Any CPU.ActiveCfg = Release|Any CPU
		{3D505369-6119-45A8-B6B1-1A45CA055B60}.Release|Any CPU.Build.0 = Release|Any CPU
	EndGlobalSection
	GlobalSection(SolutionProperties) = preSolution
		HideSolutionNode = FALSE
	EndGlobalSection
	GlobalSection(NestedProjects) = preSolution
		{FD5593B3-6D6C-43E8-B3E2-7BAB88C77F22} = {26EB9CDE-CC3A-430D-806F-D4B8B3511ABF}
		{56E0645B-E37C-4F4F-BE7A-EB936FC5249B} = {26EB9CDE-CC3A-430D-806F-D4B8B3511ABF}
		{2464532F-EAC5-4B4B-B795-287F3F04B0BE} = {26EB9CDE-CC3A-430D-806F-D4B8B3511ABF}
		{5A79E4A8-657B-4CAF-B482-0D7EA0FE7496} = {26EB9CDE-CC3A-430D-806F-D4B8B3511ABF}
		{CBC33903-5C48-4099-8729-C34A43E53DA9} = {26EB9CDE-CC3A-430D-806F-D4B8B3511ABF}
		{5937C736-1C0D-4CA7-977C-23122F41BA0F} = {26EB9CDE-CC3A-430D-806F-D4B8B3511ABF}
		{8374BDA1-5E9A-47A5-AD5A-312D59A585AB} = {26EB9CDE-CC3A-430D-806F-D4B8B3511ABF}
		{D048245C-B6BC-444C-920C-539EBFC5A8E1} = {26EB9CDE-CC3A-430D-806F-D4B8B3511ABF}
		{F36C67F7-0FC7-4793-9577-BF57A1E527AC} = {1B7CDACE-9D6B-486B-A41F-CA6C184E117A}
		{BAAA4520-B687-4717-B67E-B516AA470B05} = {1B7CDACE-9D6B-486B-A41F-CA6C184E117A}
		{A8EF40C5-94FE-4E44-A9E8-A682638D9965} = {1B7CDACE-9D6B-486B-A41F-CA6C184E117A}
		{A3E91908-4356-495A-8FC3-27AE5AE07816} = {1B7CDACE-9D6B-486B-A41F-CA6C184E117A}
		{B9F5FAA4-E0D4-4BF4-AF46-48635C302155} = {1B7CDACE-9D6B-486B-A41F-CA6C184E117A}
		{FAC907AB-672B-4641-AE9D-5524F9D83B6D} = {87D8CD97-7E55-4038-8883-16D0AE656953}
		{2231B2BB-75F5-4751-8E36-43A4F8FAB73E} = {87D8CD97-7E55-4038-8883-16D0AE656953}
		{ADEBAC9D-79D4-4E07-A0E0-C69AE094D1D2} = {87D8CD97-7E55-4038-8883-16D0AE656953}
		{5682FB68-FB20-4CDD-A0F7-5D7FDE1DFA08} = {C26F745A-DD12-441F-B4D5-07F156499FC7}
		{7556B7F7-05CB-43B8-8A27-390B96554295} = {C26F745A-DD12-441F-B4D5-07F156499FC7}
		{B83CE605-DB0E-40FD-B53D-75DD1DDE8FF4} = {C26F745A-DD12-441F-B4D5-07F156499FC7}
		{B02246CC-908D-4FC2-8099-7D89AF4A2055} = {C26F745A-DD12-441F-B4D5-07F156499FC7}
		{3D505369-6119-45A8-B6B1-1A45CA055B60} = {C26F745A-DD12-441F-B4D5-07F156499FC7}
	EndGlobalSection
EndGlobal
