
Microsoft Visual Studio Solution File, Format Version 12.00
# Visual Studio 2013
VisualStudioVersion = 12.0.30110.0
MinimumVisualStudioVersion = 10.0.40219.1
Project("{2150E333-8FDC-42A3-9474-1A3956D46DE8}") = "AdvanceAutomation", "AdvanceAutomation", "{26EB9CDE-CC3A-430D-806F-D4B8B3511ABF}"
EndProject
Project("{2150E333-8FDC-42A3-9474-1A3956D46DE8}") = "ClientProcessing", "ClientProcessing", "{1B7CDACE-9D6B-486B-A41F-CA6C184E117A}"
EndProject
Project("{2150E333-8FDC-42A3-9474-1A3956D46DE8}") = "DataProcessingAdvance", "DataProcessingAdvance", "{87D8CD97-7E55-4038-8883-16D0AE656953}"
EndProject
Project("{2150E333-8FDC-42A3-9474-1A3956D46DE8}") = "BaseAutomation", "BaseAutomation", "{C26F745A-DD12-441F-B4D5-07F156499FC7}"
EndProject
Project("{F2A71F9B-5D33-465A-A702-920D77279786}") = "WX.Data.BusinessLogicAdvance.JXC.ZHGL.YWYGL", "WX.Data.BusinessLogicAdvance.JXC.ZHGL.YWYGL\WX.Data.BusinessLogicAdvance.JXC.ZHGL.YWYGL.fsproj", "{055D5071-407A-4396-BA69-9E0A1865F6B9}"
EndProject
Project("{F2A71F9B-5D33-465A-A702-920D77279786}") = "WX.Data.DataAccessAdvance.JXC.ZHGL.YWYGL", "WX.Data.DataAccessAdvance.JXC.ZHGL.YWYGL\WX.Data.DataAccessAdvance.JXC.ZHGL.YWYGL.fsproj", "{4644F6E4-3010-4307-84F6-67E789D55632}"
EndProject
Project("{F2A71F9B-5D33-465A-A702-920D77279786}") = "WX.Data.FViewModel.JXC.ZHGL.YWYGL", "WX.Data.FViewModel.JXC.ZHGL.YWYGL\WX.Data.FViewModel.JXC.ZHGL.YWYGL.fsproj", "{D4C73D4D-98A7-49A6-BD86-095ECE00E01F}"
EndProject
Project("{F2A71F9B-5D33-465A-A702-920D77279786}") = "WX.Data.FViewModelAdvance.JXC.ZHGL.YWYGL", "WX.Data.FViewModelAdvance.JXC.ZHGL.YWYGL\WX.Data.FViewModelAdvance.JXC.ZHGL.YWYGL.fsproj", "{89ADCE6F-047F-43C5-9CAA-B460138EE258}"
EndProject
Project("{F2A71F9B-5D33-465A-A702-920D77279786}") = "WX.Data.IDataAccessAdvance.JXC.ZHGL.YWYGL", "WX.Data.IDataAccessAdvance.JXC.ZHGL.YWYGL\WX.Data.IDataAccessAdvance.JXC.ZHGL.YWYGL.fsproj", "{AF4A75F1-15C8-4EFA-9EFA-83AB918FE1B3}"
EndProject
Project("{F2A71F9B-5D33-465A-A702-920D77279786}") = "WX.Data.ServiceContractsAdvance.JXC.ZHGL.YWYGL", "WX.Data.ServiceContractsAdvance.JXC.ZHGL.YWYGL\WX.Data.ServiceContractsAdvance.JXC.ZHGL.YWYGL.fsproj", "{AFD8E107-2B91-428E-9EA5-1E0EF7658E0E}"
EndProject
Project("{FAE04EC0-301F-11D3-BF4B-00C04F79EFBC}") = "WX.Data.View.JXC.ZHGL.YWYGL", "WX.Data.View.JXC.ZHGL.YWYGL\WX.Data.View.JXC.ZHGL.YWYGL.csproj", "{4F805626-64E2-4115-8114-99021C868576}"
EndProject
Project("{FAE04EC0-301F-11D3-BF4B-00C04F79EFBC}") = "WX.Data.View.ViewModelTemplate.JXC.ZHGL.YWYGL", "WX.Data.View.ViewModelTemplate.JXC.ZHGL.YWYGL\WX.Data.View.ViewModelTemplate.JXC.ZHGL.YWYGL.csproj", "{4BE6147E-2E9C-4E7E-A688-703978A7DCD4}"
EndProject
Project("{F2A71F9B-5D33-465A-A702-920D77279786}") = "WX.Data.WcfServiceAdvance.JXC.ZHGL.YWYGL", "WX.Data.WcfServiceAdvance.JXC.ZHGL.YWYGL\WX.Data.WcfServiceAdvance.JXC.ZHGL.YWYGL.fsproj", "{B642C724-FF89-4006-A684-962E9CB9729A}"
	ProjectSection(ProjectDependencies) = postProject
		{055D5071-407A-4396-BA69-9E0A1865F6B9} = {055D5071-407A-4396-BA69-9E0A1865F6B9}
		{AFD8E107-2B91-428E-9EA5-1E0EF7658E0E} = {AFD8E107-2B91-428E-9EA5-1E0EF7658E0E}
	EndProjectSection
EndProject
Project("{FAE04EC0-301F-11D3-BF4B-00C04F79EFBC}") = "WX.Data.View.ViewModelTemplateAdvance.JXC.ZHGL.YWYGL", "WX.Data.View.ViewModelTemplateAdvance.JXC.ZHGL.YWYGL\WX.Data.View.ViewModelTemplateAdvance.JXC.ZHGL.YWYGL.csproj", "{D9E3D2F8-4508-44EF-B246-EFEC40052BF6}"
EndProject
Project("{F2A71F9B-5D33-465A-A702-920D77279786}") = "WX.Data.ClientChannelAdvance.FromAzure.JXC.ZHGL.YWYGL", "WX.Data.ClientChannelAdvance.FromAzure.JXC.ZHGL.YWYGL\WX.Data.ClientChannelAdvance.FromAzure.JXC.ZHGL.YWYGL.fsproj", "{CE385D87-77C4-4C24-B7AA-A3A9C18CA63F}"
	ProjectSection(ProjectDependencies) = postProject
		{AFD8E107-2B91-428E-9EA5-1E0EF7658E0E} = {AFD8E107-2B91-428E-9EA5-1E0EF7658E0E}
	EndProjectSection
EndProject
Project("{F2A71F9B-5D33-465A-A702-920D77279786}") = "WX.Data.ClientChannelAdvance.FromNative.JXC.ZHGL.YWYGL", "WX.Data.ClientChannelAdvance.FromNative.JXC.ZHGL.YWYGL\WX.Data.ClientChannelAdvance.FromNative.JXC.ZHGL.YWYGL.fsproj", "{C8971D04-868D-4203-A498-BED334D2A66F}"
	ProjectSection(ProjectDependencies) = postProject
		{055D5071-407A-4396-BA69-9E0A1865F6B9} = {055D5071-407A-4396-BA69-9E0A1865F6B9}
		{AFD8E107-2B91-428E-9EA5-1E0EF7658E0E} = {AFD8E107-2B91-428E-9EA5-1E0EF7658E0E}
	EndProjectSection
EndProject
Project("{F2A71F9B-5D33-465A-A702-920D77279786}") = "WX.Data.ClientChannelAdvance.FromServer.JXC.ZHGL.YWYGL", "WX.Data.ClientChannelAdvance.FromServer.JXC.ZHGL.YWYGL\WX.Data.ClientChannelAdvance.FromServer.JXC.ZHGL.YWYGL.fsproj", "{7353D7B2-60EC-4EAA-ACE4-6E6776D576C4}"
	ProjectSection(ProjectDependencies) = postProject
		{AFD8E107-2B91-428E-9EA5-1E0EF7658E0E} = {AFD8E107-2B91-428E-9EA5-1E0EF7658E0E}
	EndProjectSection
EndProject
Project("{FAE04EC0-301F-11D3-BF4B-00C04F79EFBC}") = "WX.Data.WinMain", "..\..\SBIIMS_Integration\WX.Data.WinMain\WX.Data.WinMain.csproj", "{C858BEA7-6485-4316-A0B0-182303D6A58E}"
EndProject
Project("{F2A71F9B-5D33-465A-A702-920D77279786}") = "WX.Data.ClientChannelAdvance.JXC.ZHGL.YWYGL", "WX.Data.ClientChannelAdvance.JXC.ZHGL.YWYGL\WX.Data.ClientChannelAdvance.JXC.ZHGL.YWYGL.fsproj", "{312D64FB-AB1E-44E3-9EA9-72DF6AC00134}"
	ProjectSection(ProjectDependencies) = postProject
		{055D5071-407A-4396-BA69-9E0A1865F6B9} = {055D5071-407A-4396-BA69-9E0A1865F6B9}
		{AFD8E107-2B91-428E-9EA5-1E0EF7658E0E} = {AFD8E107-2B91-428E-9EA5-1E0EF7658E0E}
	EndProjectSection
EndProject
Project("{FAE04EC0-301F-11D3-BF4B-00C04F79EFBC}") = "WX.Data.WcfServiceAdvance.WebIISHost.JXC.ZHGL.YWYGL", "WX.Data.WcfServiceAdvance.WebIISHost.JXC.ZHGL.YWYGL\WX.Data.WcfServiceAdvance.WebIISHost.JXC.ZHGL.YWYGL.csproj", "{A227DBBC-E0DF-40BF-9EA8-E493727EB173}"
	ProjectSection(ProjectDependencies) = postProject
		{B642C724-FF89-4006-A684-962E9CB9729A} = {B642C724-FF89-4006-A684-962E9CB9729A}
	EndProjectSection
EndProject
Project("{F2A71F9B-5D33-465A-A702-920D77279786}") = "WX.Data.BusinessEntitiesAdvance.JXC.ZHGL.YWYGL", "WX.Data.BusinessEntitiesAdvance.JXC.ZHGL.YWYGL\WX.Data.BusinessEntitiesAdvance.JXC.ZHGL.YWYGL.fsproj", "{53E02A91-F61D-4530-AE99-C7F09B1A470F}"
EndProject
Project("{F2A71F9B-5D33-465A-A702-920D77279786}") = "WX.Data.BusinessEntities.JXC.ZHGL.YWYGL", "WX.Data.BusinessEntities.JXC.ZHGL.YWYGL\WX.Data.BusinessEntities.JXC.ZHGL.YWYGL.fsproj", "{5682FB68-FB20-4CDD-A0F7-5D7FDE1DFA08}"
EndProject
Project("{F2A71F9B-5D33-465A-A702-920D77279786}") = "WX.Data.DataAccess.JXC.ZHGL.YWYGL", "WX.Data.DataAccess.JXC.ZHGL.YWYGL\WX.Data.DataAccess.JXC.ZHGL.YWYGL.fsproj", "{7556B7F7-05CB-43B8-8A27-390B96554295}"
EndProject
Project("{FAE04EC0-301F-11D3-BF4B-00C04F79EFBC}") = "WX.Data.DataModel.JXC.ZHGL.YWYGL", "WX.Data.DataModel.JXC.ZHGL.YWYGL\WX.Data.DataModel.JXC.ZHGL.YWYGL.csproj", "{B83CE605-DB0E-40FD-B53D-75DD1DDE8FF4}"
EndProject
Project("{F2A71F9B-5D33-465A-A702-920D77279786}") = "WX.Data.DatabaseDictionary.JXC.ZHGL.YWYGL", "WX.Data.DatabaseDictionary.JXC.ZHGL.YWYGL\WX.Data.DatabaseDictionary.JXC.ZHGL.YWYGL.fsproj", "{B02246CC-908D-4FC2-8099-7D89AF4A2055}"
EndProject
Project("{F2A71F9B-5D33-465A-A702-920D77279786}") = "WX.Data.IDataAccess.JXC.ZHGL.YWYGL", "WX.Data.IDataAccess.JXC.ZHGL.YWYGL\WX.Data.IDataAccess.JXC.ZHGL.YWYGL.fsproj", "{3D505369-6119-45A8-B6B1-1A45CA055B60}"
EndProject
Global
	GlobalSection(SolutionConfigurationPlatforms) = preSolution
		Debug|Any CPU = Debug|Any CPU
		Release|Any CPU = Release|Any CPU
	EndGlobalSection
	GlobalSection(ProjectConfigurationPlatforms) = postSolution
		{055D5071-407A-4396-BA69-9E0A1865F6B9}.Debug|Any CPU.ActiveCfg = Debug|Any CPU
		{055D5071-407A-4396-BA69-9E0A1865F6B9}.Debug|Any CPU.Build.0 = Debug|Any CPU
		{055D5071-407A-4396-BA69-9E0A1865F6B9}.Release|Any CPU.ActiveCfg = Release|Any CPU
		{055D5071-407A-4396-BA69-9E0A1865F6B9}.Release|Any CPU.Build.0 = Release|Any CPU
		{4644F6E4-3010-4307-84F6-67E789D55632}.Debug|Any CPU.ActiveCfg = Debug|Any CPU
		{4644F6E4-3010-4307-84F6-67E789D55632}.Release|Any CPU.ActiveCfg = Release|Any CPU
		{4644F6E4-3010-4307-84F6-67E789D55632}.Release|Any CPU.Build.0 = Release|Any CPU
		{D4C73D4D-98A7-49A6-BD86-095ECE00E01F}.Debug|Any CPU.ActiveCfg = Debug|Any CPU
		{D4C73D4D-98A7-49A6-BD86-095ECE00E01F}.Release|Any CPU.ActiveCfg = Release|Any CPU
		{D4C73D4D-98A7-49A6-BD86-095ECE00E01F}.Release|Any CPU.Build.0 = Release|Any CPU
		{89ADCE6F-047F-43C5-9CAA-B460138EE258}.Debug|Any CPU.ActiveCfg = Debug|Any CPU
		{89ADCE6F-047F-43C5-9CAA-B460138EE258}.Release|Any CPU.ActiveCfg = Release|Any CPU
		{89ADCE6F-047F-43C5-9CAA-B460138EE258}.Release|Any CPU.Build.0 = Release|Any CPU
		{AF4A75F1-15C8-4EFA-9EFA-83AB918FE1B3}.Debug|Any CPU.ActiveCfg = Debug|Any CPU
		{AF4A75F1-15C8-4EFA-9EFA-83AB918FE1B3}.Release|Any CPU.ActiveCfg = Release|Any CPU
		{AF4A75F1-15C8-4EFA-9EFA-83AB918FE1B3}.Release|Any CPU.Build.0 = Release|Any CPU
		{AFD8E107-2B91-428E-9EA5-1E0EF7658E0E}.Debug|Any CPU.ActiveCfg = Debug|Any CPU
		{AFD8E107-2B91-428E-9EA5-1E0EF7658E0E}.Debug|Any CPU.Build.0 = Debug|Any CPU
		{AFD8E107-2B91-428E-9EA5-1E0EF7658E0E}.Release|Any CPU.ActiveCfg = Release|Any CPU
		{AFD8E107-2B91-428E-9EA5-1E0EF7658E0E}.Release|Any CPU.Build.0 = Release|Any CPU
		{4F805626-64E2-4115-8114-99021C868576}.Debug|Any CPU.ActiveCfg = Debug|Any CPU
		{4F805626-64E2-4115-8114-99021C868576}.Release|Any CPU.ActiveCfg = Release|Any CPU
		{4F805626-64E2-4115-8114-99021C868576}.Release|Any CPU.Build.0 = Release|Any CPU
		{4BE6147E-2E9C-4E7E-A688-703978A7DCD4}.Debug|Any CPU.ActiveCfg = Debug|Any CPU
		{4BE6147E-2E9C-4E7E-A688-703978A7DCD4}.Release|Any CPU.ActiveCfg = Release|Any CPU
		{4BE6147E-2E9C-4E7E-A688-703978A7DCD4}.Release|Any CPU.Build.0 = Release|Any CPU
		{B642C724-FF89-4006-A684-962E9CB9729A}.Debug|Any CPU.ActiveCfg = Debug|Any CPU
		{B642C724-FF89-4006-A684-962E9CB9729A}.Debug|Any CPU.Build.0 = Debug|Any CPU
		{B642C724-FF89-4006-A684-962E9CB9729A}.Release|Any CPU.ActiveCfg = Release|Any CPU
		{B642C724-FF89-4006-A684-962E9CB9729A}.Release|Any CPU.Build.0 = Release|Any CPU
		{D9E3D2F8-4508-44EF-B246-EFEC40052BF6}.Debug|Any CPU.ActiveCfg = Debug|Any CPU
		{D9E3D2F8-4508-44EF-B246-EFEC40052BF6}.Release|Any CPU.ActiveCfg = Release|Any CPU
		{D9E3D2F8-4508-44EF-B246-EFEC40052BF6}.Release|Any CPU.Build.0 = Release|Any CPU
		{CE385D87-77C4-4C24-B7AA-A3A9C18CA63F}.Debug|Any CPU.ActiveCfg = Debug|Any CPU
		{CE385D87-77C4-4C24-B7AA-A3A9C18CA63F}.Debug|Any CPU.Build.0 = Debug|Any CPU
		{CE385D87-77C4-4C24-B7AA-A3A9C18CA63F}.Release|Any CPU.ActiveCfg = Release|Any CPU
		{CE385D87-77C4-4C24-B7AA-A3A9C18CA63F}.Release|Any CPU.Build.0 = Release|Any CPU
		{C8971D04-868D-4203-A498-BED334D2A66F}.Debug|Any CPU.ActiveCfg = Debug|Any CPU
		{C8971D04-868D-4203-A498-BED334D2A66F}.Debug|Any CPU.Build.0 = Debug|Any CPU
		{C8971D04-868D-4203-A498-BED334D2A66F}.Release|Any CPU.ActiveCfg = Release|Any CPU
		{C8971D04-868D-4203-A498-BED334D2A66F}.Release|Any CPU.Build.0 = Release|Any CPU
		{7353D7B2-60EC-4EAA-ACE4-6E6776D576C4}.Debug|Any CPU.ActiveCfg = Debug|Any CPU
		{7353D7B2-60EC-4EAA-ACE4-6E6776D576C4}.Debug|Any CPU.Build.0 = Debug|Any CPU
		{7353D7B2-60EC-4EAA-ACE4-6E6776D576C4}.Release|Any CPU.ActiveCfg = Release|Any CPU
		{7353D7B2-60EC-4EAA-ACE4-6E6776D576C4}.Release|Any CPU.Build.0 = Release|Any CPU
		{C858BEA7-6485-4316-A0B0-182303D6A58E}.Debug|Any CPU.ActiveCfg = Debug|Any CPU
		{C858BEA7-6485-4316-A0B0-182303D6A58E}.Release|Any CPU.ActiveCfg = Release|Any CPU
		{C858BEA7-6485-4316-A0B0-182303D6A58E}.Release|Any CPU.Build.0 = Release|Any CPU
		{312D64FB-AB1E-44E3-9EA9-72DF6AC00134}.Debug|Any CPU.ActiveCfg = Debug|Any CPU
		{312D64FB-AB1E-44E3-9EA9-72DF6AC00134}.Debug|Any CPU.Build.0 = Debug|Any CPU
		{312D64FB-AB1E-44E3-9EA9-72DF6AC00134}.Release|Any CPU.ActiveCfg = Release|Any CPU
		{312D64FB-AB1E-44E3-9EA9-72DF6AC00134}.Release|Any CPU.Build.0 = Release|Any CPU
		{A227DBBC-E0DF-40BF-9EA8-E493727EB173}.Debug|Any CPU.ActiveCfg = Debug|Any CPU
		{A227DBBC-E0DF-40BF-9EA8-E493727EB173}.Debug|Any CPU.Build.0 = Debug|Any CPU
		{A227DBBC-E0DF-40BF-9EA8-E493727EB173}.Release|Any CPU.ActiveCfg = Release|Any CPU
		{A227DBBC-E0DF-40BF-9EA8-E493727EB173}.Release|Any CPU.Build.0 = Release|Any CPU
		{53E02A91-F61D-4530-AE99-C7F09B1A470F}.Debug|Any CPU.ActiveCfg = Debug|Any CPU
		{53E02A91-F61D-4530-AE99-C7F09B1A470F}.Release|Any CPU.ActiveCfg = Release|Any CPU
		{53E02A91-F61D-4530-AE99-C7F09B1A470F}.Release|Any CPU.Build.0 = Release|Any CPU
		{5682FB68-FB20-4CDD-A0F7-5D7FDE1DFA08}.Debug|Any CPU.ActiveCfg = Debug|Any CPU
		{5682FB68-FB20-4CDD-A0F7-5D7FDE1DFA08}.Debug|Any CPU.Build.0 = Debug|Any CPU
		{5682FB68-FB20-4CDD-A0F7-5D7FDE1DFA08}.Release|Any CPU.ActiveCfg = Release|Any CPU
		{5682FB68-FB20-4CDD-A0F7-5D7FDE1DFA08}.Release|Any CPU.Build.0 = Release|Any CPU
		{7556B7F7-05CB-43B8-8A27-390B96554295}.Debug|Any CPU.ActiveCfg = Debug|Any CPU
		{7556B7F7-05CB-43B8-8A27-390B96554295}.Debug|Any CPU.Build.0 = Debug|Any CPU
		{7556B7F7-05CB-43B8-8A27-390B96554295}.Release|Any CPU.ActiveCfg = Release|Any CPU
		{7556B7F7-05CB-43B8-8A27-390B96554295}.Release|Any CPU.Build.0 = Release|Any CPU
		{B83CE605-DB0E-40FD-B53D-75DD1DDE8FF4}.Debug|Any CPU.ActiveCfg = Debug|Any CPU
		{B83CE605-DB0E-40FD-B53D-75DD1DDE8FF4}.Debug|Any CPU.Build.0 = Debug|Any CPU
		{B83CE605-DB0E-40FD-B53D-75DD1DDE8FF4}.Release|Any CPU.ActiveCfg = Release|Any CPU
		{B83CE605-DB0E-40FD-B53D-75DD1DDE8FF4}.Release|Any CPU.Build.0 = Release|Any CPU
		{B02246CC-908D-4FC2-8099-7D89AF4A2055}.Debug|Any CPU.ActiveCfg = Debug|Any CPU
		{B02246CC-908D-4FC2-8099-7D89AF4A2055}.Debug|Any CPU.Build.0 = Debug|Any CPU
		{B02246CC-908D-4FC2-8099-7D89AF4A2055}.Release|Any CPU.ActiveCfg = Release|Any CPU
		{B02246CC-908D-4FC2-8099-7D89AF4A2055}.Release|Any CPU.Build.0 = Release|Any CPU
		{3D505369-6119-45A8-B6B1-1A45CA055B60}.Debug|Any CPU.ActiveCfg = Debug|Any CPU
		{3D505369-6119-45A8-B6B1-1A45CA055B60}.Debug|Any CPU.Build.0 = Debug|Any CPU
		{3D505369-6119-45A8-B6B1-1A45CA055B60}.Release|Any CPU.ActiveCfg = Release|Any CPU
		{3D505369-6119-45A8-B6B1-1A45CA055B60}.Release|Any CPU.Build.0 = Release|Any CPU
	EndGlobalSection
	GlobalSection(SolutionProperties) = preSolution
		HideSolutionNode = FALSE
	EndGlobalSection
	GlobalSection(NestedProjects) = preSolution
		{055D5071-407A-4396-BA69-9E0A1865F6B9} = {26EB9CDE-CC3A-430D-806F-D4B8B3511ABF}
		{AFD8E107-2B91-428E-9EA5-1E0EF7658E0E} = {26EB9CDE-CC3A-430D-806F-D4B8B3511ABF}
		{B642C724-FF89-4006-A684-962E9CB9729A} = {26EB9CDE-CC3A-430D-806F-D4B8B3511ABF}
		{CE385D87-77C4-4C24-B7AA-A3A9C18CA63F} = {26EB9CDE-CC3A-430D-806F-D4B8B3511ABF}
		{C8971D04-868D-4203-A498-BED334D2A66F} = {26EB9CDE-CC3A-430D-806F-D4B8B3511ABF}
		{7353D7B2-60EC-4EAA-ACE4-6E6776D576C4} = {26EB9CDE-CC3A-430D-806F-D4B8B3511ABF}
		{312D64FB-AB1E-44E3-9EA9-72DF6AC00134} = {26EB9CDE-CC3A-430D-806F-D4B8B3511ABF}
		{A227DBBC-E0DF-40BF-9EA8-E493727EB173} = {26EB9CDE-CC3A-430D-806F-D4B8B3511ABF}
		{D4C73D4D-98A7-49A6-BD86-095ECE00E01F} = {1B7CDACE-9D6B-486B-A41F-CA6C184E117A}
		{89ADCE6F-047F-43C5-9CAA-B460138EE258} = {1B7CDACE-9D6B-486B-A41F-CA6C184E117A}
		{4F805626-64E2-4115-8114-99021C868576} = {1B7CDACE-9D6B-486B-A41F-CA6C184E117A}
		{4BE6147E-2E9C-4E7E-A688-703978A7DCD4} = {1B7CDACE-9D6B-486B-A41F-CA6C184E117A}
		{D9E3D2F8-4508-44EF-B246-EFEC40052BF6} = {1B7CDACE-9D6B-486B-A41F-CA6C184E117A}
		{4644F6E4-3010-4307-84F6-67E789D55632} = {87D8CD97-7E55-4038-8883-16D0AE656953}
		{AF4A75F1-15C8-4EFA-9EFA-83AB918FE1B3} = {87D8CD97-7E55-4038-8883-16D0AE656953}
		{53E02A91-F61D-4530-AE99-C7F09B1A470F} = {87D8CD97-7E55-4038-8883-16D0AE656953}
		{5682FB68-FB20-4CDD-A0F7-5D7FDE1DFA08} = {C26F745A-DD12-441F-B4D5-07F156499FC7}
		{7556B7F7-05CB-43B8-8A27-390B96554295} = {C26F745A-DD12-441F-B4D5-07F156499FC7}
		{B83CE605-DB0E-40FD-B53D-75DD1DDE8FF4} = {C26F745A-DD12-441F-B4D5-07F156499FC7}
		{B02246CC-908D-4FC2-8099-7D89AF4A2055} = {C26F745A-DD12-441F-B4D5-07F156499FC7}
		{3D505369-6119-45A8-B6B1-1A45CA055B60} = {C26F745A-DD12-441F-B4D5-07F156499FC7}
	EndGlobalSection
EndGlobal
