
Microsoft Visual Studio Solution File, Format Version 12.00
# Visual Studio 2013
VisualStudioVersion = 12.0.30110.0
MinimumVisualStudioVersion = 10.0.40219.1
Project("{2150E333-8FDC-42A3-9474-1A3956D46DE8}") = "SBIIMS_SL_Base", "SBIIMS_SL_Base", "{15DFB368-DFA5-4D7B-8705-9445489B31F2}"
EndProject
Project("{2150E333-8FDC-42A3-9474-1A3956D46DE8}") = "WX.Data.Base", "WX.Data.Base", "{24E3253E-6771-4CEF-9FD3-D5B492FDC119}"
EndProject
Project("{2150E333-8FDC-42A3-9474-1A3956D46DE8}") = "SBIIMS_SL_JXC", "SBIIMS_SL_JXC", "{7FDB2CF3-D703-4B6B-A954-C75FD8B84F4B}"
EndProject
Project("{2150E333-8FDC-42A3-9474-1A3956D46DE8}") = "WX.Data.View", "WX.Data.View", "{26140E24-5BFB-47E1-9D29-6E9DB1397768}"
EndProject
Project("{2150E333-8FDC-42A3-9474-1A3956D46DE8}") = "WX.Data.ViewModel", "WX.Data.ViewModel", "{CA19CB4F-2123-4582-9E03-43D1E7B7A496}"
EndProject
Project("{2150E333-8FDC-42A3-9474-1A3956D46DE8}") = "WX.Data.ViewModelAdvance", "WX.Data.ViewModelAdvance", "{68C4A04E-056E-4266-81A8-B90F5D8092B5}"
EndProject
Project("{2150E333-8FDC-42A3-9474-1A3956D46DE8}") = "WX.Data.ViewBase", "WX.Data.ViewBase", "{AB349D7D-0B82-490A-8F72-41DDC83EDAD3}"
EndProject
Project("{2150E333-8FDC-42A3-9474-1A3956D46DE8}") = "WX.Data.View.Control", "WX.Data.View.Control", "{2C8410CC-F8CE-4D5D-B6C1-B4015DE4529A}"
EndProject
Project("{2150E333-8FDC-42A3-9474-1A3956D46DE8}") = "WX.Data.View.Resources", "WX.Data.View.Resources", "{BA1AD895-4300-45D3-8F5A-2AA05B3C29AC}"
EndProject
Project("{2150E333-8FDC-42A3-9474-1A3956D46DE8}") = "SBIIMS_SL_Integration", "SBIIMS_SL_Integration", "{681C442E-C2D3-4DE8-8770-38056F2AE375}"
EndProject
Project("{2150E333-8FDC-42A3-9474-1A3956D46DE8}") = "SBIIMS_SL_System", "SBIIMS_SL_System", "{8C67CD6F-0001-4917-B120-4EBACE67850F}"
EndProject
Project("{2150E333-8FDC-42A3-9474-1A3956D46DE8}") = "WX.Data.Client", "WX.Data.Client", "{27ABFED0-BC9E-4D03-A1AA-2FDCDB283E49}"
EndProject
Project("{2150E333-8FDC-42A3-9474-1A3956D46DE8}") = "WX.Data.Server", "WX.Data.Server", "{FD314EE5-D398-4CC4-BDEA-061276329713}"
EndProject
Project("{2150E333-8FDC-42A3-9474-1A3956D46DE8}") = "SBIIMS_SL_AC", "SBIIMS_SL_AC", "{CC450146-FBD5-4AD2-B414-A44AD6236BF8}"
EndProject
Project("{2150E333-8FDC-42A3-9474-1A3956D46DE8}") = "WX.Data.Client", "WX.Data.Client", "{76B1F310-AED5-49F8-921C-3E60F58DE98B}"
EndProject
Project("{2150E333-8FDC-42A3-9474-1A3956D46DE8}") = "WX.Data.Server", "WX.Data.Server", "{2C5D8CB3-A0A3-4EA1-9669-7C1C0D77DFE1}"
EndProject
Project("{2150E333-8FDC-42A3-9474-1A3956D46DE8}") = "SBIIMS_SL_SC", "SBIIMS_SL_SC", "{4A0C321F-F643-4FAC-BA18-AB831896F83A}"
EndProject
Project("{2150E333-8FDC-42A3-9474-1A3956D46DE8}") = "WX.Data.Client", "WX.Data.Client", "{7A43DC75-9735-4698-88B3-E5E1D30A351E}"
EndProject
Project("{2150E333-8FDC-42A3-9474-1A3956D46DE8}") = "WX.Data.Server", "WX.Data.Server", "{8FEAC3FF-0738-4E56-B230-00417E7A1E96}"
EndProject
Project("{F2A71F9B-5D33-465A-A702-920D77279786}") = "WX.Data.Silverlight.ViewModelBase", "WX.Data.Silverlight.ViewModelBase\WX.Data.Silverlight.ViewModelBase.fsproj", "{0A3B83EE-B858-4BC9-A393-89E82C2FD338}"
EndProject
Project("{FAE04EC0-301F-11D3-BF4B-00C04F79EFBC}") = "WX.Data.Silverlight.Host", "WX.Data.Silverlight.Host\WX.Data.Silverlight.Host.csproj", "{E30F0AB7-429C-410B-B414-C02B8F656D1A}"
EndProject
Project("{FAE04EC0-301F-11D3-BF4B-00C04F79EFBC}") = "WX.Data.Silverlight.Main", "WX.Data.Silverlight.Main\WX.Data.Silverlight.Main.csproj", "{78181B13-B4FD-4048-AF9C-C0A84912895F}"
EndProject
Project("{FAE04EC0-301F-11D3-BF4B-00C04F79EFBC}") = "WX.Data.Silverlight.View.System", "WX.Data.Silverlight.View.System\WX.Data.Silverlight.View.System.csproj", "{1804CB20-B911-4B60-972B-0BB3BB6EB6B1}"
EndProject
Project("{F2A71F9B-5D33-465A-A702-920D77279786}") = "WX.Data.Silverlight.ViewModel.System", "WX.Data.Silverlight.ViewModel.System\WX.Data.Silverlight.ViewModel.System.fsproj", "{9FFA599E-706E-4EE0-A838-C4A71F7C1B56}"
EndProject
Project("{FAE04EC0-301F-11D3-BF4B-00C04F79EFBC}") = "WX.Data.Silverlight.View.ViewModelTemplate", "WX.Data.Silverlight.View.ViewModelTemplate\WX.Data.Silverlight.View.ViewModelTemplate.csproj", "{B8EEB5C1-9011-4CB7-B8DA-B2A54BFB4254}"
EndProject
Project("{F2A71F9B-5D33-465A-A702-920D77279786}") = "WX.Data.Silverlight.View.JXC.JBXXCX", "WX.Data.Silverlight.View.JXC.JBXXCX\WX.Data.Silverlight.View.JXC.JBXXCX.fsproj", "{0046DCCB-4DB7-42FD-ADE0-D40D7814D775}"
EndProject
Project("{F2A71F9B-5D33-465A-A702-920D77279786}") = "WX.Data.Silverlight.ViewModel.JXC_JBXXCX", "WX.Data.Silverlight.ViewModel.JXC.JBXXCX\WX.Data.Silverlight.ViewModel.JXC_JBXXCX.fsproj", "{6716794F-9A59-429E-8D5E-60D8E09F8C83}"
EndProject
Project("{F2A71F9B-5D33-465A-A702-920D77279786}") = "WX.Data.Silverlight.ClientControl", "WX.Data.Silverlight.ClientControl\WX.Data.Silverlight.ClientControl.fsproj", "{DF16BB78-BE47-4DB3-B2F0-C103F572CDDE}"
EndProject
Project("{F2A71F9B-5D33-465A-A702-920D77279786}") = "WX.Data.Silverlight.ViewModelAdvance.JXC.JBXXCX", "WX.Data.Silverlight.ViewModelAdvance.JXC.JBXXCX\WX.Data.Silverlight.ViewModelAdvance.JXC.JBXXCX.fsproj", "{0C1D231F-4B7A-4E47-801C-667CF9CE8870}"
EndProject
Project("{F2A71F9B-5D33-465A-A702-920D77279786}") = "WX.Data.Silverlight.ViewModelAdvance.System", "WX.Data.Silverlight.ViewModelAdvance.System\WX.Data.Silverlight.ViewModelAdvance.System.fsproj", "{992A9797-1FB1-4184-8E14-6F492E1912E7}"
EndProject
Global
	GlobalSection(SolutionConfigurationPlatforms) = preSolution
		Debug|Any CPU = Debug|Any CPU
		Release|Any CPU = Release|Any CPU
	EndGlobalSection
	GlobalSection(ProjectConfigurationPlatforms) = postSolution
		{0A3B83EE-B858-4BC9-A393-89E82C2FD338}.Debug|Any CPU.ActiveCfg = Debug|Any CPU
		{0A3B83EE-B858-4BC9-A393-89E82C2FD338}.Release|Any CPU.ActiveCfg = Release|Any CPU
		{0A3B83EE-B858-4BC9-A393-89E82C2FD338}.Release|Any CPU.Build.0 = Release|Any CPU
		{E30F0AB7-429C-410B-B414-C02B8F656D1A}.Debug|Any CPU.ActiveCfg = Debug|Any CPU
		{E30F0AB7-429C-410B-B414-C02B8F656D1A}.Release|Any CPU.ActiveCfg = Release|Any CPU
		{E30F0AB7-429C-410B-B414-C02B8F656D1A}.Release|Any CPU.Build.0 = Release|Any CPU
		{78181B13-B4FD-4048-AF9C-C0A84912895F}.Debug|Any CPU.ActiveCfg = Debug|Any CPU
		{78181B13-B4FD-4048-AF9C-C0A84912895F}.Release|Any CPU.ActiveCfg = Release|Any CPU
		{78181B13-B4FD-4048-AF9C-C0A84912895F}.Release|Any CPU.Build.0 = Release|Any CPU
		{1804CB20-B911-4B60-972B-0BB3BB6EB6B1}.Debug|Any CPU.ActiveCfg = Debug|Any CPU
		{1804CB20-B911-4B60-972B-0BB3BB6EB6B1}.Release|Any CPU.ActiveCfg = Release|Any CPU
		{1804CB20-B911-4B60-972B-0BB3BB6EB6B1}.Release|Any CPU.Build.0 = Release|Any CPU
		{9FFA599E-706E-4EE0-A838-C4A71F7C1B56}.Debug|Any CPU.ActiveCfg = Debug|Any CPU
		{9FFA599E-706E-4EE0-A838-C4A71F7C1B56}.Release|Any CPU.ActiveCfg = Release|Any CPU
		{9FFA599E-706E-4EE0-A838-C4A71F7C1B56}.Release|Any CPU.Build.0 = Release|Any CPU
		{B8EEB5C1-9011-4CB7-B8DA-B2A54BFB4254}.Debug|Any CPU.ActiveCfg = Debug|Any CPU
		{B8EEB5C1-9011-4CB7-B8DA-B2A54BFB4254}.Release|Any CPU.ActiveCfg = Release|Any CPU
		{B8EEB5C1-9011-4CB7-B8DA-B2A54BFB4254}.Release|Any CPU.Build.0 = Release|Any CPU
		{0046DCCB-4DB7-42FD-ADE0-D40D7814D775}.Debug|Any CPU.ActiveCfg = Debug|Any CPU
		{0046DCCB-4DB7-42FD-ADE0-D40D7814D775}.Release|Any CPU.ActiveCfg = Release|Any CPU
		{0046DCCB-4DB7-42FD-ADE0-D40D7814D775}.Release|Any CPU.Build.0 = Release|Any CPU
		{6716794F-9A59-429E-8D5E-60D8E09F8C83}.Debug|Any CPU.ActiveCfg = Debug|Any CPU
		{6716794F-9A59-429E-8D5E-60D8E09F8C83}.Release|Any CPU.ActiveCfg = Release|Any CPU
		{6716794F-9A59-429E-8D5E-60D8E09F8C83}.Release|Any CPU.Build.0 = Release|Any CPU
		{DF16BB78-BE47-4DB3-B2F0-C103F572CDDE}.Debug|Any CPU.ActiveCfg = Debug|Any CPU
		{DF16BB78-BE47-4DB3-B2F0-C103F572CDDE}.Debug|Any CPU.Build.0 = Debug|Any CPU
		{DF16BB78-BE47-4DB3-B2F0-C103F572CDDE}.Release|Any CPU.ActiveCfg = Release|Any CPU
		{DF16BB78-BE47-4DB3-B2F0-C103F572CDDE}.Release|Any CPU.Build.0 = Release|Any CPU
		{0C1D231F-4B7A-4E47-801C-667CF9CE8870}.Debug|Any CPU.ActiveCfg = Debug|Any CPU
		{0C1D231F-4B7A-4E47-801C-667CF9CE8870}.Debug|Any CPU.Build.0 = Debug|Any CPU
		{0C1D231F-4B7A-4E47-801C-667CF9CE8870}.Release|Any CPU.ActiveCfg = Release|Any CPU
		{0C1D231F-4B7A-4E47-801C-667CF9CE8870}.Release|Any CPU.Build.0 = Release|Any CPU
		{992A9797-1FB1-4184-8E14-6F492E1912E7}.Debug|Any CPU.ActiveCfg = Debug|Any CPU
		{992A9797-1FB1-4184-8E14-6F492E1912E7}.Debug|Any CPU.Build.0 = Debug|Any CPU
		{992A9797-1FB1-4184-8E14-6F492E1912E7}.Release|Any CPU.ActiveCfg = Release|Any CPU
		{992A9797-1FB1-4184-8E14-6F492E1912E7}.Release|Any CPU.Build.0 = Release|Any CPU
	EndGlobalSection
	GlobalSection(SolutionProperties) = preSolution
		HideSolutionNode = FALSE
	EndGlobalSection
	GlobalSection(NestedProjects) = preSolution
		{24E3253E-6771-4CEF-9FD3-D5B492FDC119} = {15DFB368-DFA5-4D7B-8705-9445489B31F2}
		{AB349D7D-0B82-490A-8F72-41DDC83EDAD3} = {15DFB368-DFA5-4D7B-8705-9445489B31F2}
		{0A3B83EE-B858-4BC9-A393-89E82C2FD338} = {24E3253E-6771-4CEF-9FD3-D5B492FDC119}
		{26140E24-5BFB-47E1-9D29-6E9DB1397768} = {7FDB2CF3-D703-4B6B-A954-C75FD8B84F4B}
		{CA19CB4F-2123-4582-9E03-43D1E7B7A496} = {7FDB2CF3-D703-4B6B-A954-C75FD8B84F4B}
		{68C4A04E-056E-4266-81A8-B90F5D8092B5} = {7FDB2CF3-D703-4B6B-A954-C75FD8B84F4B}
		{0046DCCB-4DB7-42FD-ADE0-D40D7814D775} = {26140E24-5BFB-47E1-9D29-6E9DB1397768}
		{6716794F-9A59-429E-8D5E-60D8E09F8C83} = {CA19CB4F-2123-4582-9E03-43D1E7B7A496}
		{0C1D231F-4B7A-4E47-801C-667CF9CE8870} = {68C4A04E-056E-4266-81A8-B90F5D8092B5}
		{2C8410CC-F8CE-4D5D-B6C1-B4015DE4529A} = {AB349D7D-0B82-490A-8F72-41DDC83EDAD3}
		{BA1AD895-4300-45D3-8F5A-2AA05B3C29AC} = {AB349D7D-0B82-490A-8F72-41DDC83EDAD3}
		{E30F0AB7-429C-410B-B414-C02B8F656D1A} = {681C442E-C2D3-4DE8-8770-38056F2AE375}
		{78181B13-B4FD-4048-AF9C-C0A84912895F} = {681C442E-C2D3-4DE8-8770-38056F2AE375}
		{B8EEB5C1-9011-4CB7-B8DA-B2A54BFB4254} = {681C442E-C2D3-4DE8-8770-38056F2AE375}
		{DF16BB78-BE47-4DB3-B2F0-C103F572CDDE} = {681C442E-C2D3-4DE8-8770-38056F2AE375}
		{27ABFED0-BC9E-4D03-A1AA-2FDCDB283E49} = {8C67CD6F-0001-4917-B120-4EBACE67850F}
		{FD314EE5-D398-4CC4-BDEA-061276329713} = {8C67CD6F-0001-4917-B120-4EBACE67850F}
		{1804CB20-B911-4B60-972B-0BB3BB6EB6B1} = {27ABFED0-BC9E-4D03-A1AA-2FDCDB283E49}
		{9FFA599E-706E-4EE0-A838-C4A71F7C1B56} = {27ABFED0-BC9E-4D03-A1AA-2FDCDB283E49}
		{992A9797-1FB1-4184-8E14-6F492E1912E7} = {27ABFED0-BC9E-4D03-A1AA-2FDCDB283E49}
		{76B1F310-AED5-49F8-921C-3E60F58DE98B} = {CC450146-FBD5-4AD2-B414-A44AD6236BF8}
		{2C5D8CB3-A0A3-4EA1-9669-7C1C0D77DFE1} = {CC450146-FBD5-4AD2-B414-A44AD6236BF8}
		{7A43DC75-9735-4698-88B3-E5E1D30A351E} = {4A0C321F-F643-4FAC-BA18-AB831896F83A}
		{8FEAC3FF-0738-4E56-B230-00417E7A1E96} = {4A0C321F-F643-4FAC-BA18-AB831896F83A}
	EndGlobalSection
EndGlobal
