
Microsoft Visual Studio Solution File, Format Version 12.00
# Visual Studio 2013
VisualStudioVersion = 12.0.30110.0
MinimumVisualStudioVersion = 10.0.40219.1
Project("{2150E333-8FDC-42A3-9474-1A3956D46DE8}") = "AdvanceAutomation", "AdvanceAutomation", "{26EB9CDE-CC3A-430D-806F-D4B8B3511ABF}"
EndProject
Project("{2150E333-8FDC-42A3-9474-1A3956D46DE8}") = "ClientProcessing", "ClientProcessing", "{1B7CDACE-9D6B-486B-A41F-CA6C184E117A}"
EndProject
Project("{2150E333-8FDC-42A3-9474-1A3956D46DE8}") = "DataProcessingAdvance", "DataProcessingAdvance", "{87D8CD97-7E55-4038-8883-16D0AE656953}"
EndProject
Project("{2150E333-8FDC-42A3-9474-1A3956D46DE8}") = "BaseAutomation", "BaseAutomation", "{C26F745A-DD12-441F-B4D5-07F156499FC7}"
EndProject
Project("{F2A71F9B-5D33-465A-A702-920D77279786}") = "WX.Data.BusinessLogicAdvance.JXC.XSGL.WLZW", "WX.Data.BusinessLogicAdvance.JXC.XSGL.WLZW\WX.Data.BusinessLogicAdvance.JXC.XSGL.WLZW.fsproj", "{82C92DAE-81CD-4941-BD45-C33F3FCBD20F}"
EndProject
Project("{F2A71F9B-5D33-465A-A702-920D77279786}") = "WX.Data.DataAccessAdvance.JXC.XSGL.WLZW", "WX.Data.DataAccessAdvance.JXC.XSGL.WLZW\WX.Data.DataAccessAdvance.JXC.XSGL.WLZW.fsproj", "{82F0F7A5-D618-4F3A-8CDF-272D43BB34B4}"
EndProject
Project("{F2A71F9B-5D33-465A-A702-920D77279786}") = "WX.Data.FViewModel.JXC.XSGL.WLZW", "WX.Data.FViewModel.JXC.XSGL.WLZW\WX.Data.FViewModel.JXC.XSGL.WLZW.fsproj", "{5EB6FB4E-B8DA-431C-A00B-0CF1822AAA9E}"
EndProject
Project("{F2A71F9B-5D33-465A-A702-920D77279786}") = "WX.Data.FViewModelAdvance.JXC.XSGL.WLZW", "WX.Data.FViewModelAdvance.JXC.XSGL.WLZW\WX.Data.FViewModelAdvance.JXC.XSGL.WLZW.fsproj", "{21659975-D184-44CB-8D18-0B5C59FB6548}"
EndProject
Project("{F2A71F9B-5D33-465A-A702-920D77279786}") = "WX.Data.IDataAccessAdvance.JXC.XSGL.WLZW", "WX.Data.IDataAccessAdvance.JXC.XSGL.WLZW\WX.Data.IDataAccessAdvance.JXC.XSGL.WLZW.fsproj", "{2A07FA52-309C-464B-97E0-01457C295A8D}"
EndProject
Project("{F2A71F9B-5D33-465A-A702-920D77279786}") = "WX.Data.ServiceContractsAdvance.JXC.XSGL.WLZW", "WX.Data.ServiceContractsAdvance.JXC.XSGL.WLZW\WX.Data.ServiceContractsAdvance.JXC.XSGL.WLZW.fsproj", "{FABABAC5-3DD7-43CE-B34E-D9928235A543}"
EndProject
Project("{FAE04EC0-301F-11D3-BF4B-00C04F79EFBC}") = "WX.Data.View.JXC.XSGL.WLZW", "WX.Data.View.JXC.XSGL.WLZW\WX.Data.View.JXC.XSGL.WLZW.csproj", "{032C884D-661A-4643-BAE9-AE58AFFE67F6}"
EndProject
Project("{FAE04EC0-301F-11D3-BF4B-00C04F79EFBC}") = "WX.Data.View.ViewModelTemplate.JXC.XSGL.WLZW", "WX.Data.View.ViewModelTemplate.JXC.XSGL.WLZW\WX.Data.View.ViewModelTemplate.JXC.XSGL.WLZW.csproj", "{56615B9C-1C70-4949-8903-1897C6B7E6F6}"
EndProject
Project("{F2A71F9B-5D33-465A-A702-920D77279786}") = "WX.Data.WcfServiceAdvance.JXC.XSGL.WLZW", "WX.Data.WcfServiceAdvance.JXC.XSGL.WLZW\WX.Data.WcfServiceAdvance.JXC.XSGL.WLZW.fsproj", "{F4C6B0B8-32B7-4FA8-B86E-FAEA63EB4FAB}"
	ProjectSection(ProjectDependencies) = postProject
		{82C92DAE-81CD-4941-BD45-C33F3FCBD20F} = {82C92DAE-81CD-4941-BD45-C33F3FCBD20F}
		{FABABAC5-3DD7-43CE-B34E-D9928235A543} = {FABABAC5-3DD7-43CE-B34E-D9928235A543}
	EndProjectSection
EndProject
Project("{FAE04EC0-301F-11D3-BF4B-00C04F79EFBC}") = "WX.Data.View.ViewModelTemplateAdvance.JXC.XSGL.WLZW", "WX.Data.View.ViewModelTemplateAdvance.JXC.XSGL.WLZW\WX.Data.View.ViewModelTemplateAdvance.JXC.XSGL.WLZW.csproj", "{403E5EA0-DDB8-4683-B411-4292080A0043}"
EndProject
Project("{F2A71F9B-5D33-465A-A702-920D77279786}") = "WX.Data.ClientChannelAdvance.FromAzure.JXC.XSGL.WLZW", "WX.Data.ClientChannelAdvance.FromAzure.JXC.XSGL.WLZW\WX.Data.ClientChannelAdvance.FromAzure.JXC.XSGL.WLZW.fsproj", "{13049672-CF06-4078-B62F-459E67827AC3}"
	ProjectSection(ProjectDependencies) = postProject
		{FABABAC5-3DD7-43CE-B34E-D9928235A543} = {FABABAC5-3DD7-43CE-B34E-D9928235A543}
	EndProjectSection
EndProject
Project("{F2A71F9B-5D33-465A-A702-920D77279786}") = "WX.Data.ClientChannelAdvance.FromNative.JXC.XSGL.WLZW", "WX.Data.ClientChannelAdvance.FromNative.JXC.XSGL.WLZW\WX.Data.ClientChannelAdvance.FromNative.JXC.XSGL.WLZW.fsproj", "{48DEF6FA-2644-4B07-8096-013AE1E714AE}"
	ProjectSection(ProjectDependencies) = postProject
		{82C92DAE-81CD-4941-BD45-C33F3FCBD20F} = {82C92DAE-81CD-4941-BD45-C33F3FCBD20F}
		{FABABAC5-3DD7-43CE-B34E-D9928235A543} = {FABABAC5-3DD7-43CE-B34E-D9928235A543}
	EndProjectSection
EndProject
Project("{F2A71F9B-5D33-465A-A702-920D77279786}") = "WX.Data.ClientChannelAdvance.FromServer.JXC.XSGL.WLZW", "WX.Data.ClientChannelAdvance.FromServer.JXC.XSGL.WLZW\WX.Data.ClientChannelAdvance.FromServer.JXC.XSGL.WLZW.fsproj", "{D50CDC61-74EE-4109-ADE2-33CAAEDB31C7}"
	ProjectSection(ProjectDependencies) = postProject
		{FABABAC5-3DD7-43CE-B34E-D9928235A543} = {FABABAC5-3DD7-43CE-B34E-D9928235A543}
	EndProjectSection
EndProject
Project("{FAE04EC0-301F-11D3-BF4B-00C04F79EFBC}") = "WX.Data.WinMain", "..\..\SBIIMS_Integration\WX.Data.WinMain\WX.Data.WinMain.csproj", "{C858BEA7-6485-4316-A0B0-182303D6A58E}"
EndProject
Project("{F2A71F9B-5D33-465A-A702-920D77279786}") = "WX.Data.ClientChannelAdvance.JXC.XSGL.WLZW", "WX.Data.ClientChannelAdvance.JXC.XSGL.WLZW\WX.Data.ClientChannelAdvance.JXC.XSGL.WLZW.fsproj", "{AF808B23-301A-4464-8363-5D10F5EC4C12}"
	ProjectSection(ProjectDependencies) = postProject
		{82C92DAE-81CD-4941-BD45-C33F3FCBD20F} = {82C92DAE-81CD-4941-BD45-C33F3FCBD20F}
		{FABABAC5-3DD7-43CE-B34E-D9928235A543} = {FABABAC5-3DD7-43CE-B34E-D9928235A543}
	EndProjectSection
EndProject
Project("{FAE04EC0-301F-11D3-BF4B-00C04F79EFBC}") = "WX.Data.WcfServiceAdvance.WebIISHost.JXC.XSGL.WLZW", "WX.Data.WcfServiceAdvance.WebIISHost.JXC.XSGL.WLZW\WX.Data.WcfServiceAdvance.WebIISHost.JXC.XSGL.WLZW.csproj", "{64C28C99-47FF-47C3-9BEA-02D8F04EA613}"
	ProjectSection(ProjectDependencies) = postProject
		{F4C6B0B8-32B7-4FA8-B86E-FAEA63EB4FAB} = {F4C6B0B8-32B7-4FA8-B86E-FAEA63EB4FAB}
	EndProjectSection
EndProject
Project("{F2A71F9B-5D33-465A-A702-920D77279786}") = "WX.Data.BusinessEntitiesAdvance.JXC.XSGL.WLZW", "WX.Data.BusinessEntitiesAdvance.JXC.XSGL.WLZW\WX.Data.BusinessEntitiesAdvance.JXC.XSGL.WLZW.fsproj", "{37924CAE-2E8D-4DFC-AF4D-B964CA5AF652}"
EndProject
Project("{F2A71F9B-5D33-465A-A702-920D77279786}") = "WX.Data.BusinessEntities.JXC.XSGL.WLZW", "WX.Data.BusinessEntities.JXC.XSGL.WLZW\WX.Data.BusinessEntities.JXC.XSGL.WLZW.fsproj", "{5682FB68-FB20-4CDD-A0F7-5D7FDE1DFA08}"
EndProject
Project("{F2A71F9B-5D33-465A-A702-920D77279786}") = "WX.Data.DataAccess.JXC.XSGL.WLZW", "WX.Data.DataAccess.JXC.XSGL.WLZW\WX.Data.DataAccess.JXC.XSGL.WLZW.fsproj", "{7556B7F7-05CB-43B8-8A27-390B96554295}"
EndProject
Project("{FAE04EC0-301F-11D3-BF4B-00C04F79EFBC}") = "WX.Data.DataModel.JXC.XSGL.WLZW", "WX.Data.DataModel.JXC.XSGL.WLZW\WX.Data.DataModel.JXC.XSGL.WLZW.csproj", "{B83CE605-DB0E-40FD-B53D-75DD1DDE8FF4}"
EndProject
Project("{F2A71F9B-5D33-465A-A702-920D77279786}") = "WX.Data.DatabaseDictionary.JXC.XSGL.WLZW", "WX.Data.DatabaseDictionary.JXC.XSGL.WLZW\WX.Data.DatabaseDictionary.JXC.XSGL.WLZW.fsproj", "{B02246CC-908D-4FC2-8099-7D89AF4A2055}"
EndProject
Project("{F2A71F9B-5D33-465A-A702-920D77279786}") = "WX.Data.IDataAccess.JXC.XSGL.WLZW", "WX.Data.IDataAccess.JXC.XSGL.WLZW\WX.Data.IDataAccess.JXC.XSGL.WLZW.fsproj", "{3D505369-6119-45A8-B6B1-1A45CA055B60}"
EndProject
Global
	GlobalSection(SolutionConfigurationPlatforms) = preSolution
		Debug|Any CPU = Debug|Any CPU
		Release|Any CPU = Release|Any CPU
	EndGlobalSection
	GlobalSection(ProjectConfigurationPlatforms) = postSolution
		{82C92DAE-81CD-4941-BD45-C33F3FCBD20F}.Debug|Any CPU.ActiveCfg = Debug|Any CPU
		{82C92DAE-81CD-4941-BD45-C33F3FCBD20F}.Debug|Any CPU.Build.0 = Debug|Any CPU
		{82C92DAE-81CD-4941-BD45-C33F3FCBD20F}.Release|Any CPU.ActiveCfg = Release|Any CPU
		{82C92DAE-81CD-4941-BD45-C33F3FCBD20F}.Release|Any CPU.Build.0 = Release|Any CPU
		{82F0F7A5-D618-4F3A-8CDF-272D43BB34B4}.Debug|Any CPU.ActiveCfg = Debug|Any CPU
		{82F0F7A5-D618-4F3A-8CDF-272D43BB34B4}.Release|Any CPU.ActiveCfg = Release|Any CPU
		{82F0F7A5-D618-4F3A-8CDF-272D43BB34B4}.Release|Any CPU.Build.0 = Release|Any CPU
		{5EB6FB4E-B8DA-431C-A00B-0CF1822AAA9E}.Debug|Any CPU.ActiveCfg = Debug|Any CPU
		{5EB6FB4E-B8DA-431C-A00B-0CF1822AAA9E}.Release|Any CPU.ActiveCfg = Release|Any CPU
		{5EB6FB4E-B8DA-431C-A00B-0CF1822AAA9E}.Release|Any CPU.Build.0 = Release|Any CPU
		{21659975-D184-44CB-8D18-0B5C59FB6548}.Debug|Any CPU.ActiveCfg = Debug|Any CPU
		{21659975-D184-44CB-8D18-0B5C59FB6548}.Release|Any CPU.ActiveCfg = Release|Any CPU
		{21659975-D184-44CB-8D18-0B5C59FB6548}.Release|Any CPU.Build.0 = Release|Any CPU
		{2A07FA52-309C-464B-97E0-01457C295A8D}.Debug|Any CPU.ActiveCfg = Debug|Any CPU
		{2A07FA52-309C-464B-97E0-01457C295A8D}.Release|Any CPU.ActiveCfg = Release|Any CPU
		{2A07FA52-309C-464B-97E0-01457C295A8D}.Release|Any CPU.Build.0 = Release|Any CPU
		{FABABAC5-3DD7-43CE-B34E-D9928235A543}.Debug|Any CPU.ActiveCfg = Debug|Any CPU
		{FABABAC5-3DD7-43CE-B34E-D9928235A543}.Debug|Any CPU.Build.0 = Debug|Any CPU
		{FABABAC5-3DD7-43CE-B34E-D9928235A543}.Release|Any CPU.ActiveCfg = Release|Any CPU
		{FABABAC5-3DD7-43CE-B34E-D9928235A543}.Release|Any CPU.Build.0 = Release|Any CPU
		{032C884D-661A-4643-BAE9-AE58AFFE67F6}.Debug|Any CPU.ActiveCfg = Debug|Any CPU
		{032C884D-661A-4643-BAE9-AE58AFFE67F6}.Release|Any CPU.ActiveCfg = Release|Any CPU
		{032C884D-661A-4643-BAE9-AE58AFFE67F6}.Release|Any CPU.Build.0 = Release|Any CPU
		{56615B9C-1C70-4949-8903-1897C6B7E6F6}.Debug|Any CPU.ActiveCfg = Debug|Any CPU
		{56615B9C-1C70-4949-8903-1897C6B7E6F6}.Release|Any CPU.ActiveCfg = Release|Any CPU
		{56615B9C-1C70-4949-8903-1897C6B7E6F6}.Release|Any CPU.Build.0 = Release|Any CPU
		{F4C6B0B8-32B7-4FA8-B86E-FAEA63EB4FAB}.Debug|Any CPU.ActiveCfg = Debug|Any CPU
		{F4C6B0B8-32B7-4FA8-B86E-FAEA63EB4FAB}.Debug|Any CPU.Build.0 = Debug|Any CPU
		{F4C6B0B8-32B7-4FA8-B86E-FAEA63EB4FAB}.Release|Any CPU.ActiveCfg = Release|Any CPU
		{F4C6B0B8-32B7-4FA8-B86E-FAEA63EB4FAB}.Release|Any CPU.Build.0 = Release|Any CPU
		{403E5EA0-DDB8-4683-B411-4292080A0043}.Debug|Any CPU.ActiveCfg = Debug|Any CPU
		{403E5EA0-DDB8-4683-B411-4292080A0043}.Release|Any CPU.ActiveCfg = Release|Any CPU
		{403E5EA0-DDB8-4683-B411-4292080A0043}.Release|Any CPU.Build.0 = Release|Any CPU
		{13049672-CF06-4078-B62F-459E67827AC3}.Debug|Any CPU.ActiveCfg = Debug|Any CPU
		{13049672-CF06-4078-B62F-459E67827AC3}.Debug|Any CPU.Build.0 = Debug|Any CPU
		{13049672-CF06-4078-B62F-459E67827AC3}.Release|Any CPU.ActiveCfg = Release|Any CPU
		{13049672-CF06-4078-B62F-459E67827AC3}.Release|Any CPU.Build.0 = Release|Any CPU
		{48DEF6FA-2644-4B07-8096-013AE1E714AE}.Debug|Any CPU.ActiveCfg = Debug|Any CPU
		{48DEF6FA-2644-4B07-8096-013AE1E714AE}.Debug|Any CPU.Build.0 = Debug|Any CPU
		{48DEF6FA-2644-4B07-8096-013AE1E714AE}.Release|Any CPU.ActiveCfg = Release|Any CPU
		{48DEF6FA-2644-4B07-8096-013AE1E714AE}.Release|Any CPU.Build.0 = Release|Any CPU
		{D50CDC61-74EE-4109-ADE2-33CAAEDB31C7}.Debug|Any CPU.ActiveCfg = Debug|Any CPU
		{D50CDC61-74EE-4109-ADE2-33CAAEDB31C7}.Debug|Any CPU.Build.0 = Debug|Any CPU
		{D50CDC61-74EE-4109-ADE2-33CAAEDB31C7}.Release|Any CPU.ActiveCfg = Release|Any CPU
		{D50CDC61-74EE-4109-ADE2-33CAAEDB31C7}.Release|Any CPU.Build.0 = Release|Any CPU
		{C858BEA7-6485-4316-A0B0-182303D6A58E}.Debug|Any CPU.ActiveCfg = Debug|Any CPU
		{C858BEA7-6485-4316-A0B0-182303D6A58E}.Release|Any CPU.ActiveCfg = Release|Any CPU
		{C858BEA7-6485-4316-A0B0-182303D6A58E}.Release|Any CPU.Build.0 = Release|Any CPU
		{AF808B23-301A-4464-8363-5D10F5EC4C12}.Debug|Any CPU.ActiveCfg = Debug|Any CPU
		{AF808B23-301A-4464-8363-5D10F5EC4C12}.Debug|Any CPU.Build.0 = Debug|Any CPU
		{AF808B23-301A-4464-8363-5D10F5EC4C12}.Release|Any CPU.ActiveCfg = Release|Any CPU
		{AF808B23-301A-4464-8363-5D10F5EC4C12}.Release|Any CPU.Build.0 = Release|Any CPU
		{64C28C99-47FF-47C3-9BEA-02D8F04EA613}.Debug|Any CPU.ActiveCfg = Debug|Any CPU
		{64C28C99-47FF-47C3-9BEA-02D8F04EA613}.Debug|Any CPU.Build.0 = Debug|Any CPU
		{64C28C99-47FF-47C3-9BEA-02D8F04EA613}.Release|Any CPU.ActiveCfg = Release|Any CPU
		{64C28C99-47FF-47C3-9BEA-02D8F04EA613}.Release|Any CPU.Build.0 = Release|Any CPU
		{37924CAE-2E8D-4DFC-AF4D-B964CA5AF652}.Debug|Any CPU.ActiveCfg = Debug|Any CPU
		{37924CAE-2E8D-4DFC-AF4D-B964CA5AF652}.Release|Any CPU.ActiveCfg = Release|Any CPU
		{37924CAE-2E8D-4DFC-AF4D-B964CA5AF652}.Release|Any CPU.Build.0 = Release|Any CPU
		{5682FB68-FB20-4CDD-A0F7-5D7FDE1DFA08}.Debug|Any CPU.ActiveCfg = Debug|Any CPU
		{5682FB68-FB20-4CDD-A0F7-5D7FDE1DFA08}.Debug|Any CPU.Build.0 = Debug|Any CPU
		{5682FB68-FB20-4CDD-A0F7-5D7FDE1DFA08}.Release|Any CPU.ActiveCfg = Release|Any CPU
		{5682FB68-FB20-4CDD-A0F7-5D7FDE1DFA08}.Release|Any CPU.Build.0 = Release|Any CPU
		{7556B7F7-05CB-43B8-8A27-390B96554295}.Debug|Any CPU.ActiveCfg = Debug|Any CPU
		{7556B7F7-05CB-43B8-8A27-390B96554295}.Debug|Any CPU.Build.0 = Debug|Any CPU
		{7556B7F7-05CB-43B8-8A27-390B96554295}.Release|Any CPU.ActiveCfg = Release|Any CPU
		{7556B7F7-05CB-43B8-8A27-390B96554295}.Release|Any CPU.Build.0 = Release|Any CPU
		{B83CE605-DB0E-40FD-B53D-75DD1DDE8FF4}.Debug|Any CPU.ActiveCfg = Debug|Any CPU
		{B83CE605-DB0E-40FD-B53D-75DD1DDE8FF4}.Debug|Any CPU.Build.0 = Debug|Any CPU
		{B83CE605-DB0E-40FD-B53D-75DD1DDE8FF4}.Release|Any CPU.ActiveCfg = Release|Any CPU
		{B83CE605-DB0E-40FD-B53D-75DD1DDE8FF4}.Release|Any CPU.Build.0 = Release|Any CPU
		{B02246CC-908D-4FC2-8099-7D89AF4A2055}.Debug|Any CPU.ActiveCfg = Debug|Any CPU
		{B02246CC-908D-4FC2-8099-7D89AF4A2055}.Debug|Any CPU.Build.0 = Debug|Any CPU
		{B02246CC-908D-4FC2-8099-7D89AF4A2055}.Release|Any CPU.ActiveCfg = Release|Any CPU
		{B02246CC-908D-4FC2-8099-7D89AF4A2055}.Release|Any CPU.Build.0 = Release|Any CPU
		{3D505369-6119-45A8-B6B1-1A45CA055B60}.Debug|Any CPU.ActiveCfg = Debug|Any CPU
		{3D505369-6119-45A8-B6B1-1A45CA055B60}.Debug|Any CPU.Build.0 = Debug|Any CPU
		{3D505369-6119-45A8-B6B1-1A45CA055B60}.Release|Any CPU.ActiveCfg = Release|Any CPU
		{3D505369-6119-45A8-B6B1-1A45CA055B60}.Release|Any CPU.Build.0 = Release|Any CPU
	EndGlobalSection
	GlobalSection(SolutionProperties) = preSolution
		HideSolutionNode = FALSE
	EndGlobalSection
	GlobalSection(NestedProjects) = preSolution
		{82C92DAE-81CD-4941-BD45-C33F3FCBD20F} = {26EB9CDE-CC3A-430D-806F-D4B8B3511ABF}
		{FABABAC5-3DD7-43CE-B34E-D9928235A543} = {26EB9CDE-CC3A-430D-806F-D4B8B3511ABF}
		{F4C6B0B8-32B7-4FA8-B86E-FAEA63EB4FAB} = {26EB9CDE-CC3A-430D-806F-D4B8B3511ABF}
		{13049672-CF06-4078-B62F-459E67827AC3} = {26EB9CDE-CC3A-430D-806F-D4B8B3511ABF}
		{48DEF6FA-2644-4B07-8096-013AE1E714AE} = {26EB9CDE-CC3A-430D-806F-D4B8B3511ABF}
		{D50CDC61-74EE-4109-ADE2-33CAAEDB31C7} = {26EB9CDE-CC3A-430D-806F-D4B8B3511ABF}
		{AF808B23-301A-4464-8363-5D10F5EC4C12} = {26EB9CDE-CC3A-430D-806F-D4B8B3511ABF}
		{64C28C99-47FF-47C3-9BEA-02D8F04EA613} = {26EB9CDE-CC3A-430D-806F-D4B8B3511ABF}
		{5EB6FB4E-B8DA-431C-A00B-0CF1822AAA9E} = {1B7CDACE-9D6B-486B-A41F-CA6C184E117A}
		{21659975-D184-44CB-8D18-0B5C59FB6548} = {1B7CDACE-9D6B-486B-A41F-CA6C184E117A}
		{032C884D-661A-4643-BAE9-AE58AFFE67F6} = {1B7CDACE-9D6B-486B-A41F-CA6C184E117A}
		{56615B9C-1C70-4949-8903-1897C6B7E6F6} = {1B7CDACE-9D6B-486B-A41F-CA6C184E117A}
		{403E5EA0-DDB8-4683-B411-4292080A0043} = {1B7CDACE-9D6B-486B-A41F-CA6C184E117A}
		{82F0F7A5-D618-4F3A-8CDF-272D43BB34B4} = {87D8CD97-7E55-4038-8883-16D0AE656953}
		{2A07FA52-309C-464B-97E0-01457C295A8D} = {87D8CD97-7E55-4038-8883-16D0AE656953}
		{37924CAE-2E8D-4DFC-AF4D-B964CA5AF652} = {87D8CD97-7E55-4038-8883-16D0AE656953}
		{5682FB68-FB20-4CDD-A0F7-5D7FDE1DFA08} = {C26F745A-DD12-441F-B4D5-07F156499FC7}
		{7556B7F7-05CB-43B8-8A27-390B96554295} = {C26F745A-DD12-441F-B4D5-07F156499FC7}
		{B83CE605-DB0E-40FD-B53D-75DD1DDE8FF4} = {C26F745A-DD12-441F-B4D5-07F156499FC7}
		{B02246CC-908D-4FC2-8099-7D89AF4A2055} = {C26F745A-DD12-441F-B4D5-07F156499FC7}
		{3D505369-6119-45A8-B6B1-1A45CA055B60} = {C26F745A-DD12-441F-B4D5-07F156499FC7}
	EndGlobalSection
EndGlobal
