
Microsoft Visual Studio Solution File, Format Version 12.00
# Visual Studio 2013
VisualStudioVersion = 12.0.30110.0
MinimumVisualStudioVersion = 10.0.40219.1
Project("{2150E333-8FDC-42A3-9474-1A3956D46DE8}") = "AdvanceAutomation", "AdvanceAutomation", "{26EB9CDE-CC3A-430D-806F-D4B8B3511ABF}"
EndProject
Project("{2150E333-8FDC-42A3-9474-1A3956D46DE8}") = "ClientProcessing", "ClientProcessing", "{1B7CDACE-9D6B-486B-A41F-CA6C184E117A}"
EndProject
Project("{2150E333-8FDC-42A3-9474-1A3956D46DE8}") = "DataProcessingAdvance", "DataProcessingAdvance", "{87D8CD97-7E55-4038-8883-16D0AE656953}"
EndProject
Project("{2150E333-8FDC-42A3-9474-1A3956D46DE8}") = "BaseAutomation", "BaseAutomation", "{C26F745A-DD12-441F-B4D5-07F156499FC7}"
EndProject
Project("{F2A71F9B-5D33-465A-A702-920D77279786}") = "WX.Data.BusinessLogicAdvance.JXC.ZHGL.HYGL", "WX.Data.BusinessLogicAdvance.JXC.ZHGL.HYGL\WX.Data.BusinessLogicAdvance.JXC.ZHGL.HYGL.fsproj", "{26F63B0D-4CC1-4DB8-8C51-F6A19A254D3C}"
EndProject
Project("{F2A71F9B-5D33-465A-A702-920D77279786}") = "WX.Data.DataAccessAdvance.JXC.ZHGL.HYGL", "WX.Data.DataAccessAdvance.JXC.ZHGL.HYGL\WX.Data.DataAccessAdvance.JXC.ZHGL.HYGL.fsproj", "{358742F0-07F3-467D-A6D8-F78AA117D6A1}"
EndProject
Project("{F2A71F9B-5D33-465A-A702-920D77279786}") = "WX.Data.FViewModel.JXC.ZHGL.HYGL", "WX.Data.FViewModel.JXC.ZHGL.HYGL\WX.Data.FViewModel.JXC.ZHGL.HYGL.fsproj", "{4D61DE58-D3A8-42C9-BA99-9A939DB603AD}"
EndProject
Project("{F2A71F9B-5D33-465A-A702-920D77279786}") = "WX.Data.FViewModelAdvance.JXC.ZHGL.HYGL", "WX.Data.FViewModelAdvance.JXC.ZHGL.HYGL\WX.Data.FViewModelAdvance.JXC.ZHGL.HYGL.fsproj", "{49A32717-4180-4D1A-BBD4-919228D663E4}"
EndProject
Project("{F2A71F9B-5D33-465A-A702-920D77279786}") = "WX.Data.IDataAccessAdvance.JXC.ZHGL.HYGL", "WX.Data.IDataAccessAdvance.JXC.ZHGL.HYGL\WX.Data.IDataAccessAdvance.JXC.ZHGL.HYGL.fsproj", "{29B398F1-DFA5-4114-8A33-5D696CF98BCC}"
EndProject
Project("{F2A71F9B-5D33-465A-A702-920D77279786}") = "WX.Data.ServiceContractsAdvance.JXC.ZHGL.HYGL", "WX.Data.ServiceContractsAdvance.JXC.ZHGL.HYGL\WX.Data.ServiceContractsAdvance.JXC.ZHGL.HYGL.fsproj", "{E3A89B75-FD10-403F-8850-11CA5D16319B}"
EndProject
Project("{FAE04EC0-301F-11D3-BF4B-00C04F79EFBC}") = "WX.Data.View.JXC.ZHGL.HYGL", "WX.Data.View.JXC.ZHGL.HYGL\WX.Data.View.JXC.ZHGL.HYGL.csproj", "{055B7EBE-D98C-4611-AFB1-67F4524EE51E}"
EndProject
Project("{FAE04EC0-301F-11D3-BF4B-00C04F79EFBC}") = "WX.Data.View.ViewModelTemplate.JXC.ZHGL.HYGL", "WX.Data.View.ViewModelTemplate.JXC.ZHGL.HYGL\WX.Data.View.ViewModelTemplate.JXC.ZHGL.HYGL.csproj", "{096F17BC-F70F-48EF-A0AF-7757EE8043BD}"
EndProject
Project("{F2A71F9B-5D33-465A-A702-920D77279786}") = "WX.Data.WcfServiceAdvance.JXC.ZHGL.HYGL", "WX.Data.WcfServiceAdvance.JXC.ZHGL.HYGL\WX.Data.WcfServiceAdvance.JXC.ZHGL.HYGL.fsproj", "{5477DBAE-98D5-4847-872B-4C9B86CF0663}"
	ProjectSection(ProjectDependencies) = postProject
		{26F63B0D-4CC1-4DB8-8C51-F6A19A254D3C} = {26F63B0D-4CC1-4DB8-8C51-F6A19A254D3C}
		{E3A89B75-FD10-403F-8850-11CA5D16319B} = {E3A89B75-FD10-403F-8850-11CA5D16319B}
	EndProjectSection
EndProject
Project("{FAE04EC0-301F-11D3-BF4B-00C04F79EFBC}") = "WX.Data.View.ViewModelTemplateAdvance.JXC.ZHGL.HYGL", "WX.Data.View.ViewModelTemplateAdvance.JXC.ZHGL.HYGL\WX.Data.View.ViewModelTemplateAdvance.JXC.ZHGL.HYGL.csproj", "{D6AD44C0-57DE-44B2-A967-ABB156F69EC9}"
EndProject
Project("{F2A71F9B-5D33-465A-A702-920D77279786}") = "WX.Data.ClientChannelAdvance.FromAzure.JXC.ZHGL.HYGL", "WX.Data.ClientChannelAdvance.FromAzure.JXC.ZHGL.HYGL\WX.Data.ClientChannelAdvance.FromAzure.JXC.ZHGL.HYGL.fsproj", "{78628E0A-D39C-4CAB-A4DC-07A1809E4F8E}"
	ProjectSection(ProjectDependencies) = postProject
		{E3A89B75-FD10-403F-8850-11CA5D16319B} = {E3A89B75-FD10-403F-8850-11CA5D16319B}
	EndProjectSection
EndProject
Project("{F2A71F9B-5D33-465A-A702-920D77279786}") = "WX.Data.ClientChannelAdvance.FromNative.JXC.ZHGL.HYGL", "WX.Data.ClientChannelAdvance.FromNative.JXC.ZHGL.HYGL\WX.Data.ClientChannelAdvance.FromNative.JXC.ZHGL.HYGL.fsproj", "{E39AD249-7F6A-4A86-8D3D-E3F460C04EDC}"
	ProjectSection(ProjectDependencies) = postProject
		{26F63B0D-4CC1-4DB8-8C51-F6A19A254D3C} = {26F63B0D-4CC1-4DB8-8C51-F6A19A254D3C}
		{E3A89B75-FD10-403F-8850-11CA5D16319B} = {E3A89B75-FD10-403F-8850-11CA5D16319B}
	EndProjectSection
EndProject
Project("{F2A71F9B-5D33-465A-A702-920D77279786}") = "WX.Data.ClientChannelAdvance.FromServer.JXC.ZHGL.HYGL", "WX.Data.ClientChannelAdvance.FromServer.JXC.ZHGL.HYGL\WX.Data.ClientChannelAdvance.FromServer.JXC.ZHGL.HYGL.fsproj", "{FEC29409-4BCC-4A0C-B649-3AD1CBDA6FBC}"
	ProjectSection(ProjectDependencies) = postProject
		{E3A89B75-FD10-403F-8850-11CA5D16319B} = {E3A89B75-FD10-403F-8850-11CA5D16319B}
	EndProjectSection
EndProject
Project("{FAE04EC0-301F-11D3-BF4B-00C04F79EFBC}") = "WX.Data.WinMain", "..\..\SBIIMS_Integration\WX.Data.WinMain\WX.Data.WinMain.csproj", "{C858BEA7-6485-4316-A0B0-182303D6A58E}"
EndProject
Project("{F2A71F9B-5D33-465A-A702-920D77279786}") = "WX.Data.ClientChannelAdvance.JXC.ZHGL.HYGL", "WX.Data.ClientChannelAdvance.JXC.ZHGL.HYGL\WX.Data.ClientChannelAdvance.JXC.ZHGL.HYGL.fsproj", "{17C453BD-0555-43DF-8413-6D56410E430E}"
	ProjectSection(ProjectDependencies) = postProject
		{26F63B0D-4CC1-4DB8-8C51-F6A19A254D3C} = {26F63B0D-4CC1-4DB8-8C51-F6A19A254D3C}
		{E3A89B75-FD10-403F-8850-11CA5D16319B} = {E3A89B75-FD10-403F-8850-11CA5D16319B}
	EndProjectSection
EndProject
Project("{FAE04EC0-301F-11D3-BF4B-00C04F79EFBC}") = "WX.Data.WcfServiceAdvance.WebIISHost.JXC.ZHGL.HYGL", "WX.Data.WcfServiceAdvance.WebIISHost.JXC.ZHGL.HYGL\WX.Data.WcfServiceAdvance.WebIISHost.JXC.ZHGL.HYGL.csproj", "{89A986C4-4195-4B43-B668-36DB36213843}"
	ProjectSection(ProjectDependencies) = postProject
		{5477DBAE-98D5-4847-872B-4C9B86CF0663} = {5477DBAE-98D5-4847-872B-4C9B86CF0663}
	EndProjectSection
EndProject
Project("{F2A71F9B-5D33-465A-A702-920D77279786}") = "WX.Data.BusinessEntitiesAdvance.JXC.ZHGL.HYGL", "WX.Data.BusinessEntitiesAdvance.JXC.ZHGL.HYGL\WX.Data.BusinessEntitiesAdvance.JXC.ZHGL.HYGL.fsproj", "{A0377972-7CD3-42A1-B6B6-154617D9A84C}"
EndProject
Project("{F2A71F9B-5D33-465A-A702-920D77279786}") = "WX.Data.BusinessEntities.JXC.ZHGL.HYGL", "WX.Data.BusinessEntities.JXC.ZHGL.HYGL\WX.Data.BusinessEntities.JXC.ZHGL.HYGL.fsproj", "{5682FB68-FB20-4CDD-A0F7-5D7FDE1DFA08}"
EndProject
Project("{F2A71F9B-5D33-465A-A702-920D77279786}") = "WX.Data.DataAccess.JXC.ZHGL.HYGL", "WX.Data.DataAccess.JXC.ZHGL.HYGL\WX.Data.DataAccess.JXC.ZHGL.HYGL.fsproj", "{7556B7F7-05CB-43B8-8A27-390B96554295}"
EndProject
Project("{FAE04EC0-301F-11D3-BF4B-00C04F79EFBC}") = "WX.Data.DataModel.JXC.ZHGL.HYGL", "WX.Data.DataModel.JXC.ZHGL.HYGL\WX.Data.DataModel.JXC.ZHGL.HYGL.csproj", "{B83CE605-DB0E-40FD-B53D-75DD1DDE8FF4}"
EndProject
Project("{F2A71F9B-5D33-465A-A702-920D77279786}") = "WX.Data.DatabaseDictionary.JXC.ZHGL.HYGL", "WX.Data.DatabaseDictionary.JXC.ZHGL.HYGL\WX.Data.DatabaseDictionary.JXC.ZHGL.HYGL.fsproj", "{B02246CC-908D-4FC2-8099-7D89AF4A2055}"
EndProject
Project("{F2A71F9B-5D33-465A-A702-920D77279786}") = "WX.Data.IDataAccess.JXC.ZHGL.HYGL", "WX.Data.IDataAccess.JXC.ZHGL.HYGL\WX.Data.IDataAccess.JXC.ZHGL.HYGL.fsproj", "{3D505369-6119-45A8-B6B1-1A45CA055B60}"
EndProject
Global
	GlobalSection(SolutionConfigurationPlatforms) = preSolution
		Debug|Any CPU = Debug|Any CPU
		Release|Any CPU = Release|Any CPU
	EndGlobalSection
	GlobalSection(ProjectConfigurationPlatforms) = postSolution
		{26F63B0D-4CC1-4DB8-8C51-F6A19A254D3C}.Debug|Any CPU.ActiveCfg = Debug|Any CPU
		{26F63B0D-4CC1-4DB8-8C51-F6A19A254D3C}.Debug|Any CPU.Build.0 = Debug|Any CPU
		{26F63B0D-4CC1-4DB8-8C51-F6A19A254D3C}.Release|Any CPU.ActiveCfg = Release|Any CPU
		{26F63B0D-4CC1-4DB8-8C51-F6A19A254D3C}.Release|Any CPU.Build.0 = Release|Any CPU
		{358742F0-07F3-467D-A6D8-F78AA117D6A1}.Debug|Any CPU.ActiveCfg = Debug|Any CPU
		{358742F0-07F3-467D-A6D8-F78AA117D6A1}.Release|Any CPU.ActiveCfg = Release|Any CPU
		{358742F0-07F3-467D-A6D8-F78AA117D6A1}.Release|Any CPU.Build.0 = Release|Any CPU
		{4D61DE58-D3A8-42C9-BA99-9A939DB603AD}.Debug|Any CPU.ActiveCfg = Debug|Any CPU
		{4D61DE58-D3A8-42C9-BA99-9A939DB603AD}.Release|Any CPU.ActiveCfg = Release|Any CPU
		{4D61DE58-D3A8-42C9-BA99-9A939DB603AD}.Release|Any CPU.Build.0 = Release|Any CPU
		{49A32717-4180-4D1A-BBD4-919228D663E4}.Debug|Any CPU.ActiveCfg = Debug|Any CPU
		{49A32717-4180-4D1A-BBD4-919228D663E4}.Release|Any CPU.ActiveCfg = Release|Any CPU
		{49A32717-4180-4D1A-BBD4-919228D663E4}.Release|Any CPU.Build.0 = Release|Any CPU
		{29B398F1-DFA5-4114-8A33-5D696CF98BCC}.Debug|Any CPU.ActiveCfg = Debug|Any CPU
		{29B398F1-DFA5-4114-8A33-5D696CF98BCC}.Release|Any CPU.ActiveCfg = Release|Any CPU
		{29B398F1-DFA5-4114-8A33-5D696CF98BCC}.Release|Any CPU.Build.0 = Release|Any CPU
		{E3A89B75-FD10-403F-8850-11CA5D16319B}.Debug|Any CPU.ActiveCfg = Debug|Any CPU
		{E3A89B75-FD10-403F-8850-11CA5D16319B}.Debug|Any CPU.Build.0 = Debug|Any CPU
		{E3A89B75-FD10-403F-8850-11CA5D16319B}.Release|Any CPU.ActiveCfg = Release|Any CPU
		{E3A89B75-FD10-403F-8850-11CA5D16319B}.Release|Any CPU.Build.0 = Release|Any CPU
		{055B7EBE-D98C-4611-AFB1-67F4524EE51E}.Debug|Any CPU.ActiveCfg = Debug|Any CPU
		{055B7EBE-D98C-4611-AFB1-67F4524EE51E}.Release|Any CPU.ActiveCfg = Release|Any CPU
		{055B7EBE-D98C-4611-AFB1-67F4524EE51E}.Release|Any CPU.Build.0 = Release|Any CPU
		{096F17BC-F70F-48EF-A0AF-7757EE8043BD}.Debug|Any CPU.ActiveCfg = Debug|Any CPU
		{096F17BC-F70F-48EF-A0AF-7757EE8043BD}.Release|Any CPU.ActiveCfg = Release|Any CPU
		{096F17BC-F70F-48EF-A0AF-7757EE8043BD}.Release|Any CPU.Build.0 = Release|Any CPU
		{5477DBAE-98D5-4847-872B-4C9B86CF0663}.Debug|Any CPU.ActiveCfg = Debug|Any CPU
		{5477DBAE-98D5-4847-872B-4C9B86CF0663}.Debug|Any CPU.Build.0 = Debug|Any CPU
		{5477DBAE-98D5-4847-872B-4C9B86CF0663}.Release|Any CPU.ActiveCfg = Release|Any CPU
		{5477DBAE-98D5-4847-872B-4C9B86CF0663}.Release|Any CPU.Build.0 = Release|Any CPU
		{D6AD44C0-57DE-44B2-A967-ABB156F69EC9}.Debug|Any CPU.ActiveCfg = Debug|Any CPU
		{D6AD44C0-57DE-44B2-A967-ABB156F69EC9}.Release|Any CPU.ActiveCfg = Release|Any CPU
		{D6AD44C0-57DE-44B2-A967-ABB156F69EC9}.Release|Any CPU.Build.0 = Release|Any CPU
		{78628E0A-D39C-4CAB-A4DC-07A1809E4F8E}.Debug|Any CPU.ActiveCfg = Debug|Any CPU
		{78628E0A-D39C-4CAB-A4DC-07A1809E4F8E}.Debug|Any CPU.Build.0 = Debug|Any CPU
		{78628E0A-D39C-4CAB-A4DC-07A1809E4F8E}.Release|Any CPU.ActiveCfg = Release|Any CPU
		{78628E0A-D39C-4CAB-A4DC-07A1809E4F8E}.Release|Any CPU.Build.0 = Release|Any CPU
		{E39AD249-7F6A-4A86-8D3D-E3F460C04EDC}.Debug|Any CPU.ActiveCfg = Debug|Any CPU
		{E39AD249-7F6A-4A86-8D3D-E3F460C04EDC}.Debug|Any CPU.Build.0 = Debug|Any CPU
		{E39AD249-7F6A-4A86-8D3D-E3F460C04EDC}.Release|Any CPU.ActiveCfg = Release|Any CPU
		{E39AD249-7F6A-4A86-8D3D-E3F460C04EDC}.Release|Any CPU.Build.0 = Release|Any CPU
		{FEC29409-4BCC-4A0C-B649-3AD1CBDA6FBC}.Debug|Any CPU.ActiveCfg = Debug|Any CPU
		{FEC29409-4BCC-4A0C-B649-3AD1CBDA6FBC}.Debug|Any CPU.Build.0 = Debug|Any CPU
		{FEC29409-4BCC-4A0C-B649-3AD1CBDA6FBC}.Release|Any CPU.ActiveCfg = Release|Any CPU
		{FEC29409-4BCC-4A0C-B649-3AD1CBDA6FBC}.Release|Any CPU.Build.0 = Release|Any CPU
		{C858BEA7-6485-4316-A0B0-182303D6A58E}.Debug|Any CPU.ActiveCfg = Debug|Any CPU
		{C858BEA7-6485-4316-A0B0-182303D6A58E}.Release|Any CPU.ActiveCfg = Release|Any CPU
		{C858BEA7-6485-4316-A0B0-182303D6A58E}.Release|Any CPU.Build.0 = Release|Any CPU
		{17C453BD-0555-43DF-8413-6D56410E430E}.Debug|Any CPU.ActiveCfg = Debug|Any CPU
		{17C453BD-0555-43DF-8413-6D56410E430E}.Debug|Any CPU.Build.0 = Debug|Any CPU
		{17C453BD-0555-43DF-8413-6D56410E430E}.Release|Any CPU.ActiveCfg = Release|Any CPU
		{17C453BD-0555-43DF-8413-6D56410E430E}.Release|Any CPU.Build.0 = Release|Any CPU
		{89A986C4-4195-4B43-B668-36DB36213843}.Debug|Any CPU.ActiveCfg = Debug|Any CPU
		{89A986C4-4195-4B43-B668-36DB36213843}.Debug|Any CPU.Build.0 = Debug|Any CPU
		{89A986C4-4195-4B43-B668-36DB36213843}.Release|Any CPU.ActiveCfg = Release|Any CPU
		{89A986C4-4195-4B43-B668-36DB36213843}.Release|Any CPU.Build.0 = Release|Any CPU
		{A0377972-7CD3-42A1-B6B6-154617D9A84C}.Debug|Any CPU.ActiveCfg = Debug|Any CPU
		{A0377972-7CD3-42A1-B6B6-154617D9A84C}.Release|Any CPU.ActiveCfg = Release|Any CPU
		{A0377972-7CD3-42A1-B6B6-154617D9A84C}.Release|Any CPU.Build.0 = Release|Any CPU
		{5682FB68-FB20-4CDD-A0F7-5D7FDE1DFA08}.Debug|Any CPU.ActiveCfg = Debug|Any CPU
		{5682FB68-FB20-4CDD-A0F7-5D7FDE1DFA08}.Debug|Any CPU.Build.0 = Debug|Any CPU
		{5682FB68-FB20-4CDD-A0F7-5D7FDE1DFA08}.Release|Any CPU.ActiveCfg = Release|Any CPU
		{5682FB68-FB20-4CDD-A0F7-5D7FDE1DFA08}.Release|Any CPU.Build.0 = Release|Any CPU
		{7556B7F7-05CB-43B8-8A27-390B96554295}.Debug|Any CPU.ActiveCfg = Debug|Any CPU
		{7556B7F7-05CB-43B8-8A27-390B96554295}.Debug|Any CPU.Build.0 = Debug|Any CPU
		{7556B7F7-05CB-43B8-8A27-390B96554295}.Release|Any CPU.ActiveCfg = Release|Any CPU
		{7556B7F7-05CB-43B8-8A27-390B96554295}.Release|Any CPU.Build.0 = Release|Any CPU
		{B83CE605-DB0E-40FD-B53D-75DD1DDE8FF4}.Debug|Any CPU.ActiveCfg = Debug|Any CPU
		{B83CE605-DB0E-40FD-B53D-75DD1DDE8FF4}.Debug|Any CPU.Build.0 = Debug|Any CPU
		{B83CE605-DB0E-40FD-B53D-75DD1DDE8FF4}.Release|Any CPU.ActiveCfg = Release|Any CPU
		{B83CE605-DB0E-40FD-B53D-75DD1DDE8FF4}.Release|Any CPU.Build.0 = Release|Any CPU
		{B02246CC-908D-4FC2-8099-7D89AF4A2055}.Debug|Any CPU.ActiveCfg = Debug|Any CPU
		{B02246CC-908D-4FC2-8099-7D89AF4A2055}.Debug|Any CPU.Build.0 = Debug|Any CPU
		{B02246CC-908D-4FC2-8099-7D89AF4A2055}.Release|Any CPU.ActiveCfg = Release|Any CPU
		{B02246CC-908D-4FC2-8099-7D89AF4A2055}.Release|Any CPU.Build.0 = Release|Any CPU
		{3D505369-6119-45A8-B6B1-1A45CA055B60}.Debug|Any CPU.ActiveCfg = Debug|Any CPU
		{3D505369-6119-45A8-B6B1-1A45CA055B60}.Debug|Any CPU.Build.0 = Debug|Any CPU
		{3D505369-6119-45A8-B6B1-1A45CA055B60}.Release|Any CPU.ActiveCfg = Release|Any CPU
		{3D505369-6119-45A8-B6B1-1A45CA055B60}.Release|Any CPU.Build.0 = Release|Any CPU
	EndGlobalSection
	GlobalSection(SolutionProperties) = preSolution
		HideSolutionNode = FALSE
	EndGlobalSection
	GlobalSection(NestedProjects) = preSolution
		{26F63B0D-4CC1-4DB8-8C51-F6A19A254D3C} = {26EB9CDE-CC3A-430D-806F-D4B8B3511ABF}
		{E3A89B75-FD10-403F-8850-11CA5D16319B} = {26EB9CDE-CC3A-430D-806F-D4B8B3511ABF}
		{5477DBAE-98D5-4847-872B-4C9B86CF0663} = {26EB9CDE-CC3A-430D-806F-D4B8B3511ABF}
		{78628E0A-D39C-4CAB-A4DC-07A1809E4F8E} = {26EB9CDE-CC3A-430D-806F-D4B8B3511ABF}
		{E39AD249-7F6A-4A86-8D3D-E3F460C04EDC} = {26EB9CDE-CC3A-430D-806F-D4B8B3511ABF}
		{FEC29409-4BCC-4A0C-B649-3AD1CBDA6FBC} = {26EB9CDE-CC3A-430D-806F-D4B8B3511ABF}
		{17C453BD-0555-43DF-8413-6D56410E430E} = {26EB9CDE-CC3A-430D-806F-D4B8B3511ABF}
		{89A986C4-4195-4B43-B668-36DB36213843} = {26EB9CDE-CC3A-430D-806F-D4B8B3511ABF}
		{4D61DE58-D3A8-42C9-BA99-9A939DB603AD} = {1B7CDACE-9D6B-486B-A41F-CA6C184E117A}
		{49A32717-4180-4D1A-BBD4-919228D663E4} = {1B7CDACE-9D6B-486B-A41F-CA6C184E117A}
		{055B7EBE-D98C-4611-AFB1-67F4524EE51E} = {1B7CDACE-9D6B-486B-A41F-CA6C184E117A}
		{096F17BC-F70F-48EF-A0AF-7757EE8043BD} = {1B7CDACE-9D6B-486B-A41F-CA6C184E117A}
		{D6AD44C0-57DE-44B2-A967-ABB156F69EC9} = {1B7CDACE-9D6B-486B-A41F-CA6C184E117A}
		{358742F0-07F3-467D-A6D8-F78AA117D6A1} = {87D8CD97-7E55-4038-8883-16D0AE656953}
		{29B398F1-DFA5-4114-8A33-5D696CF98BCC} = {87D8CD97-7E55-4038-8883-16D0AE656953}
		{A0377972-7CD3-42A1-B6B6-154617D9A84C} = {87D8CD97-7E55-4038-8883-16D0AE656953}
		{5682FB68-FB20-4CDD-A0F7-5D7FDE1DFA08} = {C26F745A-DD12-441F-B4D5-07F156499FC7}
		{7556B7F7-05CB-43B8-8A27-390B96554295} = {C26F745A-DD12-441F-B4D5-07F156499FC7}
		{B83CE605-DB0E-40FD-B53D-75DD1DDE8FF4} = {C26F745A-DD12-441F-B4D5-07F156499FC7}
		{B02246CC-908D-4FC2-8099-7D89AF4A2055} = {C26F745A-DD12-441F-B4D5-07F156499FC7}
		{3D505369-6119-45A8-B6B1-1A45CA055B60} = {C26F745A-DD12-441F-B4D5-07F156499FC7}
	EndGlobalSection
EndGlobal
