
Microsoft Visual Studio Solution File, Format Version 12.00
# Visual Studio 2013
VisualStudioVersion = 12.0.30110.0
MinimumVisualStudioVersion = 10.0.40219.1
Project("{2150E333-8FDC-42A3-9474-1A3956D46DE8}") = "AdvanceAutomation", "AdvanceAutomation", "{26EB9CDE-CC3A-430D-806F-D4B8B3511ABF}"
EndProject
Project("{2150E333-8FDC-42A3-9474-1A3956D46DE8}") = "ClientProcessing", "ClientProcessing", "{1B7CDACE-9D6B-486B-A41F-CA6C184E117A}"
EndProject
Project("{2150E333-8FDC-42A3-9474-1A3956D46DE8}") = "DataProcessingAdvance", "DataProcessingAdvance", "{87D8CD97-7E55-4038-8883-16D0AE656953}"
EndProject
Project("{2150E333-8FDC-42A3-9474-1A3956D46DE8}") = "ServerCacheProcessing", "ServerCacheProcessing", "{C839D510-8152-47A6-A4F8-7A15334CEA27}"
EndProject
Project("{2150E333-8FDC-42A3-9474-1A3956D46DE8}") = "BaseAutomation", "BaseAutomation", "{34EF1147-A8DC-45B3-8824-FC214B55DAD5}"
EndProject
Project("{F2A71F9B-5D33-465A-A702-920D77279786}") = "WX.Data.BusinessLogicAdvance.JXC.JBXX.FJPWH", "WX.Data.BusinessLogicAdvance.JXC.JBXX.FJPWH\WX.Data.BusinessLogicAdvance.JXC.JBXX.FJPWH.fsproj", "{CD5F665B-5BEF-4F30-8CE8-E8A31A59DCC9}"
EndProject
Project("{F2A71F9B-5D33-465A-A702-920D77279786}") = "WX.Data.DataAccessAdvance.JXC.JBXX.FJPWH", "WX.Data.DataAccessAdvance.JXC.JBXX.FJPWH\WX.Data.DataAccessAdvance.JXC.JBXX.FJPWH.fsproj", "{37C3EA70-367A-4726-AC4B-E7480AEC3100}"
EndProject
Project("{F2A71F9B-5D33-465A-A702-920D77279786}") = "WX.Data.FViewModel.JXC.JBXX.FJPWH", "WX.Data.FViewModel.JXC.JBXX.FJPWH\WX.Data.FViewModel.JXC.JBXX.FJPWH.fsproj", "{94DDC7C7-6FF4-447F-8F00-B8D5C0A80902}"
EndProject
Project("{F2A71F9B-5D33-465A-A702-920D77279786}") = "WX.Data.FViewModelAdvance.JXC.JBXX.FJPWH", "WX.Data.FViewModelAdvance.JXC.JBXX.FJPWH\WX.Data.FViewModelAdvance.JXC.JBXX.FJPWH.fsproj", "{6FA59B95-673A-47FA-B8A5-F6AEF9BD814C}"
EndProject
Project("{F2A71F9B-5D33-465A-A702-920D77279786}") = "WX.Data.IDataAccessAdvance.JXC.JBXX.FJPWH", "WX.Data.IDataAccessAdvance.JXC.JBXX.FJPWH\WX.Data.IDataAccessAdvance.JXC.JBXX.FJPWH.fsproj", "{CF45EFAE-8BB5-404B-92B8-71B30F7457BE}"
EndProject
Project("{F2A71F9B-5D33-465A-A702-920D77279786}") = "WX.Data.ServiceContractsAdvance.JXC.JBXX.FJPWH", "WX.Data.ServiceContractsAdvance.JXC.JBXX.FJPWH\WX.Data.ServiceContractsAdvance.JXC.JBXX.FJPWH.fsproj", "{631D31D7-005B-4E95-AE34-34E075A289FF}"
EndProject
Project("{FAE04EC0-301F-11D3-BF4B-00C04F79EFBC}") = "WX.Data.View.JXC.JBXX.FJPWH", "WX.Data.View.JXC.JBXX.FJPWH\WX.Data.View.JXC.JBXX.FJPWH.csproj", "{9B8E73CC-8345-4CCD-ADBA-A1549858BF47}"
EndProject
Project("{FAE04EC0-301F-11D3-BF4B-00C04F79EFBC}") = "WX.Data.View.ViewModelTemplate.JXC.JBXX.FJPWH", "WX.Data.View.ViewModelTemplate.JXC.JBXX.FJPWH\WX.Data.View.ViewModelTemplate.JXC.JBXX.FJPWH.csproj", "{DC0EF35D-B8DD-4EFB-A5A3-1ECE7D80C012}"
EndProject
Project("{F2A71F9B-5D33-465A-A702-920D77279786}") = "WX.Data.WcfServiceAdvance.JXC.JBXX.FJPWH", "WX.Data.WcfServiceAdvance.JXC.JBXX.FJPWH\WX.Data.WcfServiceAdvance.JXC.JBXX.FJPWH.fsproj", "{595B8AE4-28F8-40DD-A03A-424228999743}"
	ProjectSection(ProjectDependencies) = postProject
		{631D31D7-005B-4E95-AE34-34E075A289FF} = {631D31D7-005B-4E95-AE34-34E075A289FF}
		{CD5F665B-5BEF-4F30-8CE8-E8A31A59DCC9} = {CD5F665B-5BEF-4F30-8CE8-E8A31A59DCC9}
	EndProjectSection
EndProject
Project("{FAE04EC0-301F-11D3-BF4B-00C04F79EFBC}") = "WX.Data.View.ViewModelTemplateAdvance.JXC.JBXX.FJPWH", "WX.Data.View.ViewModelTemplateAdvance.JXC.JBXX.FJPWH\WX.Data.View.ViewModelTemplateAdvance.JXC.JBXX.FJPWH.csproj", "{E74B238F-8F1C-4DB6-AE3E-A1D5931BF20C}"
EndProject
Project("{F2A71F9B-5D33-465A-A702-920D77279786}") = "WX.Data.ClientChannelAdvance.FromAzure.JXC.JBXX.FJPWH", "WX.Data.ClientChannelAdvance.FromAzure.JXC.JBXX.FJPWH\WX.Data.ClientChannelAdvance.FromAzure.JXC.JBXX.FJPWH.fsproj", "{F60E9757-383C-4AD2-B1FA-3AFF355AA6D1}"
	ProjectSection(ProjectDependencies) = postProject
		{631D31D7-005B-4E95-AE34-34E075A289FF} = {631D31D7-005B-4E95-AE34-34E075A289FF}
	EndProjectSection
EndProject
Project("{F2A71F9B-5D33-465A-A702-920D77279786}") = "WX.Data.ClientChannelAdvance.FromNative.JXC.JBXX.FJPWH", "WX.Data.ClientChannelAdvance.FromNative.JXC.JBXX.FJPWH\WX.Data.ClientChannelAdvance.FromNative.JXC.JBXX.FJPWH.fsproj", "{9C7E1E37-C630-432E-86AC-3EBAEC016832}"
	ProjectSection(ProjectDependencies) = postProject
		{631D31D7-005B-4E95-AE34-34E075A289FF} = {631D31D7-005B-4E95-AE34-34E075A289FF}
		{CD5F665B-5BEF-4F30-8CE8-E8A31A59DCC9} = {CD5F665B-5BEF-4F30-8CE8-E8A31A59DCC9}
	EndProjectSection
EndProject
Project("{F2A71F9B-5D33-465A-A702-920D77279786}") = "WX.Data.ClientChannelAdvance.FromServer.JXC.JBXX.FJPWH", "WX.Data.ClientChannelAdvance.FromServer.JXC.JBXX.FJPWH\WX.Data.ClientChannelAdvance.FromServer.JXC.JBXX.FJPWH.fsproj", "{2E3BF500-F748-4339-9256-6E589471DFDF}"
	ProjectSection(ProjectDependencies) = postProject
		{631D31D7-005B-4E95-AE34-34E075A289FF} = {631D31D7-005B-4E95-AE34-34E075A289FF}
	EndProjectSection
EndProject
Project("{FAE04EC0-301F-11D3-BF4B-00C04F79EFBC}") = "WX.Data.WinMain", "..\..\SBIIMS_Integration\WX.Data.WinMain\WX.Data.WinMain.csproj", "{C858BEA7-6485-4316-A0B0-182303D6A58E}"
EndProject
Project("{F2A71F9B-5D33-465A-A702-920D77279786}") = "WX.Data.ClientChannelAdvance.JXC.JBXX.FJPWH", "WX.Data.ClientChannelAdvance.JXC.JBXX.FJPWH\WX.Data.ClientChannelAdvance.JXC.JBXX.FJPWH.fsproj", "{4ADDFACC-F5D0-4315-9784-FB23AF9894EB}"
	ProjectSection(ProjectDependencies) = postProject
		{631D31D7-005B-4E95-AE34-34E075A289FF} = {631D31D7-005B-4E95-AE34-34E075A289FF}
		{CD5F665B-5BEF-4F30-8CE8-E8A31A59DCC9} = {CD5F665B-5BEF-4F30-8CE8-E8A31A59DCC9}
	EndProjectSection
EndProject
Project("{FAE04EC0-301F-11D3-BF4B-00C04F79EFBC}") = "WX.Data.WcfServiceAdvance.WebIISHost.JXC.JBXX.FJPWH", "WX.Data.WcfServiceAdvance.WebIISHost.JXC.JBXX.FJPWH\WX.Data.WcfServiceAdvance.WebIISHost.JXC.JBXX.FJPWH.csproj", "{0B88C765-259B-4A29-8195-70B5FE8025CE}"
	ProjectSection(ProjectDependencies) = postProject
		{595B8AE4-28F8-40DD-A03A-424228999743} = {595B8AE4-28F8-40DD-A03A-424228999743}
	EndProjectSection
EndProject
Project("{F2A71F9B-5D33-465A-A702-920D77279786}") = "WX.Data.BusinessEntitiesAdvance.JXC.JBXX.FJPWH", "WX.Data.BusinessEntitiesAdvance.JXC.JBXX.FJPWH\WX.Data.BusinessEntitiesAdvance.JXC.JBXX.FJPWH.fsproj", "{84B88BAC-F63B-4BD5-995C-1B13071F8608}"
EndProject
Project("{F2A71F9B-5D33-465A-A702-920D77279786}") = "WX.Data.IDataAccessAdvanceX.JXC.JBXX.FJPWH", "WX.Data.IDataAccessAdvanceX.JXC.JBXX.FJPWH\WX.Data.IDataAccessAdvanceX.JXC.JBXX.FJPWH.fsproj", "{AB3BB974-E004-4222-B8FA-14FAFD86213D}"
EndProject
Project("{F2A71F9B-5D33-465A-A702-920D77279786}") = "WX.Data.DataAccessAdvanceX.JXC.JBXX.FJPWH", "WX.Data.DataAccessAdvanceX.JXC.JBXX.FJPWH\WX.Data.DataAccessAdvanceX.JXC.JBXX.FJPWH.fsproj", "{4F95347C-EF46-4DFA-BB2D-D5FC4D87E9BD}"
EndProject
Project("{F2A71F9B-5D33-465A-A702-920D77279786}") = "WX.Data.ServerCaching.JXC.JBXX.FJPWH", "WX.Data.ServerCaching.JXC.JBXX.FJPWH\WX.Data.ServerCaching.JXC.JBXX.FJPWH.fsproj", "{0EF98176-7AA2-40C0-9199-318EC8FE050D}"
EndProject
Project("{F2A71F9B-5D33-465A-A702-920D77279786}") = "WX.Data.BusinessEntities.JXC.JBXX.FJPWH", "WX.Data.BusinessEntities.JXC.JBXX.FJPWH\WX.Data.BusinessEntities.JXC.JBXX.FJPWH.fsproj", "{5682FB68-FB20-4CDD-A0F7-5D7FDE1DFA08}"
EndProject
Project("{F2A71F9B-5D33-465A-A702-920D77279786}") = "WX.Data.DataAccess.JXC.JBXX.FJPWH", "WX.Data.DataAccess.JXC.JBXX.FJPWH\WX.Data.DataAccess.JXC.JBXX.FJPWH.fsproj", "{7556B7F7-05CB-43B8-8A27-390B96554295}"
EndProject
Project("{FAE04EC0-301F-11D3-BF4B-00C04F79EFBC}") = "WX.Data.DataModel.JXC.JBXX.FJPWH", "WX.Data.DataModel.JXC.JBXX.FJPWH\WX.Data.DataModel.JXC.JBXX.FJPWH.csproj", "{B83CE605-DB0E-40FD-B53D-75DD1DDE8FF4}"
EndProject
Project("{F2A71F9B-5D33-465A-A702-920D77279786}") = "WX.Data.DatabaseDictionary.JXC.JBXX.FJPWH", "WX.Data.DatabaseDictionary.JXC.JBXX.FJPWH\WX.Data.DatabaseDictionary.JXC.JBXX.FJPWH.fsproj", "{B02246CC-908D-4FC2-8099-7D89AF4A2055}"
EndProject
Project("{F2A71F9B-5D33-465A-A702-920D77279786}") = "WX.Data.IDataAccess.JXC.JBXX.FJPWH", "WX.Data.IDataAccess.JXC.JBXX.FJPWH\WX.Data.IDataAccess.JXC.JBXX.FJPWH.fsproj", "{3D505369-6119-45A8-B6B1-1A45CA055B60}"
EndProject
Project("{F2A71F9B-5D33-465A-A702-920D77279786}") = "WX.Data.Caching.JXC.JBXX.FJPWH", "WX.Data.Caching.JXC.JBXX.FJPWH\WX.Data.Caching.JXC.JBXX.FJPWH.fsproj", "{03D89FB3-F94A-4871-AEA0-C2B4F045A8BD}"
EndProject
Global
	GlobalSection(SolutionConfigurationPlatforms) = preSolution
		Debug|Any CPU = Debug|Any CPU
		Release|Any CPU = Release|Any CPU
	EndGlobalSection
	GlobalSection(ProjectConfigurationPlatforms) = postSolution
		{CD5F665B-5BEF-4F30-8CE8-E8A31A59DCC9}.Debug|Any CPU.ActiveCfg = Debug|Any CPU
		{CD5F665B-5BEF-4F30-8CE8-E8A31A59DCC9}.Debug|Any CPU.Build.0 = Debug|Any CPU
		{CD5F665B-5BEF-4F30-8CE8-E8A31A59DCC9}.Release|Any CPU.ActiveCfg = Release|Any CPU
		{CD5F665B-5BEF-4F30-8CE8-E8A31A59DCC9}.Release|Any CPU.Build.0 = Release|Any CPU
		{37C3EA70-367A-4726-AC4B-E7480AEC3100}.Debug|Any CPU.ActiveCfg = Debug|Any CPU
		{37C3EA70-367A-4726-AC4B-E7480AEC3100}.Release|Any CPU.ActiveCfg = Release|Any CPU
		{37C3EA70-367A-4726-AC4B-E7480AEC3100}.Release|Any CPU.Build.0 = Release|Any CPU
		{94DDC7C7-6FF4-447F-8F00-B8D5C0A80902}.Debug|Any CPU.ActiveCfg = Debug|Any CPU
		{94DDC7C7-6FF4-447F-8F00-B8D5C0A80902}.Release|Any CPU.ActiveCfg = Release|Any CPU
		{94DDC7C7-6FF4-447F-8F00-B8D5C0A80902}.Release|Any CPU.Build.0 = Release|Any CPU
		{6FA59B95-673A-47FA-B8A5-F6AEF9BD814C}.Debug|Any CPU.ActiveCfg = Debug|Any CPU
		{6FA59B95-673A-47FA-B8A5-F6AEF9BD814C}.Release|Any CPU.ActiveCfg = Release|Any CPU
		{6FA59B95-673A-47FA-B8A5-F6AEF9BD814C}.Release|Any CPU.Build.0 = Release|Any CPU
		{CF45EFAE-8BB5-404B-92B8-71B30F7457BE}.Debug|Any CPU.ActiveCfg = Debug|Any CPU
		{CF45EFAE-8BB5-404B-92B8-71B30F7457BE}.Release|Any CPU.ActiveCfg = Release|Any CPU
		{CF45EFAE-8BB5-404B-92B8-71B30F7457BE}.Release|Any CPU.Build.0 = Release|Any CPU
		{631D31D7-005B-4E95-AE34-34E075A289FF}.Debug|Any CPU.ActiveCfg = Debug|Any CPU
		{631D31D7-005B-4E95-AE34-34E075A289FF}.Debug|Any CPU.Build.0 = Debug|Any CPU
		{631D31D7-005B-4E95-AE34-34E075A289FF}.Release|Any CPU.ActiveCfg = Release|Any CPU
		{631D31D7-005B-4E95-AE34-34E075A289FF}.Release|Any CPU.Build.0 = Release|Any CPU
		{9B8E73CC-8345-4CCD-ADBA-A1549858BF47}.Debug|Any CPU.ActiveCfg = Debug|Any CPU
		{9B8E73CC-8345-4CCD-ADBA-A1549858BF47}.Release|Any CPU.ActiveCfg = Release|Any CPU
		{9B8E73CC-8345-4CCD-ADBA-A1549858BF47}.Release|Any CPU.Build.0 = Release|Any CPU
		{DC0EF35D-B8DD-4EFB-A5A3-1ECE7D80C012}.Debug|Any CPU.ActiveCfg = Debug|Any CPU
		{DC0EF35D-B8DD-4EFB-A5A3-1ECE7D80C012}.Release|Any CPU.ActiveCfg = Release|Any CPU
		{DC0EF35D-B8DD-4EFB-A5A3-1ECE7D80C012}.Release|Any CPU.Build.0 = Release|Any CPU
		{595B8AE4-28F8-40DD-A03A-424228999743}.Debug|Any CPU.ActiveCfg = Debug|Any CPU
		{595B8AE4-28F8-40DD-A03A-424228999743}.Debug|Any CPU.Build.0 = Debug|Any CPU
		{595B8AE4-28F8-40DD-A03A-424228999743}.Release|Any CPU.ActiveCfg = Release|Any CPU
		{595B8AE4-28F8-40DD-A03A-424228999743}.Release|Any CPU.Build.0 = Release|Any CPU
		{E74B238F-8F1C-4DB6-AE3E-A1D5931BF20C}.Debug|Any CPU.ActiveCfg = Debug|Any CPU
		{E74B238F-8F1C-4DB6-AE3E-A1D5931BF20C}.Release|Any CPU.ActiveCfg = Release|Any CPU
		{E74B238F-8F1C-4DB6-AE3E-A1D5931BF20C}.Release|Any CPU.Build.0 = Release|Any CPU
		{F60E9757-383C-4AD2-B1FA-3AFF355AA6D1}.Debug|Any CPU.ActiveCfg = Debug|Any CPU
		{F60E9757-383C-4AD2-B1FA-3AFF355AA6D1}.Debug|Any CPU.Build.0 = Debug|Any CPU
		{F60E9757-383C-4AD2-B1FA-3AFF355AA6D1}.Release|Any CPU.ActiveCfg = Release|Any CPU
		{F60E9757-383C-4AD2-B1FA-3AFF355AA6D1}.Release|Any CPU.Build.0 = Release|Any CPU
		{9C7E1E37-C630-432E-86AC-3EBAEC016832}.Debug|Any CPU.ActiveCfg = Debug|Any CPU
		{9C7E1E37-C630-432E-86AC-3EBAEC016832}.Debug|Any CPU.Build.0 = Debug|Any CPU
		{9C7E1E37-C630-432E-86AC-3EBAEC016832}.Release|Any CPU.ActiveCfg = Release|Any CPU
		{9C7E1E37-C630-432E-86AC-3EBAEC016832}.Release|Any CPU.Build.0 = Release|Any CPU
		{2E3BF500-F748-4339-9256-6E589471DFDF}.Debug|Any CPU.ActiveCfg = Debug|Any CPU
		{2E3BF500-F748-4339-9256-6E589471DFDF}.Debug|Any CPU.Build.0 = Debug|Any CPU
		{2E3BF500-F748-4339-9256-6E589471DFDF}.Release|Any CPU.ActiveCfg = Release|Any CPU
		{2E3BF500-F748-4339-9256-6E589471DFDF}.Release|Any CPU.Build.0 = Release|Any CPU
		{C858BEA7-6485-4316-A0B0-182303D6A58E}.Debug|Any CPU.ActiveCfg = Debug|Any CPU
		{C858BEA7-6485-4316-A0B0-182303D6A58E}.Release|Any CPU.ActiveCfg = Release|Any CPU
		{C858BEA7-6485-4316-A0B0-182303D6A58E}.Release|Any CPU.Build.0 = Release|Any CPU
		{4ADDFACC-F5D0-4315-9784-FB23AF9894EB}.Debug|Any CPU.ActiveCfg = Debug|Any CPU
		{4ADDFACC-F5D0-4315-9784-FB23AF9894EB}.Debug|Any CPU.Build.0 = Debug|Any CPU
		{4ADDFACC-F5D0-4315-9784-FB23AF9894EB}.Release|Any CPU.ActiveCfg = Release|Any CPU
		{4ADDFACC-F5D0-4315-9784-FB23AF9894EB}.Release|Any CPU.Build.0 = Release|Any CPU
		{0B88C765-259B-4A29-8195-70B5FE8025CE}.Debug|Any CPU.ActiveCfg = Debug|Any CPU
		{0B88C765-259B-4A29-8195-70B5FE8025CE}.Debug|Any CPU.Build.0 = Debug|Any CPU
		{0B88C765-259B-4A29-8195-70B5FE8025CE}.Release|Any CPU.ActiveCfg = Release|Any CPU
		{0B88C765-259B-4A29-8195-70B5FE8025CE}.Release|Any CPU.Build.0 = Release|Any CPU
		{84B88BAC-F63B-4BD5-995C-1B13071F8608}.Debug|Any CPU.ActiveCfg = Debug|Any CPU
		{84B88BAC-F63B-4BD5-995C-1B13071F8608}.Release|Any CPU.ActiveCfg = Release|Any CPU
		{84B88BAC-F63B-4BD5-995C-1B13071F8608}.Release|Any CPU.Build.0 = Release|Any CPU
		{AB3BB974-E004-4222-B8FA-14FAFD86213D}.Debug|Any CPU.ActiveCfg = Debug|Any CPU
		{AB3BB974-E004-4222-B8FA-14FAFD86213D}.Debug|Any CPU.Build.0 = Debug|Any CPU
		{AB3BB974-E004-4222-B8FA-14FAFD86213D}.Release|Any CPU.ActiveCfg = Release|Any CPU
		{AB3BB974-E004-4222-B8FA-14FAFD86213D}.Release|Any CPU.Build.0 = Release|Any CPU
		{4F95347C-EF46-4DFA-BB2D-D5FC4D87E9BD}.Debug|Any CPU.ActiveCfg = Debug|Any CPU
		{4F95347C-EF46-4DFA-BB2D-D5FC4D87E9BD}.Debug|Any CPU.Build.0 = Debug|Any CPU
		{4F95347C-EF46-4DFA-BB2D-D5FC4D87E9BD}.Release|Any CPU.ActiveCfg = Release|Any CPU
		{4F95347C-EF46-4DFA-BB2D-D5FC4D87E9BD}.Release|Any CPU.Build.0 = Release|Any CPU
		{0EF98176-7AA2-40C0-9199-318EC8FE050D}.Debug|Any CPU.ActiveCfg = Debug|Any CPU
		{0EF98176-7AA2-40C0-9199-318EC8FE050D}.Debug|Any CPU.Build.0 = Debug|Any CPU
		{0EF98176-7AA2-40C0-9199-318EC8FE050D}.Release|Any CPU.ActiveCfg = Release|Any CPU
		{0EF98176-7AA2-40C0-9199-318EC8FE050D}.Release|Any CPU.Build.0 = Release|Any CPU
		{5682FB68-FB20-4CDD-A0F7-5D7FDE1DFA08}.Debug|Any CPU.ActiveCfg = Debug|Any CPU
		{5682FB68-FB20-4CDD-A0F7-5D7FDE1DFA08}.Debug|Any CPU.Build.0 = Debug|Any CPU
		{5682FB68-FB20-4CDD-A0F7-5D7FDE1DFA08}.Release|Any CPU.ActiveCfg = Release|Any CPU
		{5682FB68-FB20-4CDD-A0F7-5D7FDE1DFA08}.Release|Any CPU.Build.0 = Release|Any CPU
		{7556B7F7-05CB-43B8-8A27-390B96554295}.Debug|Any CPU.ActiveCfg = Debug|Any CPU
		{7556B7F7-05CB-43B8-8A27-390B96554295}.Debug|Any CPU.Build.0 = Debug|Any CPU
		{7556B7F7-05CB-43B8-8A27-390B96554295}.Release|Any CPU.ActiveCfg = Release|Any CPU
		{7556B7F7-05CB-43B8-8A27-390B96554295}.Release|Any CPU.Build.0 = Release|Any CPU
		{B83CE605-DB0E-40FD-B53D-75DD1DDE8FF4}.Debug|Any CPU.ActiveCfg = Debug|Any CPU
		{B83CE605-DB0E-40FD-B53D-75DD1DDE8FF4}.Debug|Any CPU.Build.0 = Debug|Any CPU
		{B83CE605-DB0E-40FD-B53D-75DD1DDE8FF4}.Release|Any CPU.ActiveCfg = Release|Any CPU
		{B83CE605-DB0E-40FD-B53D-75DD1DDE8FF4}.Release|Any CPU.Build.0 = Release|Any CPU
		{B02246CC-908D-4FC2-8099-7D89AF4A2055}.Debug|Any CPU.ActiveCfg = Debug|Any CPU
		{B02246CC-908D-4FC2-8099-7D89AF4A2055}.Debug|Any CPU.Build.0 = Debug|Any CPU
		{B02246CC-908D-4FC2-8099-7D89AF4A2055}.Release|Any CPU.ActiveCfg = Release|Any CPU
		{B02246CC-908D-4FC2-8099-7D89AF4A2055}.Release|Any CPU.Build.0 = Release|Any CPU
		{3D505369-6119-45A8-B6B1-1A45CA055B60}.Debug|Any CPU.ActiveCfg = Debug|Any CPU
		{3D505369-6119-45A8-B6B1-1A45CA055B60}.Debug|Any CPU.Build.0 = Debug|Any CPU
		{3D505369-6119-45A8-B6B1-1A45CA055B60}.Release|Any CPU.ActiveCfg = Release|Any CPU
		{3D505369-6119-45A8-B6B1-1A45CA055B60}.Release|Any CPU.Build.0 = Release|Any CPU
		{03D89FB3-F94A-4871-AEA0-C2B4F045A8BD}.Debug|Any CPU.ActiveCfg = Debug|Any CPU
		{03D89FB3-F94A-4871-AEA0-C2B4F045A8BD}.Debug|Any CPU.Build.0 = Debug|Any CPU
		{03D89FB3-F94A-4871-AEA0-C2B4F045A8BD}.Release|Any CPU.ActiveCfg = Release|Any CPU
		{03D89FB3-F94A-4871-AEA0-C2B4F045A8BD}.Release|Any CPU.Build.0 = Release|Any CPU
	EndGlobalSection
	GlobalSection(SolutionProperties) = preSolution
		HideSolutionNode = FALSE
	EndGlobalSection
	GlobalSection(NestedProjects) = preSolution
		{CD5F665B-5BEF-4F30-8CE8-E8A31A59DCC9} = {26EB9CDE-CC3A-430D-806F-D4B8B3511ABF}
		{631D31D7-005B-4E95-AE34-34E075A289FF} = {26EB9CDE-CC3A-430D-806F-D4B8B3511ABF}
		{595B8AE4-28F8-40DD-A03A-424228999743} = {26EB9CDE-CC3A-430D-806F-D4B8B3511ABF}
		{F60E9757-383C-4AD2-B1FA-3AFF355AA6D1} = {26EB9CDE-CC3A-430D-806F-D4B8B3511ABF}
		{9C7E1E37-C630-432E-86AC-3EBAEC016832} = {26EB9CDE-CC3A-430D-806F-D4B8B3511ABF}
		{2E3BF500-F748-4339-9256-6E589471DFDF} = {26EB9CDE-CC3A-430D-806F-D4B8B3511ABF}
		{4ADDFACC-F5D0-4315-9784-FB23AF9894EB} = {26EB9CDE-CC3A-430D-806F-D4B8B3511ABF}
		{0B88C765-259B-4A29-8195-70B5FE8025CE} = {26EB9CDE-CC3A-430D-806F-D4B8B3511ABF}
		{94DDC7C7-6FF4-447F-8F00-B8D5C0A80902} = {1B7CDACE-9D6B-486B-A41F-CA6C184E117A}
		{6FA59B95-673A-47FA-B8A5-F6AEF9BD814C} = {1B7CDACE-9D6B-486B-A41F-CA6C184E117A}
		{9B8E73CC-8345-4CCD-ADBA-A1549858BF47} = {1B7CDACE-9D6B-486B-A41F-CA6C184E117A}
		{DC0EF35D-B8DD-4EFB-A5A3-1ECE7D80C012} = {1B7CDACE-9D6B-486B-A41F-CA6C184E117A}
		{E74B238F-8F1C-4DB6-AE3E-A1D5931BF20C} = {1B7CDACE-9D6B-486B-A41F-CA6C184E117A}
		{03D89FB3-F94A-4871-AEA0-C2B4F045A8BD} = {1B7CDACE-9D6B-486B-A41F-CA6C184E117A}
		{37C3EA70-367A-4726-AC4B-E7480AEC3100} = {87D8CD97-7E55-4038-8883-16D0AE656953}
		{CF45EFAE-8BB5-404B-92B8-71B30F7457BE} = {87D8CD97-7E55-4038-8883-16D0AE656953}
		{84B88BAC-F63B-4BD5-995C-1B13071F8608} = {87D8CD97-7E55-4038-8883-16D0AE656953}
		{AB3BB974-E004-4222-B8FA-14FAFD86213D} = {C839D510-8152-47A6-A4F8-7A15334CEA27}
		{4F95347C-EF46-4DFA-BB2D-D5FC4D87E9BD} = {C839D510-8152-47A6-A4F8-7A15334CEA27}
		{0EF98176-7AA2-40C0-9199-318EC8FE050D} = {C839D510-8152-47A6-A4F8-7A15334CEA27}
		{5682FB68-FB20-4CDD-A0F7-5D7FDE1DFA08} = {34EF1147-A8DC-45B3-8824-FC214B55DAD5}
		{7556B7F7-05CB-43B8-8A27-390B96554295} = {34EF1147-A8DC-45B3-8824-FC214B55DAD5}
		{B83CE605-DB0E-40FD-B53D-75DD1DDE8FF4} = {34EF1147-A8DC-45B3-8824-FC214B55DAD5}
		{B02246CC-908D-4FC2-8099-7D89AF4A2055} = {34EF1147-A8DC-45B3-8824-FC214B55DAD5}
		{3D505369-6119-45A8-B6B1-1A45CA055B60} = {34EF1147-A8DC-45B3-8824-FC214B55DAD5}
	EndGlobalSection
EndGlobal
