
Microsoft Visual Studio Solution File, Format Version 12.00
# Visual Studio 2013
VisualStudioVersion = 12.0.30110.0
MinimumVisualStudioVersion = 10.0.40219.1
Project("{2150E333-8FDC-42A3-9474-1A3956D46DE8}") = "AdvanceAutomation", "AdvanceAutomation", "{26EB9CDE-CC3A-430D-806F-D4B8B3511ABF}"
EndProject
Project("{2150E333-8FDC-42A3-9474-1A3956D46DE8}") = "ClientProcessing", "ClientProcessing", "{1B7CDACE-9D6B-486B-A41F-CA6C184E117A}"
EndProject
Project("{2150E333-8FDC-42A3-9474-1A3956D46DE8}") = "DataProcessingAdvance", "DataProcessingAdvance", "{87D8CD97-7E55-4038-8883-16D0AE656953}"
EndProject
Project("{2150E333-8FDC-42A3-9474-1A3956D46DE8}") = "BaseAutomation", "BaseAutomation", "{C26F745A-DD12-441F-B4D5-07F156499FC7}"
EndProject
Project("{F2A71F9B-5D33-465A-A702-920D77279786}") = "WX.Data.BusinessLogicAdvance.JXC.FXYC.XSYC", "WX.Data.BusinessLogicAdvance.JXC.FXYC.XSYC\WX.Data.BusinessLogicAdvance.JXC.FXYC.XSYC.fsproj", "{938D7255-7338-40E9-AABA-71D5DF5F447C}"
EndProject
Project("{F2A71F9B-5D33-465A-A702-920D77279786}") = "WX.Data.DataAccessAdvance.JXC.FXYC.XSYC", "WX.Data.DataAccessAdvance.JXC.FXYC.XSYC\WX.Data.DataAccessAdvance.JXC.FXYC.XSYC.fsproj", "{C6B47A2D-9177-428A-9613-01D6F1E60461}"
EndProject
Project("{F2A71F9B-5D33-465A-A702-920D77279786}") = "WX.Data.FViewModel.JXC.FXYC.XSYC", "WX.Data.FViewModel.JXC.FXYC.XSYC\WX.Data.FViewModel.JXC.FXYC.XSYC.fsproj", "{A7BAFAAE-8818-4987-953B-106D6950C62D}"
EndProject
Project("{F2A71F9B-5D33-465A-A702-920D77279786}") = "WX.Data.FViewModelAdvance.JXC.FXYC.XSYC", "WX.Data.FViewModelAdvance.JXC.FXYC.XSYC\WX.Data.FViewModelAdvance.JXC.FXYC.XSYC.fsproj", "{0BC82396-9FE1-44EC-8CF8-4C2A215AF5DC}"
EndProject
Project("{F2A71F9B-5D33-465A-A702-920D77279786}") = "WX.Data.IDataAccessAdvance.JXC.FXYC.XSYC", "WX.Data.IDataAccessAdvance.JXC.FXYC.XSYC\WX.Data.IDataAccessAdvance.JXC.FXYC.XSYC.fsproj", "{85F93E07-4FF1-4799-A85C-BD284633D521}"
EndProject
Project("{F2A71F9B-5D33-465A-A702-920D77279786}") = "WX.Data.ServiceContractsAdvance.JXC.FXYC.XSYC", "WX.Data.ServiceContractsAdvance.JXC.FXYC.XSYC\WX.Data.ServiceContractsAdvance.JXC.FXYC.XSYC.fsproj", "{1AA38733-9D94-44B0-93F5-7A7A7D947B21}"
EndProject
Project("{FAE04EC0-301F-11D3-BF4B-00C04F79EFBC}") = "WX.Data.View.JXC.FXYC.XSYC", "WX.Data.View.JXC.FXYC.XSYC\WX.Data.View.JXC.FXYC.XSYC.csproj", "{FBC19D4D-A76B-41C7-96E7-D7AAB4442B0C}"
EndProject
Project("{FAE04EC0-301F-11D3-BF4B-00C04F79EFBC}") = "WX.Data.View.ViewModelTemplate.JXC.FXYC.XSYC", "WX.Data.View.ViewModelTemplate.JXC.FXYC.XSYC\WX.Data.View.ViewModelTemplate.JXC.FXYC.XSYC.csproj", "{B817E5EE-5EB3-477F-8FBE-91E3C67C385B}"
EndProject
Project("{F2A71F9B-5D33-465A-A702-920D77279786}") = "WX.Data.WcfServiceAdvance.JXC.FXYC.XSYC", "WX.Data.WcfServiceAdvance.JXC.FXYC.XSYC\WX.Data.WcfServiceAdvance.JXC.FXYC.XSYC.fsproj", "{5E3ABEFD-D311-4615-BEDE-18E2E84CCDEC}"
	ProjectSection(ProjectDependencies) = postProject
		{938D7255-7338-40E9-AABA-71D5DF5F447C} = {938D7255-7338-40E9-AABA-71D5DF5F447C}
		{1AA38733-9D94-44B0-93F5-7A7A7D947B21} = {1AA38733-9D94-44B0-93F5-7A7A7D947B21}
	EndProjectSection
EndProject
Project("{FAE04EC0-301F-11D3-BF4B-00C04F79EFBC}") = "WX.Data.View.ViewModelTemplateAdvance.JXC.FXYC.XSYC", "WX.Data.View.ViewModelTemplateAdvance.JXC.FXYC.XSYC\WX.Data.View.ViewModelTemplateAdvance.JXC.FXYC.XSYC.csproj", "{89A72409-64C8-4AF2-B4E9-36F0908BD1BE}"
EndProject
Project("{F2A71F9B-5D33-465A-A702-920D77279786}") = "WX.Data.ClientChannelAdvance.FromAzure.JXC.FXYC.XSYC", "WX.Data.ClientChannelAdvance.FromAzure.JXC.FXYC.XSYC\WX.Data.ClientChannelAdvance.FromAzure.JXC.FXYC.XSYC.fsproj", "{24BC387D-2CE7-4990-8D60-CF87EC79CA54}"
	ProjectSection(ProjectDependencies) = postProject
		{1AA38733-9D94-44B0-93F5-7A7A7D947B21} = {1AA38733-9D94-44B0-93F5-7A7A7D947B21}
	EndProjectSection
EndProject
Project("{F2A71F9B-5D33-465A-A702-920D77279786}") = "WX.Data.ClientChannelAdvance.FromNative.JXC.FXYC.XSYC", "WX.Data.ClientChannelAdvance.FromNative.JXC.FXYC.XSYC\WX.Data.ClientChannelAdvance.FromNative.JXC.FXYC.XSYC.fsproj", "{A95D1D68-5319-4070-A675-1FB5B0BF43A0}"
	ProjectSection(ProjectDependencies) = postProject
		{938D7255-7338-40E9-AABA-71D5DF5F447C} = {938D7255-7338-40E9-AABA-71D5DF5F447C}
		{1AA38733-9D94-44B0-93F5-7A7A7D947B21} = {1AA38733-9D94-44B0-93F5-7A7A7D947B21}
	EndProjectSection
EndProject
Project("{F2A71F9B-5D33-465A-A702-920D77279786}") = "WX.Data.ClientChannelAdvance.FromServer.JXC.FXYC.XSYC", "WX.Data.ClientChannelAdvance.FromServer.JXC.FXYC.XSYC\WX.Data.ClientChannelAdvance.FromServer.JXC.FXYC.XSYC.fsproj", "{73999F33-1D8E-45AA-BE30-211D5720A8C8}"
	ProjectSection(ProjectDependencies) = postProject
		{1AA38733-9D94-44B0-93F5-7A7A7D947B21} = {1AA38733-9D94-44B0-93F5-7A7A7D947B21}
	EndProjectSection
EndProject
Project("{FAE04EC0-301F-11D3-BF4B-00C04F79EFBC}") = "WX.Data.WinMain", "..\..\SBIIMS_Integration\WX.Data.WinMain\WX.Data.WinMain.csproj", "{C858BEA7-6485-4316-A0B0-182303D6A58E}"
EndProject
Project("{F2A71F9B-5D33-465A-A702-920D77279786}") = "WX.Data.ClientChannelAdvance.JXC.FXYC.XSYC", "WX.Data.ClientChannelAdvance.JXC.FXYC.XSYC\WX.Data.ClientChannelAdvance.JXC.FXYC.XSYC.fsproj", "{22BC295A-3881-45AD-A76E-909ABABD093D}"
	ProjectSection(ProjectDependencies) = postProject
		{938D7255-7338-40E9-AABA-71D5DF5F447C} = {938D7255-7338-40E9-AABA-71D5DF5F447C}
		{1AA38733-9D94-44B0-93F5-7A7A7D947B21} = {1AA38733-9D94-44B0-93F5-7A7A7D947B21}
	EndProjectSection
EndProject
Project("{FAE04EC0-301F-11D3-BF4B-00C04F79EFBC}") = "WX.Data.WcfServiceAdvance.WebIISHost.JXC.FXYC.XSYC", "WX.Data.WcfServiceAdvance.WebIISHost.JXC.FXYC.XSYC\WX.Data.WcfServiceAdvance.WebIISHost.JXC.FXYC.XSYC.csproj", "{6A5CD288-F3B0-49D3-90C3-4FDA8A01268B}"
	ProjectSection(ProjectDependencies) = postProject
		{5E3ABEFD-D311-4615-BEDE-18E2E84CCDEC} = {5E3ABEFD-D311-4615-BEDE-18E2E84CCDEC}
	EndProjectSection
EndProject
Project("{F2A71F9B-5D33-465A-A702-920D77279786}") = "WX.Data.BusinessEntitiesAdvance.JXC.FXYC.XSYC", "WX.Data.BusinessEntitiesAdvance.JXC.FXYC.XSYC\WX.Data.BusinessEntitiesAdvance.JXC.FXYC.XSYC.fsproj", "{5E97D1A3-647E-4681-9FC0-19D4CA89E2C1}"
EndProject
Project("{F2A71F9B-5D33-465A-A702-920D77279786}") = "WX.Data.BusinessEntities.JXC.FXYC.XSYC", "WX.Data.BusinessEntities.JXC.FXYC.XSYC\WX.Data.BusinessEntities.JXC.FXYC.XSYC.fsproj", "{5682FB68-FB20-4CDD-A0F7-5D7FDE1DFA08}"
EndProject
Project("{F2A71F9B-5D33-465A-A702-920D77279786}") = "WX.Data.DataAccess.JXC.FXYC.XSYC", "WX.Data.DataAccess.JXC.FXYC.XSYC\WX.Data.DataAccess.JXC.FXYC.XSYC.fsproj", "{7556B7F7-05CB-43B8-8A27-390B96554295}"
EndProject
Project("{FAE04EC0-301F-11D3-BF4B-00C04F79EFBC}") = "WX.Data.DataModel.JXC.FXYC.XSYC", "WX.Data.DataModel.JXC.FXYC.XSYC\WX.Data.DataModel.JXC.FXYC.XSYC.csproj", "{B83CE605-DB0E-40FD-B53D-75DD1DDE8FF4}"
EndProject
Project("{F2A71F9B-5D33-465A-A702-920D77279786}") = "WX.Data.DatabaseDictionary.JXC.FXYC.XSYC", "WX.Data.DatabaseDictionary.JXC.FXYC.XSYC\WX.Data.DatabaseDictionary.JXC.FXYC.XSYC.fsproj", "{B02246CC-908D-4FC2-8099-7D89AF4A2055}"
EndProject
Project("{F2A71F9B-5D33-465A-A702-920D77279786}") = "WX.Data.IDataAccess.JXC.FXYC.XSYC", "WX.Data.IDataAccess.JXC.FXYC.XSYC\WX.Data.IDataAccess.JXC.FXYC.XSYC.fsproj", "{3D505369-6119-45A8-B6B1-1A45CA055B60}"
EndProject
Global
	GlobalSection(SolutionConfigurationPlatforms) = preSolution
		Debug|Any CPU = Debug|Any CPU
		Release|Any CPU = Release|Any CPU
	EndGlobalSection
	GlobalSection(ProjectConfigurationPlatforms) = postSolution
		{938D7255-7338-40E9-AABA-71D5DF5F447C}.Debug|Any CPU.ActiveCfg = Debug|Any CPU
		{938D7255-7338-40E9-AABA-71D5DF5F447C}.Debug|Any CPU.Build.0 = Debug|Any CPU
		{938D7255-7338-40E9-AABA-71D5DF5F447C}.Release|Any CPU.ActiveCfg = Release|Any CPU
		{938D7255-7338-40E9-AABA-71D5DF5F447C}.Release|Any CPU.Build.0 = Release|Any CPU
		{C6B47A2D-9177-428A-9613-01D6F1E60461}.Debug|Any CPU.ActiveCfg = Debug|Any CPU
		{C6B47A2D-9177-428A-9613-01D6F1E60461}.Release|Any CPU.ActiveCfg = Release|Any CPU
		{C6B47A2D-9177-428A-9613-01D6F1E60461}.Release|Any CPU.Build.0 = Release|Any CPU
		{A7BAFAAE-8818-4987-953B-106D6950C62D}.Debug|Any CPU.ActiveCfg = Debug|Any CPU
		{A7BAFAAE-8818-4987-953B-106D6950C62D}.Release|Any CPU.ActiveCfg = Release|Any CPU
		{A7BAFAAE-8818-4987-953B-106D6950C62D}.Release|Any CPU.Build.0 = Release|Any CPU
		{0BC82396-9FE1-44EC-8CF8-4C2A215AF5DC}.Debug|Any CPU.ActiveCfg = Debug|Any CPU
		{0BC82396-9FE1-44EC-8CF8-4C2A215AF5DC}.Release|Any CPU.ActiveCfg = Release|Any CPU
		{0BC82396-9FE1-44EC-8CF8-4C2A215AF5DC}.Release|Any CPU.Build.0 = Release|Any CPU
		{85F93E07-4FF1-4799-A85C-BD284633D521}.Debug|Any CPU.ActiveCfg = Debug|Any CPU
		{85F93E07-4FF1-4799-A85C-BD284633D521}.Release|Any CPU.ActiveCfg = Release|Any CPU
		{85F93E07-4FF1-4799-A85C-BD284633D521}.Release|Any CPU.Build.0 = Release|Any CPU
		{1AA38733-9D94-44B0-93F5-7A7A7D947B21}.Debug|Any CPU.ActiveCfg = Debug|Any CPU
		{1AA38733-9D94-44B0-93F5-7A7A7D947B21}.Debug|Any CPU.Build.0 = Debug|Any CPU
		{1AA38733-9D94-44B0-93F5-7A7A7D947B21}.Release|Any CPU.ActiveCfg = Release|Any CPU
		{1AA38733-9D94-44B0-93F5-7A7A7D947B21}.Release|Any CPU.Build.0 = Release|Any CPU
		{FBC19D4D-A76B-41C7-96E7-D7AAB4442B0C}.Debug|Any CPU.ActiveCfg = Debug|Any CPU
		{FBC19D4D-A76B-41C7-96E7-D7AAB4442B0C}.Release|Any CPU.ActiveCfg = Release|Any CPU
		{FBC19D4D-A76B-41C7-96E7-D7AAB4442B0C}.Release|Any CPU.Build.0 = Release|Any CPU
		{B817E5EE-5EB3-477F-8FBE-91E3C67C385B}.Debug|Any CPU.ActiveCfg = Debug|Any CPU
		{B817E5EE-5EB3-477F-8FBE-91E3C67C385B}.Release|Any CPU.ActiveCfg = Release|Any CPU
		{B817E5EE-5EB3-477F-8FBE-91E3C67C385B}.Release|Any CPU.Build.0 = Release|Any CPU
		{5E3ABEFD-D311-4615-BEDE-18E2E84CCDEC}.Debug|Any CPU.ActiveCfg = Debug|Any CPU
		{5E3ABEFD-D311-4615-BEDE-18E2E84CCDEC}.Debug|Any CPU.Build.0 = Debug|Any CPU
		{5E3ABEFD-D311-4615-BEDE-18E2E84CCDEC}.Release|Any CPU.ActiveCfg = Release|Any CPU
		{5E3ABEFD-D311-4615-BEDE-18E2E84CCDEC}.Release|Any CPU.Build.0 = Release|Any CPU
		{89A72409-64C8-4AF2-B4E9-36F0908BD1BE}.Debug|Any CPU.ActiveCfg = Debug|Any CPU
		{89A72409-64C8-4AF2-B4E9-36F0908BD1BE}.Release|Any CPU.ActiveCfg = Release|Any CPU
		{89A72409-64C8-4AF2-B4E9-36F0908BD1BE}.Release|Any CPU.Build.0 = Release|Any CPU
		{24BC387D-2CE7-4990-8D60-CF87EC79CA54}.Debug|Any CPU.ActiveCfg = Debug|Any CPU
		{24BC387D-2CE7-4990-8D60-CF87EC79CA54}.Debug|Any CPU.Build.0 = Debug|Any CPU
		{24BC387D-2CE7-4990-8D60-CF87EC79CA54}.Release|Any CPU.ActiveCfg = Release|Any CPU
		{24BC387D-2CE7-4990-8D60-CF87EC79CA54}.Release|Any CPU.Build.0 = Release|Any CPU
		{A95D1D68-5319-4070-A675-1FB5B0BF43A0}.Debug|Any CPU.ActiveCfg = Debug|Any CPU
		{A95D1D68-5319-4070-A675-1FB5B0BF43A0}.Debug|Any CPU.Build.0 = Debug|Any CPU
		{A95D1D68-5319-4070-A675-1FB5B0BF43A0}.Release|Any CPU.ActiveCfg = Release|Any CPU
		{A95D1D68-5319-4070-A675-1FB5B0BF43A0}.Release|Any CPU.Build.0 = Release|Any CPU
		{73999F33-1D8E-45AA-BE30-211D5720A8C8}.Debug|Any CPU.ActiveCfg = Debug|Any CPU
		{73999F33-1D8E-45AA-BE30-211D5720A8C8}.Debug|Any CPU.Build.0 = Debug|Any CPU
		{73999F33-1D8E-45AA-BE30-211D5720A8C8}.Release|Any CPU.ActiveCfg = Release|Any CPU
		{73999F33-1D8E-45AA-BE30-211D5720A8C8}.Release|Any CPU.Build.0 = Release|Any CPU
		{C858BEA7-6485-4316-A0B0-182303D6A58E}.Debug|Any CPU.ActiveCfg = Debug|Any CPU
		{C858BEA7-6485-4316-A0B0-182303D6A58E}.Release|Any CPU.ActiveCfg = Release|Any CPU
		{C858BEA7-6485-4316-A0B0-182303D6A58E}.Release|Any CPU.Build.0 = Release|Any CPU
		{22BC295A-3881-45AD-A76E-909ABABD093D}.Debug|Any CPU.ActiveCfg = Debug|Any CPU
		{22BC295A-3881-45AD-A76E-909ABABD093D}.Debug|Any CPU.Build.0 = Debug|Any CPU
		{22BC295A-3881-45AD-A76E-909ABABD093D}.Release|Any CPU.ActiveCfg = Release|Any CPU
		{22BC295A-3881-45AD-A76E-909ABABD093D}.Release|Any CPU.Build.0 = Release|Any CPU
		{6A5CD288-F3B0-49D3-90C3-4FDA8A01268B}.Debug|Any CPU.ActiveCfg = Debug|Any CPU
		{6A5CD288-F3B0-49D3-90C3-4FDA8A01268B}.Debug|Any CPU.Build.0 = Debug|Any CPU
		{6A5CD288-F3B0-49D3-90C3-4FDA8A01268B}.Release|Any CPU.ActiveCfg = Release|Any CPU
		{6A5CD288-F3B0-49D3-90C3-4FDA8A01268B}.Release|Any CPU.Build.0 = Release|Any CPU
		{5E97D1A3-647E-4681-9FC0-19D4CA89E2C1}.Debug|Any CPU.ActiveCfg = Debug|Any CPU
		{5E97D1A3-647E-4681-9FC0-19D4CA89E2C1}.Release|Any CPU.ActiveCfg = Release|Any CPU
		{5E97D1A3-647E-4681-9FC0-19D4CA89E2C1}.Release|Any CPU.Build.0 = Release|Any CPU
		{5682FB68-FB20-4CDD-A0F7-5D7FDE1DFA08}.Debug|Any CPU.ActiveCfg = Debug|Any CPU
		{5682FB68-FB20-4CDD-A0F7-5D7FDE1DFA08}.Debug|Any CPU.Build.0 = Debug|Any CPU
		{5682FB68-FB20-4CDD-A0F7-5D7FDE1DFA08}.Release|Any CPU.ActiveCfg = Release|Any CPU
		{5682FB68-FB20-4CDD-A0F7-5D7FDE1DFA08}.Release|Any CPU.Build.0 = Release|Any CPU
		{7556B7F7-05CB-43B8-8A27-390B96554295}.Debug|Any CPU.ActiveCfg = Debug|Any CPU
		{7556B7F7-05CB-43B8-8A27-390B96554295}.Debug|Any CPU.Build.0 = Debug|Any CPU
		{7556B7F7-05CB-43B8-8A27-390B96554295}.Release|Any CPU.ActiveCfg = Release|Any CPU
		{7556B7F7-05CB-43B8-8A27-390B96554295}.Release|Any CPU.Build.0 = Release|Any CPU
		{B83CE605-DB0E-40FD-B53D-75DD1DDE8FF4}.Debug|Any CPU.ActiveCfg = Debug|Any CPU
		{B83CE605-DB0E-40FD-B53D-75DD1DDE8FF4}.Debug|Any CPU.Build.0 = Debug|Any CPU
		{B83CE605-DB0E-40FD-B53D-75DD1DDE8FF4}.Release|Any CPU.ActiveCfg = Release|Any CPU
		{B83CE605-DB0E-40FD-B53D-75DD1DDE8FF4}.Release|Any CPU.Build.0 = Release|Any CPU
		{B02246CC-908D-4FC2-8099-7D89AF4A2055}.Debug|Any CPU.ActiveCfg = Debug|Any CPU
		{B02246CC-908D-4FC2-8099-7D89AF4A2055}.Debug|Any CPU.Build.0 = Debug|Any CPU
		{B02246CC-908D-4FC2-8099-7D89AF4A2055}.Release|Any CPU.ActiveCfg = Release|Any CPU
		{B02246CC-908D-4FC2-8099-7D89AF4A2055}.Release|Any CPU.Build.0 = Release|Any CPU
		{3D505369-6119-45A8-B6B1-1A45CA055B60}.Debug|Any CPU.ActiveCfg = Debug|Any CPU
		{3D505369-6119-45A8-B6B1-1A45CA055B60}.Debug|Any CPU.Build.0 = Debug|Any CPU
		{3D505369-6119-45A8-B6B1-1A45CA055B60}.Release|Any CPU.ActiveCfg = Release|Any CPU
		{3D505369-6119-45A8-B6B1-1A45CA055B60}.Release|Any CPU.Build.0 = Release|Any CPU
	EndGlobalSection
	GlobalSection(SolutionProperties) = preSolution
		HideSolutionNode = FALSE
	EndGlobalSection
	GlobalSection(NestedProjects) = preSolution
		{938D7255-7338-40E9-AABA-71D5DF5F447C} = {26EB9CDE-CC3A-430D-806F-D4B8B3511ABF}
		{1AA38733-9D94-44B0-93F5-7A7A7D947B21} = {26EB9CDE-CC3A-430D-806F-D4B8B3511ABF}
		{5E3ABEFD-D311-4615-BEDE-18E2E84CCDEC} = {26EB9CDE-CC3A-430D-806F-D4B8B3511ABF}
		{24BC387D-2CE7-4990-8D60-CF87EC79CA54} = {26EB9CDE-CC3A-430D-806F-D4B8B3511ABF}
		{A95D1D68-5319-4070-A675-1FB5B0BF43A0} = {26EB9CDE-CC3A-430D-806F-D4B8B3511ABF}
		{73999F33-1D8E-45AA-BE30-211D5720A8C8} = {26EB9CDE-CC3A-430D-806F-D4B8B3511ABF}
		{22BC295A-3881-45AD-A76E-909ABABD093D} = {26EB9CDE-CC3A-430D-806F-D4B8B3511ABF}
		{6A5CD288-F3B0-49D3-90C3-4FDA8A01268B} = {26EB9CDE-CC3A-430D-806F-D4B8B3511ABF}
		{A7BAFAAE-8818-4987-953B-106D6950C62D} = {1B7CDACE-9D6B-486B-A41F-CA6C184E117A}
		{0BC82396-9FE1-44EC-8CF8-4C2A215AF5DC} = {1B7CDACE-9D6B-486B-A41F-CA6C184E117A}
		{FBC19D4D-A76B-41C7-96E7-D7AAB4442B0C} = {1B7CDACE-9D6B-486B-A41F-CA6C184E117A}
		{B817E5EE-5EB3-477F-8FBE-91E3C67C385B} = {1B7CDACE-9D6B-486B-A41F-CA6C184E117A}
		{89A72409-64C8-4AF2-B4E9-36F0908BD1BE} = {1B7CDACE-9D6B-486B-A41F-CA6C184E117A}
		{C6B47A2D-9177-428A-9613-01D6F1E60461} = {87D8CD97-7E55-4038-8883-16D0AE656953}
		{85F93E07-4FF1-4799-A85C-BD284633D521} = {87D8CD97-7E55-4038-8883-16D0AE656953}
		{5E97D1A3-647E-4681-9FC0-19D4CA89E2C1} = {87D8CD97-7E55-4038-8883-16D0AE656953}
		{5682FB68-FB20-4CDD-A0F7-5D7FDE1DFA08} = {C26F745A-DD12-441F-B4D5-07F156499FC7}
		{7556B7F7-05CB-43B8-8A27-390B96554295} = {C26F745A-DD12-441F-B4D5-07F156499FC7}
		{B83CE605-DB0E-40FD-B53D-75DD1DDE8FF4} = {C26F745A-DD12-441F-B4D5-07F156499FC7}
		{B02246CC-908D-4FC2-8099-7D89AF4A2055} = {C26F745A-DD12-441F-B4D5-07F156499FC7}
		{3D505369-6119-45A8-B6B1-1A45CA055B60} = {C26F745A-DD12-441F-B4D5-07F156499FC7}
	EndGlobalSection
EndGlobal
