
Microsoft Visual Studio Solution File, Format Version 12.00
# Visual Studio 2013
VisualStudioVersion = 12.0.30110.0
MinimumVisualStudioVersion = 10.0.40219.1
Project("{2150E333-8FDC-42A3-9474-1A3956D46DE8}") = "AdvanceAutomation", "AdvanceAutomation", "{26EB9CDE-CC3A-430D-806F-D4B8B3511ABF}"
EndProject
Project("{2150E333-8FDC-42A3-9474-1A3956D46DE8}") = "ClientProcessing", "ClientProcessing", "{1B7CDACE-9D6B-486B-A41F-CA6C184E117A}"
EndProject
Project("{2150E333-8FDC-42A3-9474-1A3956D46DE8}") = "DataProcessingAdvance", "DataProcessingAdvance", "{87D8CD97-7E55-4038-8883-16D0AE656953}"
EndProject
Project("{2150E333-8FDC-42A3-9474-1A3956D46DE8}") = "ServerCacheProcessing", "ServerCacheProcessing", "{C839D510-8152-47A6-A4F8-7A15334CEA27}"
EndProject
Project("{2150E333-8FDC-42A3-9474-1A3956D46DE8}") = "BaseAutomation", "BaseAutomation", "{34EF1147-A8DC-45B3-8824-FC214B55DAD5}"
EndProject
Project("{F2A71F9B-5D33-465A-A702-920D77279786}") = "WX.Data.BusinessLogicAdvance.JXC.JBXX.GHSWH", "WX.Data.BusinessLogicAdvance.JXC.JBXX.GHSWH\WX.Data.BusinessLogicAdvance.JXC.JBXX.GHSWH.fsproj", "{73B1EBC6-D357-4E47-91FD-7EC40F7F10B0}"
EndProject
Project("{F2A71F9B-5D33-465A-A702-920D77279786}") = "WX.Data.DataAccessAdvance.JXC.JBXX.GHSWH", "WX.Data.DataAccessAdvance.JXC.JBXX.GHSWH\WX.Data.DataAccessAdvance.JXC.JBXX.GHSWH.fsproj", "{3DD4C7CA-E812-408D-A64C-DA8906888A8A}"
EndProject
Project("{F2A71F9B-5D33-465A-A702-920D77279786}") = "WX.Data.FViewModel.JXC.JBXX.GHSWH", "WX.Data.FViewModel.JXC.JBXX.GHSWH\WX.Data.FViewModel.JXC.JBXX.GHSWH.fsproj", "{712CD818-C762-4B01-9EB2-8D40DB072B63}"
EndProject
Project("{F2A71F9B-5D33-465A-A702-920D77279786}") = "WX.Data.FViewModelAdvance.JXC.JBXX.GHSWH", "WX.Data.FViewModelAdvance.JXC.JBXX.GHSWH\WX.Data.FViewModelAdvance.JXC.JBXX.GHSWH.fsproj", "{8FCD2916-4041-4599-92F4-1D52325C100B}"
EndProject
Project("{F2A71F9B-5D33-465A-A702-920D77279786}") = "WX.Data.IDataAccessAdvance.JXC.JBXX.GHSWH", "WX.Data.IDataAccessAdvance.JXC.JBXX.GHSWH\WX.Data.IDataAccessAdvance.JXC.JBXX.GHSWH.fsproj", "{F3B124AC-2330-471E-B922-71EDE757A93D}"
EndProject
Project("{F2A71F9B-5D33-465A-A702-920D77279786}") = "WX.Data.ServiceContractsAdvance.JXC.JBXX.GHSWH", "WX.Data.ServiceContractsAdvance.JXC.JBXX.GHSWH\WX.Data.ServiceContractsAdvance.JXC.JBXX.GHSWH.fsproj", "{9D829F23-EDAA-4708-882C-C225D4AE28A5}"
EndProject
Project("{FAE04EC0-301F-11D3-BF4B-00C04F79EFBC}") = "WX.Data.View.JXC.JBXX.GHSWH", "WX.Data.View.JXC.JBXX.GHSWH\WX.Data.View.JXC.JBXX.GHSWH.csproj", "{68854DCC-8587-4D0D-99E4-FC5CABE41879}"
EndProject
Project("{FAE04EC0-301F-11D3-BF4B-00C04F79EFBC}") = "WX.Data.View.ViewModelTemplate.JXC.JBXX.GHSWH", "WX.Data.View.ViewModelTemplate.JXC.JBXX.GHSWH\WX.Data.View.ViewModelTemplate.JXC.JBXX.GHSWH.csproj", "{93317961-9AF3-4C92-B7E1-F5CE9926AE34}"
EndProject
Project("{F2A71F9B-5D33-465A-A702-920D77279786}") = "WX.Data.WcfServiceAdvance.JXC.JBXX.GHSWH", "WX.Data.WcfServiceAdvance.JXC.JBXX.GHSWH\WX.Data.WcfServiceAdvance.JXC.JBXX.GHSWH.fsproj", "{C26EC821-4499-47A2-B2DD-E01E5E77F271}"
	ProjectSection(ProjectDependencies) = postProject
		{73B1EBC6-D357-4E47-91FD-7EC40F7F10B0} = {73B1EBC6-D357-4E47-91FD-7EC40F7F10B0}
		{9D829F23-EDAA-4708-882C-C225D4AE28A5} = {9D829F23-EDAA-4708-882C-C225D4AE28A5}
	EndProjectSection
EndProject
Project("{FAE04EC0-301F-11D3-BF4B-00C04F79EFBC}") = "WX.Data.View.ViewModelTemplateAdvance.JXC.JBXX.GHSWH", "WX.Data.View.ViewModelTemplateAdvance.JXC.JBXX.GHSWH\WX.Data.View.ViewModelTemplateAdvance.JXC.JBXX.GHSWH.csproj", "{1EF42981-7598-4C15-BA24-1F2EE0CEA0DF}"
EndProject
Project("{F2A71F9B-5D33-465A-A702-920D77279786}") = "WX.Data.ClientChannelAdvance.FromAzure.JXC.JBXX.GHSWH", "WX.Data.ClientChannelAdvance.FromAzure.JXC.JBXX.GHSWH\WX.Data.ClientChannelAdvance.FromAzure.JXC.JBXX.GHSWH.fsproj", "{732D23CA-E1F2-4F66-923D-F7104F32FC9F}"
	ProjectSection(ProjectDependencies) = postProject
		{9D829F23-EDAA-4708-882C-C225D4AE28A5} = {9D829F23-EDAA-4708-882C-C225D4AE28A5}
	EndProjectSection
EndProject
Project("{F2A71F9B-5D33-465A-A702-920D77279786}") = "WX.Data.ClientChannelAdvance.FromNative.JXC.JBXX.GHSWH", "WX.Data.ClientChannelAdvance.FromNative.JXC.JBXX.GHSWH\WX.Data.ClientChannelAdvance.FromNative.JXC.JBXX.GHSWH.fsproj", "{873342B5-5849-479F-8974-C9F41FE97B53}"
	ProjectSection(ProjectDependencies) = postProject
		{73B1EBC6-D357-4E47-91FD-7EC40F7F10B0} = {73B1EBC6-D357-4E47-91FD-7EC40F7F10B0}
		{9D829F23-EDAA-4708-882C-C225D4AE28A5} = {9D829F23-EDAA-4708-882C-C225D4AE28A5}
	EndProjectSection
EndProject
Project("{F2A71F9B-5D33-465A-A702-920D77279786}") = "WX.Data.ClientChannelAdvance.FromServer.JXC.JBXX.GHSWH", "WX.Data.ClientChannelAdvance.FromServer.JXC.JBXX.GHSWH\WX.Data.ClientChannelAdvance.FromServer.JXC.JBXX.GHSWH.fsproj", "{B73698E1-B9E2-418B-90F3-D8C98C0D8AE4}"
	ProjectSection(ProjectDependencies) = postProject
		{9D829F23-EDAA-4708-882C-C225D4AE28A5} = {9D829F23-EDAA-4708-882C-C225D4AE28A5}
	EndProjectSection
EndProject
Project("{FAE04EC0-301F-11D3-BF4B-00C04F79EFBC}") = "WX.Data.WinMain", "..\..\SBIIMS_Integration\WX.Data.WinMain\WX.Data.WinMain.csproj", "{C858BEA7-6485-4316-A0B0-182303D6A58E}"
EndProject
Project("{F2A71F9B-5D33-465A-A702-920D77279786}") = "WX.Data.ClientChannelAdvance.JXC.JBXX.GHSWH", "WX.Data.ClientChannelAdvance.JXC.JBXX.GHSWH\WX.Data.ClientChannelAdvance.JXC.JBXX.GHSWH.fsproj", "{2557C448-CA49-4ED4-ABAA-32752A32579E}"
	ProjectSection(ProjectDependencies) = postProject
		{73B1EBC6-D357-4E47-91FD-7EC40F7F10B0} = {73B1EBC6-D357-4E47-91FD-7EC40F7F10B0}
		{9D829F23-EDAA-4708-882C-C225D4AE28A5} = {9D829F23-EDAA-4708-882C-C225D4AE28A5}
	EndProjectSection
EndProject
Project("{FAE04EC0-301F-11D3-BF4B-00C04F79EFBC}") = "WX.Data.WcfServiceAdvance.WebIISHost.JXC.JBXX.GHSWH", "WX.Data.WcfServiceAdvance.WebIISHost.JXC.JBXX.GHSWH\WX.Data.WcfServiceAdvance.WebIISHost.JXC.JBXX.GHSWH.csproj", "{16B3356D-735F-40D7-A5FA-62170243E436}"
	ProjectSection(ProjectDependencies) = postProject
		{C26EC821-4499-47A2-B2DD-E01E5E77F271} = {C26EC821-4499-47A2-B2DD-E01E5E77F271}
	EndProjectSection
EndProject
Project("{F2A71F9B-5D33-465A-A702-920D77279786}") = "WX.Data.BusinessEntitiesAdvance.JXC.JBXX.GHSWH", "WX.Data.BusinessEntitiesAdvance.JXC.JBXX.GHSWH\WX.Data.BusinessEntitiesAdvance.JXC.JBXX.GHSWH.fsproj", "{1FC12A1D-B2DE-4745-B8F2-DA84B71E3EAC}"
EndProject
Project("{F2A71F9B-5D33-465A-A702-920D77279786}") = "WX.Data.IDataAccessAdvanceX.JXC.JBXX.GHSWH", "WX.Data.IDataAccessAdvanceX.JXC.JBXX.GHSWH\WX.Data.IDataAccessAdvanceX.JXC.JBXX.GHSWH.fsproj", "{8CA155F6-726F-48C9-8A3F-FB009AD8068A}"
EndProject
Project("{F2A71F9B-5D33-465A-A702-920D77279786}") = "WX.Data.DataAccessAdvanceX.JXC.JBXX.GHSWH", "WX.Data.DataAccessAdvanceX.JXC.JBXX.GHSWH\WX.Data.DataAccessAdvanceX.JXC.JBXX.GHSWH.fsproj", "{2926579F-3A48-4015-8909-1CB0450AF458}"
EndProject
Project("{F2A71F9B-5D33-465A-A702-920D77279786}") = "WX.Data.ServerCaching.JXC.JBXX.GHSWH", "WX.Data.ServerCaching.JXC.JBXX.GHSWH\WX.Data.ServerCaching.JXC.JBXX.GHSWH.fsproj", "{8C51D64C-87FF-442B-A437-D397B6DC13A9}"
EndProject
Project("{F2A71F9B-5D33-465A-A702-920D77279786}") = "WX.Data.BusinessEntities.JXC.JBXX.GHSWH", "WX.Data.BusinessEntities.JXC.JBXX.GHSWH\WX.Data.BusinessEntities.JXC.JBXX.GHSWH.fsproj", "{5682FB68-FB20-4CDD-A0F7-5D7FDE1DFA08}"
EndProject
Project("{F2A71F9B-5D33-465A-A702-920D77279786}") = "WX.Data.DataAccess.JXC.JBXX.GHSWH", "WX.Data.DataAccess.JXC.JBXX.GHSWH\WX.Data.DataAccess.JXC.JBXX.GHSWH.fsproj", "{7556B7F7-05CB-43B8-8A27-390B96554295}"
EndProject
Project("{FAE04EC0-301F-11D3-BF4B-00C04F79EFBC}") = "WX.Data.DataModel.JXC.JBXX.GHSWH", "WX.Data.DataModel.JXC.JBXX.GHSWH\WX.Data.DataModel.JXC.JBXX.GHSWH.csproj", "{B83CE605-DB0E-40FD-B53D-75DD1DDE8FF4}"
EndProject
Project("{F2A71F9B-5D33-465A-A702-920D77279786}") = "WX.Data.DatabaseDictionary.JXC.JBXX.GHSWH", "WX.Data.DatabaseDictionary.JXC.JBXX.GHSWH\WX.Data.DatabaseDictionary.JXC.JBXX.GHSWH.fsproj", "{B02246CC-908D-4FC2-8099-7D89AF4A2055}"
EndProject
Project("{F2A71F9B-5D33-465A-A702-920D77279786}") = "WX.Data.IDataAccess.JXC.JBXX.GHSWH", "WX.Data.IDataAccess.JXC.JBXX.GHSWH\WX.Data.IDataAccess.JXC.JBXX.GHSWH.fsproj", "{3D505369-6119-45A8-B6B1-1A45CA055B60}"
EndProject
Project("{F2A71F9B-5D33-465A-A702-920D77279786}") = "WX.Data.Caching.JXC.JBXX.GHSWH", "WX.Data.Caching.JXC.JBXX.GHSWH\WX.Data.Caching.JXC.JBXX.GHSWH.fsproj", "{C539C135-AA31-4852-8376-331BAD72A268}"
EndProject
Global
	GlobalSection(SolutionConfigurationPlatforms) = preSolution
		Debug|Any CPU = Debug|Any CPU
		Release|Any CPU = Release|Any CPU
	EndGlobalSection
	GlobalSection(ProjectConfigurationPlatforms) = postSolution
		{73B1EBC6-D357-4E47-91FD-7EC40F7F10B0}.Debug|Any CPU.ActiveCfg = Debug|Any CPU
		{73B1EBC6-D357-4E47-91FD-7EC40F7F10B0}.Debug|Any CPU.Build.0 = Debug|Any CPU
		{73B1EBC6-D357-4E47-91FD-7EC40F7F10B0}.Release|Any CPU.ActiveCfg = Release|Any CPU
		{73B1EBC6-D357-4E47-91FD-7EC40F7F10B0}.Release|Any CPU.Build.0 = Release|Any CPU
		{3DD4C7CA-E812-408D-A64C-DA8906888A8A}.Debug|Any CPU.ActiveCfg = Debug|Any CPU
		{3DD4C7CA-E812-408D-A64C-DA8906888A8A}.Release|Any CPU.ActiveCfg = Release|Any CPU
		{3DD4C7CA-E812-408D-A64C-DA8906888A8A}.Release|Any CPU.Build.0 = Release|Any CPU
		{712CD818-C762-4B01-9EB2-8D40DB072B63}.Debug|Any CPU.ActiveCfg = Debug|Any CPU
		{712CD818-C762-4B01-9EB2-8D40DB072B63}.Release|Any CPU.ActiveCfg = Release|Any CPU
		{712CD818-C762-4B01-9EB2-8D40DB072B63}.Release|Any CPU.Build.0 = Release|Any CPU
		{8FCD2916-4041-4599-92F4-1D52325C100B}.Debug|Any CPU.ActiveCfg = Debug|Any CPU
		{8FCD2916-4041-4599-92F4-1D52325C100B}.Release|Any CPU.ActiveCfg = Release|Any CPU
		{8FCD2916-4041-4599-92F4-1D52325C100B}.Release|Any CPU.Build.0 = Release|Any CPU
		{F3B124AC-2330-471E-B922-71EDE757A93D}.Debug|Any CPU.ActiveCfg = Debug|Any CPU
		{F3B124AC-2330-471E-B922-71EDE757A93D}.Release|Any CPU.ActiveCfg = Release|Any CPU
		{F3B124AC-2330-471E-B922-71EDE757A93D}.Release|Any CPU.Build.0 = Release|Any CPU
		{9D829F23-EDAA-4708-882C-C225D4AE28A5}.Debug|Any CPU.ActiveCfg = Debug|Any CPU
		{9D829F23-EDAA-4708-882C-C225D4AE28A5}.Debug|Any CPU.Build.0 = Debug|Any CPU
		{9D829F23-EDAA-4708-882C-C225D4AE28A5}.Release|Any CPU.ActiveCfg = Release|Any CPU
		{9D829F23-EDAA-4708-882C-C225D4AE28A5}.Release|Any CPU.Build.0 = Release|Any CPU
		{68854DCC-8587-4D0D-99E4-FC5CABE41879}.Debug|Any CPU.ActiveCfg = Debug|Any CPU
		{68854DCC-8587-4D0D-99E4-FC5CABE41879}.Release|Any CPU.ActiveCfg = Release|Any CPU
		{68854DCC-8587-4D0D-99E4-FC5CABE41879}.Release|Any CPU.Build.0 = Release|Any CPU
		{93317961-9AF3-4C92-B7E1-F5CE9926AE34}.Debug|Any CPU.ActiveCfg = Debug|Any CPU
		{93317961-9AF3-4C92-B7E1-F5CE9926AE34}.Release|Any CPU.ActiveCfg = Release|Any CPU
		{93317961-9AF3-4C92-B7E1-F5CE9926AE34}.Release|Any CPU.Build.0 = Release|Any CPU
		{C26EC821-4499-47A2-B2DD-E01E5E77F271}.Debug|Any CPU.ActiveCfg = Debug|Any CPU
		{C26EC821-4499-47A2-B2DD-E01E5E77F271}.Debug|Any CPU.Build.0 = Debug|Any CPU
		{C26EC821-4499-47A2-B2DD-E01E5E77F271}.Release|Any CPU.ActiveCfg = Release|Any CPU
		{C26EC821-4499-47A2-B2DD-E01E5E77F271}.Release|Any CPU.Build.0 = Release|Any CPU
		{1EF42981-7598-4C15-BA24-1F2EE0CEA0DF}.Debug|Any CPU.ActiveCfg = Debug|Any CPU
		{1EF42981-7598-4C15-BA24-1F2EE0CEA0DF}.Release|Any CPU.ActiveCfg = Release|Any CPU
		{1EF42981-7598-4C15-BA24-1F2EE0CEA0DF}.Release|Any CPU.Build.0 = Release|Any CPU
		{732D23CA-E1F2-4F66-923D-F7104F32FC9F}.Debug|Any CPU.ActiveCfg = Debug|Any CPU
		{732D23CA-E1F2-4F66-923D-F7104F32FC9F}.Debug|Any CPU.Build.0 = Debug|Any CPU
		{732D23CA-E1F2-4F66-923D-F7104F32FC9F}.Release|Any CPU.ActiveCfg = Release|Any CPU
		{732D23CA-E1F2-4F66-923D-F7104F32FC9F}.Release|Any CPU.Build.0 = Release|Any CPU
		{873342B5-5849-479F-8974-C9F41FE97B53}.Debug|Any CPU.ActiveCfg = Debug|Any CPU
		{873342B5-5849-479F-8974-C9F41FE97B53}.Debug|Any CPU.Build.0 = Debug|Any CPU
		{873342B5-5849-479F-8974-C9F41FE97B53}.Release|Any CPU.ActiveCfg = Release|Any CPU
		{873342B5-5849-479F-8974-C9F41FE97B53}.Release|Any CPU.Build.0 = Release|Any CPU
		{B73698E1-B9E2-418B-90F3-D8C98C0D8AE4}.Debug|Any CPU.ActiveCfg = Debug|Any CPU
		{B73698E1-B9E2-418B-90F3-D8C98C0D8AE4}.Debug|Any CPU.Build.0 = Debug|Any CPU
		{B73698E1-B9E2-418B-90F3-D8C98C0D8AE4}.Release|Any CPU.ActiveCfg = Release|Any CPU
		{B73698E1-B9E2-418B-90F3-D8C98C0D8AE4}.Release|Any CPU.Build.0 = Release|Any CPU
		{C858BEA7-6485-4316-A0B0-182303D6A58E}.Debug|Any CPU.ActiveCfg = Debug|Any CPU
		{C858BEA7-6485-4316-A0B0-182303D6A58E}.Release|Any CPU.ActiveCfg = Release|Any CPU
		{C858BEA7-6485-4316-A0B0-182303D6A58E}.Release|Any CPU.Build.0 = Release|Any CPU
		{2557C448-CA49-4ED4-ABAA-32752A32579E}.Debug|Any CPU.ActiveCfg = Debug|Any CPU
		{2557C448-CA49-4ED4-ABAA-32752A32579E}.Debug|Any CPU.Build.0 = Debug|Any CPU
		{2557C448-CA49-4ED4-ABAA-32752A32579E}.Release|Any CPU.ActiveCfg = Release|Any CPU
		{2557C448-CA49-4ED4-ABAA-32752A32579E}.Release|Any CPU.Build.0 = Release|Any CPU
		{16B3356D-735F-40D7-A5FA-62170243E436}.Debug|Any CPU.ActiveCfg = Debug|Any CPU
		{16B3356D-735F-40D7-A5FA-62170243E436}.Debug|Any CPU.Build.0 = Debug|Any CPU
		{16B3356D-735F-40D7-A5FA-62170243E436}.Release|Any CPU.ActiveCfg = Release|Any CPU
		{16B3356D-735F-40D7-A5FA-62170243E436}.Release|Any CPU.Build.0 = Release|Any CPU
		{1FC12A1D-B2DE-4745-B8F2-DA84B71E3EAC}.Debug|Any CPU.ActiveCfg = Debug|Any CPU
		{1FC12A1D-B2DE-4745-B8F2-DA84B71E3EAC}.Release|Any CPU.ActiveCfg = Release|Any CPU
		{1FC12A1D-B2DE-4745-B8F2-DA84B71E3EAC}.Release|Any CPU.Build.0 = Release|Any CPU
		{8CA155F6-726F-48C9-8A3F-FB009AD8068A}.Debug|Any CPU.ActiveCfg = Debug|Any CPU
		{8CA155F6-726F-48C9-8A3F-FB009AD8068A}.Debug|Any CPU.Build.0 = Debug|Any CPU
		{8CA155F6-726F-48C9-8A3F-FB009AD8068A}.Release|Any CPU.ActiveCfg = Release|Any CPU
		{8CA155F6-726F-48C9-8A3F-FB009AD8068A}.Release|Any CPU.Build.0 = Release|Any CPU
		{2926579F-3A48-4015-8909-1CB0450AF458}.Debug|Any CPU.ActiveCfg = Debug|Any CPU
		{2926579F-3A48-4015-8909-1CB0450AF458}.Debug|Any CPU.Build.0 = Debug|Any CPU
		{2926579F-3A48-4015-8909-1CB0450AF458}.Release|Any CPU.ActiveCfg = Release|Any CPU
		{2926579F-3A48-4015-8909-1CB0450AF458}.Release|Any CPU.Build.0 = Release|Any CPU
		{8C51D64C-87FF-442B-A437-D397B6DC13A9}.Debug|Any CPU.ActiveCfg = Debug|Any CPU
		{8C51D64C-87FF-442B-A437-D397B6DC13A9}.Debug|Any CPU.Build.0 = Debug|Any CPU
		{8C51D64C-87FF-442B-A437-D397B6DC13A9}.Release|Any CPU.ActiveCfg = Release|Any CPU
		{8C51D64C-87FF-442B-A437-D397B6DC13A9}.Release|Any CPU.Build.0 = Release|Any CPU
		{5682FB68-FB20-4CDD-A0F7-5D7FDE1DFA08}.Debug|Any CPU.ActiveCfg = Debug|Any CPU
		{5682FB68-FB20-4CDD-A0F7-5D7FDE1DFA08}.Debug|Any CPU.Build.0 = Debug|Any CPU
		{5682FB68-FB20-4CDD-A0F7-5D7FDE1DFA08}.Release|Any CPU.ActiveCfg = Release|Any CPU
		{5682FB68-FB20-4CDD-A0F7-5D7FDE1DFA08}.Release|Any CPU.Build.0 = Release|Any CPU
		{7556B7F7-05CB-43B8-8A27-390B96554295}.Debug|Any CPU.ActiveCfg = Debug|Any CPU
		{7556B7F7-05CB-43B8-8A27-390B96554295}.Debug|Any CPU.Build.0 = Debug|Any CPU
		{7556B7F7-05CB-43B8-8A27-390B96554295}.Release|Any CPU.ActiveCfg = Release|Any CPU
		{7556B7F7-05CB-43B8-8A27-390B96554295}.Release|Any CPU.Build.0 = Release|Any CPU
		{B83CE605-DB0E-40FD-B53D-75DD1DDE8FF4}.Debug|Any CPU.ActiveCfg = Debug|Any CPU
		{B83CE605-DB0E-40FD-B53D-75DD1DDE8FF4}.Debug|Any CPU.Build.0 = Debug|Any CPU
		{B83CE605-DB0E-40FD-B53D-75DD1DDE8FF4}.Release|Any CPU.ActiveCfg = Release|Any CPU
		{B83CE605-DB0E-40FD-B53D-75DD1DDE8FF4}.Release|Any CPU.Build.0 = Release|Any CPU
		{B02246CC-908D-4FC2-8099-7D89AF4A2055}.Debug|Any CPU.ActiveCfg = Debug|Any CPU
		{B02246CC-908D-4FC2-8099-7D89AF4A2055}.Debug|Any CPU.Build.0 = Debug|Any CPU
		{B02246CC-908D-4FC2-8099-7D89AF4A2055}.Release|Any CPU.ActiveCfg = Release|Any CPU
		{B02246CC-908D-4FC2-8099-7D89AF4A2055}.Release|Any CPU.Build.0 = Release|Any CPU
		{3D505369-6119-45A8-B6B1-1A45CA055B60}.Debug|Any CPU.ActiveCfg = Debug|Any CPU
		{3D505369-6119-45A8-B6B1-1A45CA055B60}.Debug|Any CPU.Build.0 = Debug|Any CPU
		{3D505369-6119-45A8-B6B1-1A45CA055B60}.Release|Any CPU.ActiveCfg = Release|Any CPU
		{3D505369-6119-45A8-B6B1-1A45CA055B60}.Release|Any CPU.Build.0 = Release|Any CPU
		{C539C135-AA31-4852-8376-331BAD72A268}.Debug|Any CPU.ActiveCfg = Debug|Any CPU
		{C539C135-AA31-4852-8376-331BAD72A268}.Debug|Any CPU.Build.0 = Debug|Any CPU
		{C539C135-AA31-4852-8376-331BAD72A268}.Release|Any CPU.ActiveCfg = Release|Any CPU
		{C539C135-AA31-4852-8376-331BAD72A268}.Release|Any CPU.Build.0 = Release|Any CPU
	EndGlobalSection
	GlobalSection(SolutionProperties) = preSolution
		HideSolutionNode = FALSE
	EndGlobalSection
	GlobalSection(NestedProjects) = preSolution
		{73B1EBC6-D357-4E47-91FD-7EC40F7F10B0} = {26EB9CDE-CC3A-430D-806F-D4B8B3511ABF}
		{9D829F23-EDAA-4708-882C-C225D4AE28A5} = {26EB9CDE-CC3A-430D-806F-D4B8B3511ABF}
		{C26EC821-4499-47A2-B2DD-E01E5E77F271} = {26EB9CDE-CC3A-430D-806F-D4B8B3511ABF}
		{732D23CA-E1F2-4F66-923D-F7104F32FC9F} = {26EB9CDE-CC3A-430D-806F-D4B8B3511ABF}
		{873342B5-5849-479F-8974-C9F41FE97B53} = {26EB9CDE-CC3A-430D-806F-D4B8B3511ABF}
		{B73698E1-B9E2-418B-90F3-D8C98C0D8AE4} = {26EB9CDE-CC3A-430D-806F-D4B8B3511ABF}
		{2557C448-CA49-4ED4-ABAA-32752A32579E} = {26EB9CDE-CC3A-430D-806F-D4B8B3511ABF}
		{16B3356D-735F-40D7-A5FA-62170243E436} = {26EB9CDE-CC3A-430D-806F-D4B8B3511ABF}
		{712CD818-C762-4B01-9EB2-8D40DB072B63} = {1B7CDACE-9D6B-486B-A41F-CA6C184E117A}
		{8FCD2916-4041-4599-92F4-1D52325C100B} = {1B7CDACE-9D6B-486B-A41F-CA6C184E117A}
		{68854DCC-8587-4D0D-99E4-FC5CABE41879} = {1B7CDACE-9D6B-486B-A41F-CA6C184E117A}
		{93317961-9AF3-4C92-B7E1-F5CE9926AE34} = {1B7CDACE-9D6B-486B-A41F-CA6C184E117A}
		{1EF42981-7598-4C15-BA24-1F2EE0CEA0DF} = {1B7CDACE-9D6B-486B-A41F-CA6C184E117A}
		{C539C135-AA31-4852-8376-331BAD72A268} = {1B7CDACE-9D6B-486B-A41F-CA6C184E117A}
		{3DD4C7CA-E812-408D-A64C-DA8906888A8A} = {87D8CD97-7E55-4038-8883-16D0AE656953}
		{F3B124AC-2330-471E-B922-71EDE757A93D} = {87D8CD97-7E55-4038-8883-16D0AE656953}
		{1FC12A1D-B2DE-4745-B8F2-DA84B71E3EAC} = {87D8CD97-7E55-4038-8883-16D0AE656953}
		{8CA155F6-726F-48C9-8A3F-FB009AD8068A} = {C839D510-8152-47A6-A4F8-7A15334CEA27}
		{2926579F-3A48-4015-8909-1CB0450AF458} = {C839D510-8152-47A6-A4F8-7A15334CEA27}
		{8C51D64C-87FF-442B-A437-D397B6DC13A9} = {C839D510-8152-47A6-A4F8-7A15334CEA27}
		{5682FB68-FB20-4CDD-A0F7-5D7FDE1DFA08} = {34EF1147-A8DC-45B3-8824-FC214B55DAD5}
		{7556B7F7-05CB-43B8-8A27-390B96554295} = {34EF1147-A8DC-45B3-8824-FC214B55DAD5}
		{B83CE605-DB0E-40FD-B53D-75DD1DDE8FF4} = {34EF1147-A8DC-45B3-8824-FC214B55DAD5}
		{B02246CC-908D-4FC2-8099-7D89AF4A2055} = {34EF1147-A8DC-45B3-8824-FC214B55DAD5}
		{3D505369-6119-45A8-B6B1-1A45CA055B60} = {34EF1147-A8DC-45B3-8824-FC214B55DAD5}
	EndGlobalSection
EndGlobal
