
Microsoft Visual Studio Solution File, Format Version 12.00
# Visual Studio 2013
VisualStudioVersion = 12.0.30110.0
MinimumVisualStudioVersion = 10.0.40219.1
Project("{2150E333-8FDC-42A3-9474-1A3956D46DE8}") = "AdvanceAutomation", "AdvanceAutomation", "{26EB9CDE-CC3A-430D-806F-D4B8B3511ABF}"
EndProject
Project("{2150E333-8FDC-42A3-9474-1A3956D46DE8}") = "ClientProcessing", "ClientProcessing", "{1B7CDACE-9D6B-486B-A41F-CA6C184E117A}"
EndProject
Project("{2150E333-8FDC-42A3-9474-1A3956D46DE8}") = "DataProcessingAdvance", "DataProcessingAdvance", "{87D8CD97-7E55-4038-8883-16D0AE656953}"
EndProject
Project("{2150E333-8FDC-42A3-9474-1A3956D46DE8}") = "ServerCacheProcessing", "ServerCacheProcessing", "{C839D510-8152-47A6-A4F8-7A15334CEA27}"
EndProject
Project("{2150E333-8FDC-42A3-9474-1A3956D46DE8}") = "BaseAutomation", "BaseAutomation", "{34EF1147-A8DC-45B3-8824-FC214B55DAD5}"
EndProject
Project("{F2A71F9B-5D33-465A-A702-920D77279786}") = "WX.Data.BusinessLogicAdvance.JXC.JBXX.ZCLBWH", "WX.Data.BusinessLogicAdvance.JXC.JBXX.ZCLBWH\WX.Data.BusinessLogicAdvance.JXC.JBXX.ZCLBWH.fsproj", "{8C3E7345-EF8D-414D-B078-FCC0D82CA082}"
EndProject
Project("{F2A71F9B-5D33-465A-A702-920D77279786}") = "WX.Data.DataAccessAdvance.JXC.JBXX.ZCLBWH", "WX.Data.DataAccessAdvance.JXC.JBXX.ZCLBWH\WX.Data.DataAccessAdvance.JXC.JBXX.ZCLBWH.fsproj", "{388863D2-700E-45FF-8F8A-3C36A051AA8B}"
EndProject
Project("{F2A71F9B-5D33-465A-A702-920D77279786}") = "WX.Data.FViewModel.JXC.JBXX.ZCLBWH", "WX.Data.FViewModel.JXC.JBXX.ZCLBWH\WX.Data.FViewModel.JXC.JBXX.ZCLBWH.fsproj", "{121F6023-C8F2-4E4C-9FA7-97205F4E7E02}"
EndProject
Project("{F2A71F9B-5D33-465A-A702-920D77279786}") = "WX.Data.FViewModelAdvance.JXC.JBXX.ZCLBWH", "WX.Data.FViewModelAdvance.JXC.JBXX.ZCLBWH\WX.Data.FViewModelAdvance.JXC.JBXX.ZCLBWH.fsproj", "{FF5D32CB-BDC2-4620-AF18-7CA94BCA0348}"
EndProject
Project("{F2A71F9B-5D33-465A-A702-920D77279786}") = "WX.Data.IDataAccessAdvance.JXC.JBXX.ZCLBWH", "WX.Data.IDataAccessAdvance.JXC.JBXX.ZCLBWH\WX.Data.IDataAccessAdvance.JXC.JBXX.ZCLBWH.fsproj", "{580236D2-342C-4CEA-9230-42210F2EDF35}"
EndProject
Project("{F2A71F9B-5D33-465A-A702-920D77279786}") = "WX.Data.ServiceContractsAdvance.JXC.JBXX.ZCLBWH", "WX.Data.ServiceContractsAdvance.JXC.JBXX.ZCLBWH\WX.Data.ServiceContractsAdvance.JXC.JBXX.ZCLBWH.fsproj", "{BE6060A6-A11F-44C2-A385-C29A37B029BB}"
EndProject
Project("{FAE04EC0-301F-11D3-BF4B-00C04F79EFBC}") = "WX.Data.View.JXC.JBXX.ZCLBWH", "WX.Data.View.JXC.JBXX.ZCLBWH\WX.Data.View.JXC.JBXX.ZCLBWH.csproj", "{71A5A7F6-246B-4FC3-B2B6-CAC08731AC03}"
EndProject
Project("{FAE04EC0-301F-11D3-BF4B-00C04F79EFBC}") = "WX.Data.View.ViewModelTemplate.JXC.JBXX.ZCLBWH", "WX.Data.View.ViewModelTemplate.JXC.JBXX.ZCLBWH\WX.Data.View.ViewModelTemplate.JXC.JBXX.ZCLBWH.csproj", "{BB3E5AB6-1C49-4120-8BA0-030FC14AE8CD}"
EndProject
Project("{F2A71F9B-5D33-465A-A702-920D77279786}") = "WX.Data.WcfServiceAdvance.JXC.JBXX.ZCLBWH", "WX.Data.WcfServiceAdvance.JXC.JBXX.ZCLBWH\WX.Data.WcfServiceAdvance.JXC.JBXX.ZCLBWH.fsproj", "{CDCFBB95-5A5C-4731-995E-DD75899B8484}"
	ProjectSection(ProjectDependencies) = postProject
		{8C3E7345-EF8D-414D-B078-FCC0D82CA082} = {8C3E7345-EF8D-414D-B078-FCC0D82CA082}
		{BE6060A6-A11F-44C2-A385-C29A37B029BB} = {BE6060A6-A11F-44C2-A385-C29A37B029BB}
	EndProjectSection
EndProject
Project("{FAE04EC0-301F-11D3-BF4B-00C04F79EFBC}") = "WX.Data.View.ViewModelTemplateAdvance.JXC.JBXX.ZCLBWH", "WX.Data.View.ViewModelTemplateAdvance.JXC.JBXX.ZCLBWH\WX.Data.View.ViewModelTemplateAdvance.JXC.JBXX.ZCLBWH.csproj", "{5EB05D4A-EAB7-49AA-BC5E-55753DA340D0}"
EndProject
Project("{F2A71F9B-5D33-465A-A702-920D77279786}") = "WX.Data.ClientChannelAdvance.FromAzure.JXC.JBXX.ZCLBWH", "WX.Data.ClientChannelAdvance.FromAzure.JXC.JBXX.ZCLBWH\WX.Data.ClientChannelAdvance.FromAzure.JXC.JBXX.ZCLBWH.fsproj", "{85EADDA6-4806-4498-B0B5-FADCB4C7D4EB}"
	ProjectSection(ProjectDependencies) = postProject
		{BE6060A6-A11F-44C2-A385-C29A37B029BB} = {BE6060A6-A11F-44C2-A385-C29A37B029BB}
	EndProjectSection
EndProject
Project("{F2A71F9B-5D33-465A-A702-920D77279786}") = "WX.Data.ClientChannelAdvance.FromNative.JXC.JBXX.ZCLBWH", "WX.Data.ClientChannelAdvance.FromNative.JXC.JBXX.ZCLBWH\WX.Data.ClientChannelAdvance.FromNative.JXC.JBXX.ZCLBWH.fsproj", "{A3B59337-EB63-4EF0-9086-04A1E83573FF}"
	ProjectSection(ProjectDependencies) = postProject
		{8C3E7345-EF8D-414D-B078-FCC0D82CA082} = {8C3E7345-EF8D-414D-B078-FCC0D82CA082}
		{BE6060A6-A11F-44C2-A385-C29A37B029BB} = {BE6060A6-A11F-44C2-A385-C29A37B029BB}
	EndProjectSection
EndProject
Project("{F2A71F9B-5D33-465A-A702-920D77279786}") = "WX.Data.ClientChannelAdvance.FromServer.JXC.JBXX.ZCLBWH", "WX.Data.ClientChannelAdvance.FromServer.JXC.JBXX.ZCLBWH\WX.Data.ClientChannelAdvance.FromServer.JXC.JBXX.ZCLBWH.fsproj", "{783BBC35-4289-45D9-BD12-38994315A7D7}"
	ProjectSection(ProjectDependencies) = postProject
		{BE6060A6-A11F-44C2-A385-C29A37B029BB} = {BE6060A6-A11F-44C2-A385-C29A37B029BB}
	EndProjectSection
EndProject
Project("{FAE04EC0-301F-11D3-BF4B-00C04F79EFBC}") = "WX.Data.WinMain", "..\..\SBIIMS_Integration\WX.Data.WinMain\WX.Data.WinMain.csproj", "{C858BEA7-6485-4316-A0B0-182303D6A58E}"
EndProject
Project("{F2A71F9B-5D33-465A-A702-920D77279786}") = "WX.Data.ClientChannelAdvance.JXC.JBXX.ZCLBWH", "WX.Data.ClientChannelAdvance.JXC.JBXX.ZCLBWH\WX.Data.ClientChannelAdvance.JXC.JBXX.ZCLBWH.fsproj", "{991564B2-615F-4168-9D89-AA055CD227D4}"
	ProjectSection(ProjectDependencies) = postProject
		{8C3E7345-EF8D-414D-B078-FCC0D82CA082} = {8C3E7345-EF8D-414D-B078-FCC0D82CA082}
		{BE6060A6-A11F-44C2-A385-C29A37B029BB} = {BE6060A6-A11F-44C2-A385-C29A37B029BB}
	EndProjectSection
EndProject
Project("{FAE04EC0-301F-11D3-BF4B-00C04F79EFBC}") = "WX.Data.WcfServiceAdvance.WebIISHost.JXC.JBXX.ZCLBWH", "WX.Data.WcfServiceAdvance.WebIISHost.JXC.JBXX.ZCLBWH\WX.Data.WcfServiceAdvance.WebIISHost.JXC.JBXX.ZCLBWH.csproj", "{2D0E2A6E-E4E7-4326-AF43-3D644C02C84B}"
	ProjectSection(ProjectDependencies) = postProject
		{CDCFBB95-5A5C-4731-995E-DD75899B8484} = {CDCFBB95-5A5C-4731-995E-DD75899B8484}
	EndProjectSection
EndProject
Project("{F2A71F9B-5D33-465A-A702-920D77279786}") = "WX.Data.BusinessEntitiesAdvance.JXC.JBXX.ZCLBWH", "WX.Data.BusinessEntitiesAdvance.JXC.JBXX.ZCLBWH\WX.Data.BusinessEntitiesAdvance.JXC.JBXX.ZCLBWH.fsproj", "{C2006DC6-AEC2-4398-8DCA-CE92136664F3}"
EndProject
Project("{F2A71F9B-5D33-465A-A702-920D77279786}") = "WX.Data.IDataAccessAdvanceX.JXC.JBXX.ZCLBWH", "WX.Data.IDataAccessAdvanceX.JXC.JBXX.ZCLBWH\WX.Data.IDataAccessAdvanceX.JXC.JBXX.ZCLBWH.fsproj", "{55B90A1C-C4B3-485C-8CC8-EECECB7A47FA}"
EndProject
Project("{F2A71F9B-5D33-465A-A702-920D77279786}") = "WX.Data.DataAccessAdvanceX.JXC.JBXX.ZCLBWH", "WX.Data.DataAccessAdvanceX.JXC.JBXX.ZCLBWH\WX.Data.DataAccessAdvanceX.JXC.JBXX.ZCLBWH.fsproj", "{D25A8798-9ED0-47A5-9237-C4400450C58E}"
EndProject
Project("{F2A71F9B-5D33-465A-A702-920D77279786}") = "WX.Data.ServerCaching.JXC.JBXX.ZCLBWH", "WX.Data.ServerCaching.JXC.JBXX.ZCLBWH\WX.Data.ServerCaching.JXC.JBXX.ZCLBWH.fsproj", "{CF64CD59-572F-450F-9B1B-423974859F03}"
EndProject
Project("{F2A71F9B-5D33-465A-A702-920D77279786}") = "WX.Data.BusinessEntities.JXC.JBXX.ZCLBWH", "WX.Data.BusinessEntities.JXC.JBXX.ZCLBWH\WX.Data.BusinessEntities.JXC.JBXX.ZCLBWH.fsproj", "{5682FB68-FB20-4CDD-A0F7-5D7FDE1DFA08}"
EndProject
Project("{F2A71F9B-5D33-465A-A702-920D77279786}") = "WX.Data.DataAccess.JXC.JBXX.ZCLBWH", "WX.Data.DataAccess.JXC.JBXX.ZCLBWH\WX.Data.DataAccess.JXC.JBXX.ZCLBWH.fsproj", "{7556B7F7-05CB-43B8-8A27-390B96554295}"
EndProject
Project("{FAE04EC0-301F-11D3-BF4B-00C04F79EFBC}") = "WX.Data.DataModel.JXC.JBXX.ZCLBWH", "WX.Data.DataModel.JXC.JBXX.ZCLBWH\WX.Data.DataModel.JXC.JBXX.ZCLBWH.csproj", "{B83CE605-DB0E-40FD-B53D-75DD1DDE8FF4}"
EndProject
Project("{F2A71F9B-5D33-465A-A702-920D77279786}") = "WX.Data.DatabaseDictionary.JXC.JBXX.ZCLBWH", "WX.Data.DatabaseDictionary.JXC.JBXX.ZCLBWH\WX.Data.DatabaseDictionary.JXC.JBXX.ZCLBWH.fsproj", "{B02246CC-908D-4FC2-8099-7D89AF4A2055}"
EndProject
Project("{F2A71F9B-5D33-465A-A702-920D77279786}") = "WX.Data.IDataAccess.JXC.JBXX.ZCLBWH", "WX.Data.IDataAccess.JXC.JBXX.ZCLBWH\WX.Data.IDataAccess.JXC.JBXX.ZCLBWH.fsproj", "{3D505369-6119-45A8-B6B1-1A45CA055B60}"
EndProject
Project("{F2A71F9B-5D33-465A-A702-920D77279786}") = "WX.Data.Caching.JXC.JBXX.ZCLBWH", "WX.Data.Caching.JXC.JBXX.ZCLBWH\WX.Data.Caching.JXC.JBXX.ZCLBWH.fsproj", "{936AF871-8738-4DDE-AD71-54A96C209621}"
EndProject
Global
	GlobalSection(SolutionConfigurationPlatforms) = preSolution
		Debug|Any CPU = Debug|Any CPU
		Release|Any CPU = Release|Any CPU
	EndGlobalSection
	GlobalSection(ProjectConfigurationPlatforms) = postSolution
		{8C3E7345-EF8D-414D-B078-FCC0D82CA082}.Debug|Any CPU.ActiveCfg = Debug|Any CPU
		{8C3E7345-EF8D-414D-B078-FCC0D82CA082}.Debug|Any CPU.Build.0 = Debug|Any CPU
		{8C3E7345-EF8D-414D-B078-FCC0D82CA082}.Release|Any CPU.ActiveCfg = Release|Any CPU
		{8C3E7345-EF8D-414D-B078-FCC0D82CA082}.Release|Any CPU.Build.0 = Release|Any CPU
		{388863D2-700E-45FF-8F8A-3C36A051AA8B}.Debug|Any CPU.ActiveCfg = Debug|Any CPU
		{388863D2-700E-45FF-8F8A-3C36A051AA8B}.Release|Any CPU.ActiveCfg = Release|Any CPU
		{388863D2-700E-45FF-8F8A-3C36A051AA8B}.Release|Any CPU.Build.0 = Release|Any CPU
		{121F6023-C8F2-4E4C-9FA7-97205F4E7E02}.Debug|Any CPU.ActiveCfg = Debug|Any CPU
		{121F6023-C8F2-4E4C-9FA7-97205F4E7E02}.Release|Any CPU.ActiveCfg = Release|Any CPU
		{121F6023-C8F2-4E4C-9FA7-97205F4E7E02}.Release|Any CPU.Build.0 = Release|Any CPU
		{FF5D32CB-BDC2-4620-AF18-7CA94BCA0348}.Debug|Any CPU.ActiveCfg = Debug|Any CPU
		{FF5D32CB-BDC2-4620-AF18-7CA94BCA0348}.Release|Any CPU.ActiveCfg = Release|Any CPU
		{FF5D32CB-BDC2-4620-AF18-7CA94BCA0348}.Release|Any CPU.Build.0 = Release|Any CPU
		{580236D2-342C-4CEA-9230-42210F2EDF35}.Debug|Any CPU.ActiveCfg = Debug|Any CPU
		{580236D2-342C-4CEA-9230-42210F2EDF35}.Release|Any CPU.ActiveCfg = Release|Any CPU
		{580236D2-342C-4CEA-9230-42210F2EDF35}.Release|Any CPU.Build.0 = Release|Any CPU
		{BE6060A6-A11F-44C2-A385-C29A37B029BB}.Debug|Any CPU.ActiveCfg = Debug|Any CPU
		{BE6060A6-A11F-44C2-A385-C29A37B029BB}.Debug|Any CPU.Build.0 = Debug|Any CPU
		{BE6060A6-A11F-44C2-A385-C29A37B029BB}.Release|Any CPU.ActiveCfg = Release|Any CPU
		{BE6060A6-A11F-44C2-A385-C29A37B029BB}.Release|Any CPU.Build.0 = Release|Any CPU
		{71A5A7F6-246B-4FC3-B2B6-CAC08731AC03}.Debug|Any CPU.ActiveCfg = Debug|Any CPU
		{71A5A7F6-246B-4FC3-B2B6-CAC08731AC03}.Release|Any CPU.ActiveCfg = Release|Any CPU
		{71A5A7F6-246B-4FC3-B2B6-CAC08731AC03}.Release|Any CPU.Build.0 = Release|Any CPU
		{BB3E5AB6-1C49-4120-8BA0-030FC14AE8CD}.Debug|Any CPU.ActiveCfg = Debug|Any CPU
		{BB3E5AB6-1C49-4120-8BA0-030FC14AE8CD}.Release|Any CPU.ActiveCfg = Release|Any CPU
		{BB3E5AB6-1C49-4120-8BA0-030FC14AE8CD}.Release|Any CPU.Build.0 = Release|Any CPU
		{CDCFBB95-5A5C-4731-995E-DD75899B8484}.Debug|Any CPU.ActiveCfg = Debug|Any CPU
		{CDCFBB95-5A5C-4731-995E-DD75899B8484}.Debug|Any CPU.Build.0 = Debug|Any CPU
		{CDCFBB95-5A5C-4731-995E-DD75899B8484}.Release|Any CPU.ActiveCfg = Release|Any CPU
		{CDCFBB95-5A5C-4731-995E-DD75899B8484}.Release|Any CPU.Build.0 = Release|Any CPU
		{5EB05D4A-EAB7-49AA-BC5E-55753DA340D0}.Debug|Any CPU.ActiveCfg = Debug|Any CPU
		{5EB05D4A-EAB7-49AA-BC5E-55753DA340D0}.Release|Any CPU.ActiveCfg = Release|Any CPU
		{5EB05D4A-EAB7-49AA-BC5E-55753DA340D0}.Release|Any CPU.Build.0 = Release|Any CPU
		{85EADDA6-4806-4498-B0B5-FADCB4C7D4EB}.Debug|Any CPU.ActiveCfg = Debug|Any CPU
		{85EADDA6-4806-4498-B0B5-FADCB4C7D4EB}.Debug|Any CPU.Build.0 = Debug|Any CPU
		{85EADDA6-4806-4498-B0B5-FADCB4C7D4EB}.Release|Any CPU.ActiveCfg = Release|Any CPU
		{85EADDA6-4806-4498-B0B5-FADCB4C7D4EB}.Release|Any CPU.Build.0 = Release|Any CPU
		{A3B59337-EB63-4EF0-9086-04A1E83573FF}.Debug|Any CPU.ActiveCfg = Debug|Any CPU
		{A3B59337-EB63-4EF0-9086-04A1E83573FF}.Debug|Any CPU.Build.0 = Debug|Any CPU
		{A3B59337-EB63-4EF0-9086-04A1E83573FF}.Release|Any CPU.ActiveCfg = Release|Any CPU
		{A3B59337-EB63-4EF0-9086-04A1E83573FF}.Release|Any CPU.Build.0 = Release|Any CPU
		{783BBC35-4289-45D9-BD12-38994315A7D7}.Debug|Any CPU.ActiveCfg = Debug|Any CPU
		{783BBC35-4289-45D9-BD12-38994315A7D7}.Debug|Any CPU.Build.0 = Debug|Any CPU
		{783BBC35-4289-45D9-BD12-38994315A7D7}.Release|Any CPU.ActiveCfg = Release|Any CPU
		{783BBC35-4289-45D9-BD12-38994315A7D7}.Release|Any CPU.Build.0 = Release|Any CPU
		{C858BEA7-6485-4316-A0B0-182303D6A58E}.Debug|Any CPU.ActiveCfg = Debug|Any CPU
		{C858BEA7-6485-4316-A0B0-182303D6A58E}.Release|Any CPU.ActiveCfg = Release|Any CPU
		{C858BEA7-6485-4316-A0B0-182303D6A58E}.Release|Any CPU.Build.0 = Release|Any CPU
		{991564B2-615F-4168-9D89-AA055CD227D4}.Debug|Any CPU.ActiveCfg = Debug|Any CPU
		{991564B2-615F-4168-9D89-AA055CD227D4}.Debug|Any CPU.Build.0 = Debug|Any CPU
		{991564B2-615F-4168-9D89-AA055CD227D4}.Release|Any CPU.ActiveCfg = Release|Any CPU
		{991564B2-615F-4168-9D89-AA055CD227D4}.Release|Any CPU.Build.0 = Release|Any CPU
		{2D0E2A6E-E4E7-4326-AF43-3D644C02C84B}.Debug|Any CPU.ActiveCfg = Debug|Any CPU
		{2D0E2A6E-E4E7-4326-AF43-3D644C02C84B}.Debug|Any CPU.Build.0 = Debug|Any CPU
		{2D0E2A6E-E4E7-4326-AF43-3D644C02C84B}.Release|Any CPU.ActiveCfg = Release|Any CPU
		{2D0E2A6E-E4E7-4326-AF43-3D644C02C84B}.Release|Any CPU.Build.0 = Release|Any CPU
		{C2006DC6-AEC2-4398-8DCA-CE92136664F3}.Debug|Any CPU.ActiveCfg = Debug|Any CPU
		{C2006DC6-AEC2-4398-8DCA-CE92136664F3}.Release|Any CPU.ActiveCfg = Release|Any CPU
		{C2006DC6-AEC2-4398-8DCA-CE92136664F3}.Release|Any CPU.Build.0 = Release|Any CPU
		{55B90A1C-C4B3-485C-8CC8-EECECB7A47FA}.Debug|Any CPU.ActiveCfg = Debug|Any CPU
		{55B90A1C-C4B3-485C-8CC8-EECECB7A47FA}.Debug|Any CPU.Build.0 = Debug|Any CPU
		{55B90A1C-C4B3-485C-8CC8-EECECB7A47FA}.Release|Any CPU.ActiveCfg = Release|Any CPU
		{55B90A1C-C4B3-485C-8CC8-EECECB7A47FA}.Release|Any CPU.Build.0 = Release|Any CPU
		{D25A8798-9ED0-47A5-9237-C4400450C58E}.Debug|Any CPU.ActiveCfg = Debug|Any CPU
		{D25A8798-9ED0-47A5-9237-C4400450C58E}.Debug|Any CPU.Build.0 = Debug|Any CPU
		{D25A8798-9ED0-47A5-9237-C4400450C58E}.Release|Any CPU.ActiveCfg = Release|Any CPU
		{D25A8798-9ED0-47A5-9237-C4400450C58E}.Release|Any CPU.Build.0 = Release|Any CPU
		{CF64CD59-572F-450F-9B1B-423974859F03}.Debug|Any CPU.ActiveCfg = Debug|Any CPU
		{CF64CD59-572F-450F-9B1B-423974859F03}.Debug|Any CPU.Build.0 = Debug|Any CPU
		{CF64CD59-572F-450F-9B1B-423974859F03}.Release|Any CPU.ActiveCfg = Release|Any CPU
		{CF64CD59-572F-450F-9B1B-423974859F03}.Release|Any CPU.Build.0 = Release|Any CPU
		{5682FB68-FB20-4CDD-A0F7-5D7FDE1DFA08}.Debug|Any CPU.ActiveCfg = Debug|Any CPU
		{5682FB68-FB20-4CDD-A0F7-5D7FDE1DFA08}.Debug|Any CPU.Build.0 = Debug|Any CPU
		{5682FB68-FB20-4CDD-A0F7-5D7FDE1DFA08}.Release|Any CPU.ActiveCfg = Release|Any CPU
		{5682FB68-FB20-4CDD-A0F7-5D7FDE1DFA08}.Release|Any CPU.Build.0 = Release|Any CPU
		{7556B7F7-05CB-43B8-8A27-390B96554295}.Debug|Any CPU.ActiveCfg = Debug|Any CPU
		{7556B7F7-05CB-43B8-8A27-390B96554295}.Debug|Any CPU.Build.0 = Debug|Any CPU
		{7556B7F7-05CB-43B8-8A27-390B96554295}.Release|Any CPU.ActiveCfg = Release|Any CPU
		{7556B7F7-05CB-43B8-8A27-390B96554295}.Release|Any CPU.Build.0 = Release|Any CPU
		{B83CE605-DB0E-40FD-B53D-75DD1DDE8FF4}.Debug|Any CPU.ActiveCfg = Debug|Any CPU
		{B83CE605-DB0E-40FD-B53D-75DD1DDE8FF4}.Debug|Any CPU.Build.0 = Debug|Any CPU
		{B83CE605-DB0E-40FD-B53D-75DD1DDE8FF4}.Release|Any CPU.ActiveCfg = Release|Any CPU
		{B83CE605-DB0E-40FD-B53D-75DD1DDE8FF4}.Release|Any CPU.Build.0 = Release|Any CPU
		{B02246CC-908D-4FC2-8099-7D89AF4A2055}.Debug|Any CPU.ActiveCfg = Debug|Any CPU
		{B02246CC-908D-4FC2-8099-7D89AF4A2055}.Debug|Any CPU.Build.0 = Debug|Any CPU
		{B02246CC-908D-4FC2-8099-7D89AF4A2055}.Release|Any CPU.ActiveCfg = Release|Any CPU
		{B02246CC-908D-4FC2-8099-7D89AF4A2055}.Release|Any CPU.Build.0 = Release|Any CPU
		{3D505369-6119-45A8-B6B1-1A45CA055B60}.Debug|Any CPU.ActiveCfg = Debug|Any CPU
		{3D505369-6119-45A8-B6B1-1A45CA055B60}.Debug|Any CPU.Build.0 = Debug|Any CPU
		{3D505369-6119-45A8-B6B1-1A45CA055B60}.Release|Any CPU.ActiveCfg = Release|Any CPU
		{3D505369-6119-45A8-B6B1-1A45CA055B60}.Release|Any CPU.Build.0 = Release|Any CPU
		{936AF871-8738-4DDE-AD71-54A96C209621}.Debug|Any CPU.ActiveCfg = Debug|Any CPU
		{936AF871-8738-4DDE-AD71-54A96C209621}.Debug|Any CPU.Build.0 = Debug|Any CPU
		{936AF871-8738-4DDE-AD71-54A96C209621}.Release|Any CPU.ActiveCfg = Release|Any CPU
		{936AF871-8738-4DDE-AD71-54A96C209621}.Release|Any CPU.Build.0 = Release|Any CPU
	EndGlobalSection
	GlobalSection(SolutionProperties) = preSolution
		HideSolutionNode = FALSE
	EndGlobalSection
	GlobalSection(NestedProjects) = preSolution
		{8C3E7345-EF8D-414D-B078-FCC0D82CA082} = {26EB9CDE-CC3A-430D-806F-D4B8B3511ABF}
		{BE6060A6-A11F-44C2-A385-C29A37B029BB} = {26EB9CDE-CC3A-430D-806F-D4B8B3511ABF}
		{CDCFBB95-5A5C-4731-995E-DD75899B8484} = {26EB9CDE-CC3A-430D-806F-D4B8B3511ABF}
		{85EADDA6-4806-4498-B0B5-FADCB4C7D4EB} = {26EB9CDE-CC3A-430D-806F-D4B8B3511ABF}
		{A3B59337-EB63-4EF0-9086-04A1E83573FF} = {26EB9CDE-CC3A-430D-806F-D4B8B3511ABF}
		{783BBC35-4289-45D9-BD12-38994315A7D7} = {26EB9CDE-CC3A-430D-806F-D4B8B3511ABF}
		{991564B2-615F-4168-9D89-AA055CD227D4} = {26EB9CDE-CC3A-430D-806F-D4B8B3511ABF}
		{2D0E2A6E-E4E7-4326-AF43-3D644C02C84B} = {26EB9CDE-CC3A-430D-806F-D4B8B3511ABF}
		{121F6023-C8F2-4E4C-9FA7-97205F4E7E02} = {1B7CDACE-9D6B-486B-A41F-CA6C184E117A}
		{FF5D32CB-BDC2-4620-AF18-7CA94BCA0348} = {1B7CDACE-9D6B-486B-A41F-CA6C184E117A}
		{71A5A7F6-246B-4FC3-B2B6-CAC08731AC03} = {1B7CDACE-9D6B-486B-A41F-CA6C184E117A}
		{BB3E5AB6-1C49-4120-8BA0-030FC14AE8CD} = {1B7CDACE-9D6B-486B-A41F-CA6C184E117A}
		{5EB05D4A-EAB7-49AA-BC5E-55753DA340D0} = {1B7CDACE-9D6B-486B-A41F-CA6C184E117A}
		{936AF871-8738-4DDE-AD71-54A96C209621} = {1B7CDACE-9D6B-486B-A41F-CA6C184E117A}
		{388863D2-700E-45FF-8F8A-3C36A051AA8B} = {87D8CD97-7E55-4038-8883-16D0AE656953}
		{580236D2-342C-4CEA-9230-42210F2EDF35} = {87D8CD97-7E55-4038-8883-16D0AE656953}
		{C2006DC6-AEC2-4398-8DCA-CE92136664F3} = {87D8CD97-7E55-4038-8883-16D0AE656953}
		{55B90A1C-C4B3-485C-8CC8-EECECB7A47FA} = {C839D510-8152-47A6-A4F8-7A15334CEA27}
		{D25A8798-9ED0-47A5-9237-C4400450C58E} = {C839D510-8152-47A6-A4F8-7A15334CEA27}
		{CF64CD59-572F-450F-9B1B-423974859F03} = {C839D510-8152-47A6-A4F8-7A15334CEA27}
		{5682FB68-FB20-4CDD-A0F7-5D7FDE1DFA08} = {34EF1147-A8DC-45B3-8824-FC214B55DAD5}
		{7556B7F7-05CB-43B8-8A27-390B96554295} = {34EF1147-A8DC-45B3-8824-FC214B55DAD5}
		{B83CE605-DB0E-40FD-B53D-75DD1DDE8FF4} = {34EF1147-A8DC-45B3-8824-FC214B55DAD5}
		{B02246CC-908D-4FC2-8099-7D89AF4A2055} = {34EF1147-A8DC-45B3-8824-FC214B55DAD5}
		{3D505369-6119-45A8-B6B1-1A45CA055B60} = {34EF1147-A8DC-45B3-8824-FC214B55DAD5}
	EndGlobalSection
EndGlobal
