
Microsoft Visual Studio Solution File, Format Version 12.00
# Visual Studio 2013
VisualStudioVersion = 12.0.30110.0
MinimumVisualStudioVersion = 10.0.40219.1
Project("{2150E333-8FDC-42A3-9474-1A3956D46DE8}") = "AdvanceAutomation", "AdvanceAutomation", "{26EB9CDE-CC3A-430D-806F-D4B8B3511ABF}"
EndProject
Project("{2150E333-8FDC-42A3-9474-1A3956D46DE8}") = "ClientProcessing", "ClientProcessing", "{1B7CDACE-9D6B-486B-A41F-CA6C184E117A}"
EndProject
Project("{2150E333-8FDC-42A3-9474-1A3956D46DE8}") = "DataProcessingAdvance", "DataProcessingAdvance", "{87D8CD97-7E55-4038-8883-16D0AE656953}"
EndProject
Project("{2150E333-8FDC-42A3-9474-1A3956D46DE8}") = "BaseAutomation", "BaseAutomation", "{C26F745A-DD12-441F-B4D5-07F156499FC7}"
EndProject
Project("{F2A71F9B-5D33-465A-A702-920D77279786}") = "WX.Data.BusinessLogicAdvance.JXC.TJBB.XSYXS", "WX.Data.BusinessLogicAdvance.JXC.TJBB.XSYXS\WX.Data.BusinessLogicAdvance.JXC.TJBB.XSYXS.fsproj", "{51A7BB75-5523-47B0-82E9-8E4FE556B7B2}"
EndProject
Project("{F2A71F9B-5D33-465A-A702-920D77279786}") = "WX.Data.DataAccessAdvance.JXC.TJBB.XSYXS", "WX.Data.DataAccessAdvance.JXC.TJBB.XSYXS\WX.Data.DataAccessAdvance.JXC.TJBB.XSYXS.fsproj", "{DEC4D3D8-7A5B-45E6-9638-F3476D99D56A}"
EndProject
Project("{F2A71F9B-5D33-465A-A702-920D77279786}") = "WX.Data.FViewModel.JXC.TJBB.XSYXS", "WX.Data.FViewModel.JXC.TJBB.XSYXS\WX.Data.FViewModel.JXC.TJBB.XSYXS.fsproj", "{8C87E316-3062-494A-B63D-6EBA17FBD47C}"
EndProject
Project("{F2A71F9B-5D33-465A-A702-920D77279786}") = "WX.Data.FViewModelAdvance.JXC.TJBB.XSYXS", "WX.Data.FViewModelAdvance.JXC.TJBB.XSYXS\WX.Data.FViewModelAdvance.JXC.TJBB.XSYXS.fsproj", "{18B3B362-6CBE-409E-AEF6-C78066AC341F}"
EndProject
Project("{F2A71F9B-5D33-465A-A702-920D77279786}") = "WX.Data.IDataAccessAdvance.JXC.TJBB.XSYXS", "WX.Data.IDataAccessAdvance.JXC.TJBB.XSYXS\WX.Data.IDataAccessAdvance.JXC.TJBB.XSYXS.fsproj", "{A3452FD8-22CB-4B5E-BA83-52EE4F5E7F41}"
EndProject
Project("{F2A71F9B-5D33-465A-A702-920D77279786}") = "WX.Data.ServiceContractsAdvance.JXC.TJBB.XSYXS", "WX.Data.ServiceContractsAdvance.JXC.TJBB.XSYXS\WX.Data.ServiceContractsAdvance.JXC.TJBB.XSYXS.fsproj", "{A9995577-64A5-4A5D-AFEA-62B4B28A1A72}"
EndProject
Project("{FAE04EC0-301F-11D3-BF4B-00C04F79EFBC}") = "WX.Data.View.JXC.TJBB.XSYXS", "WX.Data.View.JXC.TJBB.XSYXS\WX.Data.View.JXC.TJBB.XSYXS.csproj", "{48C66EF8-FDC1-4439-93E8-DBC848BFD12C}"
EndProject
Project("{FAE04EC0-301F-11D3-BF4B-00C04F79EFBC}") = "WX.Data.View.ViewModelTemplate.JXC.TJBB.XSYXS", "WX.Data.View.ViewModelTemplate.JXC.TJBB.XSYXS\WX.Data.View.ViewModelTemplate.JXC.TJBB.XSYXS.csproj", "{798F4C0F-8805-4AE0-A6B5-8BBF348BBE8D}"
EndProject
Project("{F2A71F9B-5D33-465A-A702-920D77279786}") = "WX.Data.WcfServiceAdvance.JXC.TJBB.XSYXS", "WX.Data.WcfServiceAdvance.JXC.TJBB.XSYXS\WX.Data.WcfServiceAdvance.JXC.TJBB.XSYXS.fsproj", "{B12BEFC0-EA92-48E8-8569-BAA522479D00}"
	ProjectSection(ProjectDependencies) = postProject
		{51A7BB75-5523-47B0-82E9-8E4FE556B7B2} = {51A7BB75-5523-47B0-82E9-8E4FE556B7B2}
		{A9995577-64A5-4A5D-AFEA-62B4B28A1A72} = {A9995577-64A5-4A5D-AFEA-62B4B28A1A72}
	EndProjectSection
EndProject
Project("{FAE04EC0-301F-11D3-BF4B-00C04F79EFBC}") = "WX.Data.View.ViewModelTemplateAdvance.JXC.TJBB.XSYXS", "WX.Data.View.ViewModelTemplateAdvance.JXC.TJBB.XSYXS\WX.Data.View.ViewModelTemplateAdvance.JXC.TJBB.XSYXS.csproj", "{A578D3B3-2526-4751-B02B-036CF3077221}"
EndProject
Project("{F2A71F9B-5D33-465A-A702-920D77279786}") = "WX.Data.ClientChannelAdvance.FromAzure.JXC.TJBB.XSYXS", "WX.Data.ClientChannelAdvance.FromAzure.JXC.TJBB.XSYXS\WX.Data.ClientChannelAdvance.FromAzure.JXC.TJBB.XSYXS.fsproj", "{9019B0A6-69D3-4555-A0FC-2EDD79B55A03}"
	ProjectSection(ProjectDependencies) = postProject
		{A9995577-64A5-4A5D-AFEA-62B4B28A1A72} = {A9995577-64A5-4A5D-AFEA-62B4B28A1A72}
	EndProjectSection
EndProject
Project("{F2A71F9B-5D33-465A-A702-920D77279786}") = "WX.Data.ClientChannelAdvance.FromNative.JXC.TJBB.XSYXS", "WX.Data.ClientChannelAdvance.FromNative.JXC.TJBB.XSYXS\WX.Data.ClientChannelAdvance.FromNative.JXC.TJBB.XSYXS.fsproj", "{4E533C41-42FF-4F6B-9D3A-39DA691D30A4}"
	ProjectSection(ProjectDependencies) = postProject
		{51A7BB75-5523-47B0-82E9-8E4FE556B7B2} = {51A7BB75-5523-47B0-82E9-8E4FE556B7B2}
		{A9995577-64A5-4A5D-AFEA-62B4B28A1A72} = {A9995577-64A5-4A5D-AFEA-62B4B28A1A72}
	EndProjectSection
EndProject
Project("{F2A71F9B-5D33-465A-A702-920D77279786}") = "WX.Data.ClientChannelAdvance.FromServer.JXC.TJBB.XSYXS", "WX.Data.ClientChannelAdvance.FromServer.JXC.TJBB.XSYXS\WX.Data.ClientChannelAdvance.FromServer.JXC.TJBB.XSYXS.fsproj", "{21FBA990-E076-4E89-8859-D0BF33D1648E}"
	ProjectSection(ProjectDependencies) = postProject
		{A9995577-64A5-4A5D-AFEA-62B4B28A1A72} = {A9995577-64A5-4A5D-AFEA-62B4B28A1A72}
	EndProjectSection
EndProject
Project("{FAE04EC0-301F-11D3-BF4B-00C04F79EFBC}") = "WX.Data.WinMain", "..\..\SBIIMS_Integration\WX.Data.WinMain\WX.Data.WinMain.csproj", "{C858BEA7-6485-4316-A0B0-182303D6A58E}"
EndProject
Project("{F2A71F9B-5D33-465A-A702-920D77279786}") = "WX.Data.ClientChannelAdvance.JXC.TJBB.XSYXS", "WX.Data.ClientChannelAdvance.JXC.TJBB.XSYXS\WX.Data.ClientChannelAdvance.JXC.TJBB.XSYXS.fsproj", "{582B7990-E12A-4A6C-8F87-F82B4A7D0AEA}"
	ProjectSection(ProjectDependencies) = postProject
		{51A7BB75-5523-47B0-82E9-8E4FE556B7B2} = {51A7BB75-5523-47B0-82E9-8E4FE556B7B2}
		{A9995577-64A5-4A5D-AFEA-62B4B28A1A72} = {A9995577-64A5-4A5D-AFEA-62B4B28A1A72}
	EndProjectSection
EndProject
Project("{FAE04EC0-301F-11D3-BF4B-00C04F79EFBC}") = "WX.Data.WcfServiceAdvance.WebIISHost.JXC.TJBB.XSYXS", "WX.Data.WcfServiceAdvance.WebIISHost.JXC.TJBB.XSYXS\WX.Data.WcfServiceAdvance.WebIISHost.JXC.TJBB.XSYXS.csproj", "{A196CBF1-AD6F-4D4C-9DAF-43AF3E7E250A}"
	ProjectSection(ProjectDependencies) = postProject
		{B12BEFC0-EA92-48E8-8569-BAA522479D00} = {B12BEFC0-EA92-48E8-8569-BAA522479D00}
	EndProjectSection
EndProject
Project("{F2A71F9B-5D33-465A-A702-920D77279786}") = "WX.Data.BusinessEntitiesAdvance.JXC.TJBB.XSYXS", "WX.Data.BusinessEntitiesAdvance.JXC.TJBB.XSYXS\WX.Data.BusinessEntitiesAdvance.JXC.TJBB.XSYXS.fsproj", "{F75FB70B-1305-42F0-88A0-E6CF87103A6C}"
EndProject
Project("{F2A71F9B-5D33-465A-A702-920D77279786}") = "WX.Data.BusinessEntities.JXC.TJBB.XSYXS", "WX.Data.BusinessEntities.JXC.TJBB.XSYXS\WX.Data.BusinessEntities.JXC.TJBB.XSYXS.fsproj", "{5682FB68-FB20-4CDD-A0F7-5D7FDE1DFA08}"
EndProject
Project("{F2A71F9B-5D33-465A-A702-920D77279786}") = "WX.Data.DataAccess.JXC.TJBB.XSYXS", "WX.Data.DataAccess.JXC.TJBB.XSYXS\WX.Data.DataAccess.JXC.TJBB.XSYXS.fsproj", "{7556B7F7-05CB-43B8-8A27-390B96554295}"
EndProject
Project("{FAE04EC0-301F-11D3-BF4B-00C04F79EFBC}") = "WX.Data.DataModel.JXC.TJBB.XSYXS", "WX.Data.DataModel.JXC.TJBB.XSYXS\WX.Data.DataModel.JXC.TJBB.XSYXS.csproj", "{B83CE605-DB0E-40FD-B53D-75DD1DDE8FF4}"
EndProject
Project("{F2A71F9B-5D33-465A-A702-920D77279786}") = "WX.Data.DatabaseDictionary.JXC.TJBB.XSYXS", "WX.Data.DatabaseDictionary.JXC.TJBB.XSYXS\WX.Data.DatabaseDictionary.JXC.TJBB.XSYXS.fsproj", "{B02246CC-908D-4FC2-8099-7D89AF4A2055}"
EndProject
Project("{F2A71F9B-5D33-465A-A702-920D77279786}") = "WX.Data.IDataAccess.JXC.TJBB.XSYXS", "WX.Data.IDataAccess.JXC.TJBB.XSYXS\WX.Data.IDataAccess.JXC.TJBB.XSYXS.fsproj", "{3D505369-6119-45A8-B6B1-1A45CA055B60}"
EndProject
Global
	GlobalSection(SolutionConfigurationPlatforms) = preSolution
		Debug|Any CPU = Debug|Any CPU
		Release|Any CPU = Release|Any CPU
	EndGlobalSection
	GlobalSection(ProjectConfigurationPlatforms) = postSolution
		{51A7BB75-5523-47B0-82E9-8E4FE556B7B2}.Debug|Any CPU.ActiveCfg = Debug|Any CPU
		{51A7BB75-5523-47B0-82E9-8E4FE556B7B2}.Debug|Any CPU.Build.0 = Debug|Any CPU
		{51A7BB75-5523-47B0-82E9-8E4FE556B7B2}.Release|Any CPU.ActiveCfg = Release|Any CPU
		{51A7BB75-5523-47B0-82E9-8E4FE556B7B2}.Release|Any CPU.Build.0 = Release|Any CPU
		{DEC4D3D8-7A5B-45E6-9638-F3476D99D56A}.Debug|Any CPU.ActiveCfg = Debug|Any CPU
		{DEC4D3D8-7A5B-45E6-9638-F3476D99D56A}.Release|Any CPU.ActiveCfg = Release|Any CPU
		{DEC4D3D8-7A5B-45E6-9638-F3476D99D56A}.Release|Any CPU.Build.0 = Release|Any CPU
		{8C87E316-3062-494A-B63D-6EBA17FBD47C}.Debug|Any CPU.ActiveCfg = Debug|Any CPU
		{8C87E316-3062-494A-B63D-6EBA17FBD47C}.Release|Any CPU.ActiveCfg = Release|Any CPU
		{8C87E316-3062-494A-B63D-6EBA17FBD47C}.Release|Any CPU.Build.0 = Release|Any CPU
		{18B3B362-6CBE-409E-AEF6-C78066AC341F}.Debug|Any CPU.ActiveCfg = Debug|Any CPU
		{18B3B362-6CBE-409E-AEF6-C78066AC341F}.Release|Any CPU.ActiveCfg = Release|Any CPU
		{18B3B362-6CBE-409E-AEF6-C78066AC341F}.Release|Any CPU.Build.0 = Release|Any CPU
		{A3452FD8-22CB-4B5E-BA83-52EE4F5E7F41}.Debug|Any CPU.ActiveCfg = Debug|Any CPU
		{A3452FD8-22CB-4B5E-BA83-52EE4F5E7F41}.Release|Any CPU.ActiveCfg = Release|Any CPU
		{A3452FD8-22CB-4B5E-BA83-52EE4F5E7F41}.Release|Any CPU.Build.0 = Release|Any CPU
		{A9995577-64A5-4A5D-AFEA-62B4B28A1A72}.Debug|Any CPU.ActiveCfg = Debug|Any CPU
		{A9995577-64A5-4A5D-AFEA-62B4B28A1A72}.Debug|Any CPU.Build.0 = Debug|Any CPU
		{A9995577-64A5-4A5D-AFEA-62B4B28A1A72}.Release|Any CPU.ActiveCfg = Release|Any CPU
		{A9995577-64A5-4A5D-AFEA-62B4B28A1A72}.Release|Any CPU.Build.0 = Release|Any CPU
		{48C66EF8-FDC1-4439-93E8-DBC848BFD12C}.Debug|Any CPU.ActiveCfg = Debug|Any CPU
		{48C66EF8-FDC1-4439-93E8-DBC848BFD12C}.Release|Any CPU.ActiveCfg = Release|Any CPU
		{48C66EF8-FDC1-4439-93E8-DBC848BFD12C}.Release|Any CPU.Build.0 = Release|Any CPU
		{798F4C0F-8805-4AE0-A6B5-8BBF348BBE8D}.Debug|Any CPU.ActiveCfg = Debug|Any CPU
		{798F4C0F-8805-4AE0-A6B5-8BBF348BBE8D}.Release|Any CPU.ActiveCfg = Release|Any CPU
		{798F4C0F-8805-4AE0-A6B5-8BBF348BBE8D}.Release|Any CPU.Build.0 = Release|Any CPU
		{B12BEFC0-EA92-48E8-8569-BAA522479D00}.Debug|Any CPU.ActiveCfg = Debug|Any CPU
		{B12BEFC0-EA92-48E8-8569-BAA522479D00}.Debug|Any CPU.Build.0 = Debug|Any CPU
		{B12BEFC0-EA92-48E8-8569-BAA522479D00}.Release|Any CPU.ActiveCfg = Release|Any CPU
		{B12BEFC0-EA92-48E8-8569-BAA522479D00}.Release|Any CPU.Build.0 = Release|Any CPU
		{A578D3B3-2526-4751-B02B-036CF3077221}.Debug|Any CPU.ActiveCfg = Debug|Any CPU
		{A578D3B3-2526-4751-B02B-036CF3077221}.Release|Any CPU.ActiveCfg = Release|Any CPU
		{A578D3B3-2526-4751-B02B-036CF3077221}.Release|Any CPU.Build.0 = Release|Any CPU
		{9019B0A6-69D3-4555-A0FC-2EDD79B55A03}.Debug|Any CPU.ActiveCfg = Debug|Any CPU
		{9019B0A6-69D3-4555-A0FC-2EDD79B55A03}.Debug|Any CPU.Build.0 = Debug|Any CPU
		{9019B0A6-69D3-4555-A0FC-2EDD79B55A03}.Release|Any CPU.ActiveCfg = Release|Any CPU
		{9019B0A6-69D3-4555-A0FC-2EDD79B55A03}.Release|Any CPU.Build.0 = Release|Any CPU
		{4E533C41-42FF-4F6B-9D3A-39DA691D30A4}.Debug|Any CPU.ActiveCfg = Debug|Any CPU
		{4E533C41-42FF-4F6B-9D3A-39DA691D30A4}.Debug|Any CPU.Build.0 = Debug|Any CPU
		{4E533C41-42FF-4F6B-9D3A-39DA691D30A4}.Release|Any CPU.ActiveCfg = Release|Any CPU
		{4E533C41-42FF-4F6B-9D3A-39DA691D30A4}.Release|Any CPU.Build.0 = Release|Any CPU
		{21FBA990-E076-4E89-8859-D0BF33D1648E}.Debug|Any CPU.ActiveCfg = Debug|Any CPU
		{21FBA990-E076-4E89-8859-D0BF33D1648E}.Debug|Any CPU.Build.0 = Debug|Any CPU
		{21FBA990-E076-4E89-8859-D0BF33D1648E}.Release|Any CPU.ActiveCfg = Release|Any CPU
		{21FBA990-E076-4E89-8859-D0BF33D1648E}.Release|Any CPU.Build.0 = Release|Any CPU
		{C858BEA7-6485-4316-A0B0-182303D6A58E}.Debug|Any CPU.ActiveCfg = Debug|Any CPU
		{C858BEA7-6485-4316-A0B0-182303D6A58E}.Release|Any CPU.ActiveCfg = Release|Any CPU
		{C858BEA7-6485-4316-A0B0-182303D6A58E}.Release|Any CPU.Build.0 = Release|Any CPU
		{582B7990-E12A-4A6C-8F87-F82B4A7D0AEA}.Debug|Any CPU.ActiveCfg = Debug|Any CPU
		{582B7990-E12A-4A6C-8F87-F82B4A7D0AEA}.Debug|Any CPU.Build.0 = Debug|Any CPU
		{582B7990-E12A-4A6C-8F87-F82B4A7D0AEA}.Release|Any CPU.ActiveCfg = Release|Any CPU
		{582B7990-E12A-4A6C-8F87-F82B4A7D0AEA}.Release|Any CPU.Build.0 = Release|Any CPU
		{A196CBF1-AD6F-4D4C-9DAF-43AF3E7E250A}.Debug|Any CPU.ActiveCfg = Debug|Any CPU
		{A196CBF1-AD6F-4D4C-9DAF-43AF3E7E250A}.Debug|Any CPU.Build.0 = Debug|Any CPU
		{A196CBF1-AD6F-4D4C-9DAF-43AF3E7E250A}.Release|Any CPU.ActiveCfg = Release|Any CPU
		{A196CBF1-AD6F-4D4C-9DAF-43AF3E7E250A}.Release|Any CPU.Build.0 = Release|Any CPU
		{F75FB70B-1305-42F0-88A0-E6CF87103A6C}.Debug|Any CPU.ActiveCfg = Debug|Any CPU
		{F75FB70B-1305-42F0-88A0-E6CF87103A6C}.Release|Any CPU.ActiveCfg = Release|Any CPU
		{F75FB70B-1305-42F0-88A0-E6CF87103A6C}.Release|Any CPU.Build.0 = Release|Any CPU
		{5682FB68-FB20-4CDD-A0F7-5D7FDE1DFA08}.Debug|Any CPU.ActiveCfg = Debug|Any CPU
		{5682FB68-FB20-4CDD-A0F7-5D7FDE1DFA08}.Debug|Any CPU.Build.0 = Debug|Any CPU
		{5682FB68-FB20-4CDD-A0F7-5D7FDE1DFA08}.Release|Any CPU.ActiveCfg = Release|Any CPU
		{5682FB68-FB20-4CDD-A0F7-5D7FDE1DFA08}.Release|Any CPU.Build.0 = Release|Any CPU
		{7556B7F7-05CB-43B8-8A27-390B96554295}.Debug|Any CPU.ActiveCfg = Debug|Any CPU
		{7556B7F7-05CB-43B8-8A27-390B96554295}.Debug|Any CPU.Build.0 = Debug|Any CPU
		{7556B7F7-05CB-43B8-8A27-390B96554295}.Release|Any CPU.ActiveCfg = Release|Any CPU
		{7556B7F7-05CB-43B8-8A27-390B96554295}.Release|Any CPU.Build.0 = Release|Any CPU
		{B83CE605-DB0E-40FD-B53D-75DD1DDE8FF4}.Debug|Any CPU.ActiveCfg = Debug|Any CPU
		{B83CE605-DB0E-40FD-B53D-75DD1DDE8FF4}.Debug|Any CPU.Build.0 = Debug|Any CPU
		{B83CE605-DB0E-40FD-B53D-75DD1DDE8FF4}.Release|Any CPU.ActiveCfg = Release|Any CPU
		{B83CE605-DB0E-40FD-B53D-75DD1DDE8FF4}.Release|Any CPU.Build.0 = Release|Any CPU
		{B02246CC-908D-4FC2-8099-7D89AF4A2055}.Debug|Any CPU.ActiveCfg = Debug|Any CPU
		{B02246CC-908D-4FC2-8099-7D89AF4A2055}.Debug|Any CPU.Build.0 = Debug|Any CPU
		{B02246CC-908D-4FC2-8099-7D89AF4A2055}.Release|Any CPU.ActiveCfg = Release|Any CPU
		{B02246CC-908D-4FC2-8099-7D89AF4A2055}.Release|Any CPU.Build.0 = Release|Any CPU
		{3D505369-6119-45A8-B6B1-1A45CA055B60}.Debug|Any CPU.ActiveCfg = Debug|Any CPU
		{3D505369-6119-45A8-B6B1-1A45CA055B60}.Debug|Any CPU.Build.0 = Debug|Any CPU
		{3D505369-6119-45A8-B6B1-1A45CA055B60}.Release|Any CPU.ActiveCfg = Release|Any CPU
		{3D505369-6119-45A8-B6B1-1A45CA055B60}.Release|Any CPU.Build.0 = Release|Any CPU
	EndGlobalSection
	GlobalSection(SolutionProperties) = preSolution
		HideSolutionNode = FALSE
	EndGlobalSection
	GlobalSection(NestedProjects) = preSolution
		{51A7BB75-5523-47B0-82E9-8E4FE556B7B2} = {26EB9CDE-CC3A-430D-806F-D4B8B3511ABF}
		{A9995577-64A5-4A5D-AFEA-62B4B28A1A72} = {26EB9CDE-CC3A-430D-806F-D4B8B3511ABF}
		{B12BEFC0-EA92-48E8-8569-BAA522479D00} = {26EB9CDE-CC3A-430D-806F-D4B8B3511ABF}
		{9019B0A6-69D3-4555-A0FC-2EDD79B55A03} = {26EB9CDE-CC3A-430D-806F-D4B8B3511ABF}
		{4E533C41-42FF-4F6B-9D3A-39DA691D30A4} = {26EB9CDE-CC3A-430D-806F-D4B8B3511ABF}
		{21FBA990-E076-4E89-8859-D0BF33D1648E} = {26EB9CDE-CC3A-430D-806F-D4B8B3511ABF}
		{582B7990-E12A-4A6C-8F87-F82B4A7D0AEA} = {26EB9CDE-CC3A-430D-806F-D4B8B3511ABF}
		{A196CBF1-AD6F-4D4C-9DAF-43AF3E7E250A} = {26EB9CDE-CC3A-430D-806F-D4B8B3511ABF}
		{8C87E316-3062-494A-B63D-6EBA17FBD47C} = {1B7CDACE-9D6B-486B-A41F-CA6C184E117A}
		{18B3B362-6CBE-409E-AEF6-C78066AC341F} = {1B7CDACE-9D6B-486B-A41F-CA6C184E117A}
		{48C66EF8-FDC1-4439-93E8-DBC848BFD12C} = {1B7CDACE-9D6B-486B-A41F-CA6C184E117A}
		{798F4C0F-8805-4AE0-A6B5-8BBF348BBE8D} = {1B7CDACE-9D6B-486B-A41F-CA6C184E117A}
		{A578D3B3-2526-4751-B02B-036CF3077221} = {1B7CDACE-9D6B-486B-A41F-CA6C184E117A}
		{DEC4D3D8-7A5B-45E6-9638-F3476D99D56A} = {87D8CD97-7E55-4038-8883-16D0AE656953}
		{A3452FD8-22CB-4B5E-BA83-52EE4F5E7F41} = {87D8CD97-7E55-4038-8883-16D0AE656953}
		{F75FB70B-1305-42F0-88A0-E6CF87103A6C} = {87D8CD97-7E55-4038-8883-16D0AE656953}
		{5682FB68-FB20-4CDD-A0F7-5D7FDE1DFA08} = {C26F745A-DD12-441F-B4D5-07F156499FC7}
		{7556B7F7-05CB-43B8-8A27-390B96554295} = {C26F745A-DD12-441F-B4D5-07F156499FC7}
		{B83CE605-DB0E-40FD-B53D-75DD1DDE8FF4} = {C26F745A-DD12-441F-B4D5-07F156499FC7}
		{B02246CC-908D-4FC2-8099-7D89AF4A2055} = {C26F745A-DD12-441F-B4D5-07F156499FC7}
		{3D505369-6119-45A8-B6B1-1A45CA055B60} = {C26F745A-DD12-441F-B4D5-07F156499FC7}
	EndGlobalSection
EndGlobal
